{
    "version": 3,
    "terraform_version": "0.11.14",
    "serial": 35,
    "lineage": "4f835cfa-6927-051e-0c68-b0e3ff3f02c6",
    "modules": [
        {
            "path": [
                "root"
            ],
            "outputs": {},
            "resources": {
                "ansible_host.cockroachdb_client_droplet": {
                    "type": "ansible_host",
                    "depends_on": [
                        "digitalocean_droplet.cockroachdb_client_droplet"
                    ],
                    "primary": {
                        "id": "cockroachdb-client",
                        "attributes": {
                            "groups.#": "3",
                            "groups.0": "staging",
                            "groups.1": "consul-client",
                            "groups.2": "cockroachdb-client",
                            "id": "cockroachdb-client",
                            "inventory_hostname": "cockroachdb-client",
                            "vars.%": "4",
                            "vars.ansible_host": "138.68.72.132",
                            "vars.ansible_python_interpreter": "/usr/bin/python3",
                            "vars.datacenter_name": "fra1",
                            "vars.datacenter_role": "primary"
                        },
                        "meta": {},
                        "tainted": false
                    },
                    "deposed": [],
                    "provider": "provider.ansible"
                },
                "ansible_host.cockroachdb_server_01_droplet": {
                    "type": "ansible_host",
                    "depends_on": [
                        "digitalocean_droplet.cockroachdb_server_01_droplet"
                    ],
                    "primary": {
                        "id": "cockroachdb-server-01",
                        "attributes": {
                            "groups.#": "5",
                            "groups.0": "staging",
                            "groups.1": "consul-client",
                            "groups.2": "cockroachdb-server",
                            "groups.3": "cockroachdb-master",
                            "groups.4": "primary",
                            "id": "cockroachdb-server-01",
                            "inventory_hostname": "cockroachdb-server-01",
                            "vars.%": "4",
                            "vars.ansible_host": "165.22.26.91",
                            "vars.ansible_python_interpreter": "/usr/bin/python3",
                            "vars.datacenter_name": "fra1",
                            "vars.datacenter_role": "primary"
                        },
                        "meta": {},
                        "tainted": false
                    },
                    "deposed": [],
                    "provider": "provider.ansible"
                },
                "ansible_host.cockroachdb_server_02_droplet": {
                    "type": "ansible_host",
                    "depends_on": [
                        "digitalocean_droplet.cockroachdb_server_02_droplet"
                    ],
                    "primary": {
                        "id": "cockroachdb-server-02",
                        "attributes": {
                            "groups.#": "4",
                            "groups.0": "staging",
                            "groups.1": "consul-client",
                            "groups.2": "cockroachdb-server",
                            "groups.3": "fallback",
                            "id": "cockroachdb-server-02",
                            "inventory_hostname": "cockroachdb-server-02",
                            "vars.%": "4",
                            "vars.ansible_host": "134.209.92.170",
                            "vars.ansible_python_interpreter": "/usr/bin/python3",
                            "vars.datacenter_name": "ams3",
                            "vars.datacenter_role": "fallback"
                        },
                        "meta": {},
                        "tainted": false
                    },
                    "deposed": [],
                    "provider": "provider.ansible"
                },
                "ansible_host.cockroachdb_server_03_droplet": {
                    "type": "ansible_host",
                    "depends_on": [
                        "digitalocean_droplet.cockroachdb_server_03_droplet"
                    ],
                    "primary": {
                        "id": "cockroachdb-server-03",
                        "attributes": {
                            "groups.#": "4",
                            "groups.0": "staging",
                            "groups.1": "consul-client",
                            "groups.2": "cockroachdb-server",
                            "groups.3": "ternary",
                            "id": "cockroachdb-server-03",
                            "inventory_hostname": "cockroachdb-server-03",
                            "vars.%": "4",
                            "vars.ansible_host": "178.62.47.124",
                            "vars.ansible_python_interpreter": "/usr/bin/python3",
                            "vars.datacenter_name": "lon1",
                            "vars.datacenter_role": "ternary"
                        },
                        "meta": {},
                        "tainted": false
                    },
                    "deposed": [],
                    "provider": "provider.ansible"
                },
                "ansible_host.consul_server_01_droplet": {
                    "type": "ansible_host",
                    "depends_on": [
                        "digitalocean_droplet.consul_server_01_droplet"
                    ],
                    "primary": {
                        "id": "consul-server-01",
                        "attributes": {
                            "groups.#": "3",
                            "groups.0": "staging",
                            "groups.1": "consul-server",
                            "groups.2": "primary",
                            "id": "consul-server-01",
                            "inventory_hostname": "consul-server-01",
                            "vars.%": "4",
                            "vars.ansible_host": "165.22.26.88",
                            "vars.ansible_python_interpreter": "/usr/bin/python3",
                            "vars.datacenter_name": "fra1",
                            "vars.datacenter_role": "primary"
                        },
                        "meta": {},
                        "tainted": false
                    },
                    "deposed": [],
                    "provider": "provider.ansible"
                },
                "ansible_host.consul_server_02_droplet": {
                    "type": "ansible_host",
                    "depends_on": [
                        "digitalocean_droplet.consul_server_02_droplet"
                    ],
                    "primary": {
                        "id": "consul-server-02",
                        "attributes": {
                            "groups.#": "3",
                            "groups.0": "staging",
                            "groups.1": "consul-server",
                            "groups.2": "fallback",
                            "id": "consul-server-02",
                            "inventory_hostname": "consul-server-02",
                            "vars.%": "4",
                            "vars.ansible_host": "134.209.92.148",
                            "vars.ansible_python_interpreter": "/usr/bin/python3",
                            "vars.datacenter_name": "ams3",
                            "vars.datacenter_role": "fallback"
                        },
                        "meta": {},
                        "tainted": false
                    },
                    "deposed": [],
                    "provider": "provider.ansible"
                },
                "ansible_host.consul_server_03_droplet": {
                    "type": "ansible_host",
                    "depends_on": [
                        "digitalocean_droplet.consul_server_03_droplet"
                    ],
                    "primary": {
                        "id": "consul-server-03",
                        "attributes": {
                            "groups.#": "3",
                            "groups.0": "staging",
                            "groups.1": "consul-server",
                            "groups.2": "ternary",
                            "id": "consul-server-03",
                            "inventory_hostname": "consul-server-03",
                            "vars.%": "4",
                            "vars.ansible_host": "178.62.52.207",
                            "vars.ansible_python_interpreter": "/usr/bin/python3",
                            "vars.datacenter_name": "lon1",
                            "vars.datacenter_role": "ternary"
                        },
                        "meta": {},
                        "tainted": false
                    },
                    "deposed": [],
                    "provider": "provider.ansible"
                },
                "digitalocean_droplet.cockroachdb_client_droplet": {
                    "type": "digitalocean_droplet",
                    "depends_on": [
                        "digitalocean_tag.consul_client_role",
                        "digitalocean_tag.target_env"
                    ],
                    "primary": {
                        "id": "150317315",
                        "attributes": {
                            "backups": "false",
                            "disk": "30",
                            "id": "150317315",
                            "image": "ubuntu-18-04-x64",
                            "ipv4_address": "138.68.72.132",
                            "ipv4_address_private": "10.135.179.109",
                            "ipv6": "false",
                            "ipv6_address": "",
                            "ipv6_address_private": "",
                            "locked": "false",
                            "memory": "1024",
                            "monitoring": "false",
                            "name": "cockroachdb-client",
                            "price_hourly": "0.01488",
                            "price_monthly": "10",
                            "private_networking": "true",
                            "region": "fra1",
                            "resize_disk": "true",
                            "size": "1gb",
                            "ssh_keys.#": "1",
                            "ssh_keys.523117032": "c0:97:b7:e0:93:91:d0:1f:d1:d1:97:85:f4:12:26:9a",
                            "status": "active",
                            "tags.#": "3",
                            "tags.2192310865": "cockroachdb-client",
                            "tags.3176302885": "staging",
                            "tags.483085834": "consul-client",
                            "urn": "do:droplet:150317315",
                            "vcpus": "1",
                            "volume_ids.#": "0"
                        },
                        "meta": {
                            "schema_version": "1"
                        },
                        "tainted": false
                    },
                    "deposed": [],
                    "provider": "provider.digitalocean"
                },
                "digitalocean_droplet.cockroachdb_server_01_droplet": {
                    "type": "digitalocean_droplet",
                    "depends_on": [
                        "digitalocean_tag.cockroachdb_master_role",
                        "digitalocean_tag.cockroachdb_server_role",
                        "digitalocean_tag.consul_client_role",
                        "digitalocean_tag.target_env"
                    ],
                    "primary": {
                        "id": "150317313",
                        "attributes": {
                            "backups": "false",
                            "disk": "30",
                            "id": "150317313",
                            "image": "ubuntu-18-04-x64",
                            "ipv4_address": "165.22.26.91",
                            "ipv4_address_private": "10.135.179.124",
                            "ipv6": "false",
                            "ipv6_address": "",
                            "ipv6_address_private": "",
                            "locked": "false",
                            "memory": "1024",
                            "monitoring": "false",
                            "name": "cockroachdb-server-01",
                            "price_hourly": "0.01488",
                            "price_monthly": "10",
                            "private_networking": "true",
                            "region": "fra1",
                            "resize_disk": "true",
                            "size": "1gb",
                            "ssh_keys.#": "1",
                            "ssh_keys.523117032": "c0:97:b7:e0:93:91:d0:1f:d1:d1:97:85:f4:12:26:9a",
                            "status": "active",
                            "tags.#": "4",
                            "tags.1759618514": "cockroachdb-master",
                            "tags.3176302885": "staging",
                            "tags.483085834": "consul-client",
                            "tags.528864242": "cockroachdb-server",
                            "urn": "do:droplet:150317313",
                            "vcpus": "1",
                            "volume_ids.#": "0"
                        },
                        "meta": {
                            "schema_version": "1"
                        },
                        "tainted": false
                    },
                    "deposed": [],
                    "provider": "provider.digitalocean"
                },
                "digitalocean_droplet.cockroachdb_server_02_droplet": {
                    "type": "digitalocean_droplet",
                    "depends_on": [
                        "digitalocean_tag.cockroachdb_server_role",
                        "digitalocean_tag.consul_client_role",
                        "digitalocean_tag.target_env"
                    ],
                    "primary": {
                        "id": "150317314",
                        "attributes": {
                            "backups": "false",
                            "disk": "30",
                            "id": "150317314",
                            "image": "ubuntu-18-04-x64",
                            "ipv4_address": "134.209.92.170",
                            "ipv4_address_private": "10.133.67.21",
                            "ipv6": "false",
                            "ipv6_address": "",
                            "ipv6_address_private": "",
                            "locked": "false",
                            "memory": "1024",
                            "monitoring": "false",
                            "name": "cockroachdb-server-02",
                            "price_hourly": "0.01488",
                            "price_monthly": "10",
                            "private_networking": "true",
                            "region": "ams3",
                            "resize_disk": "true",
                            "size": "1gb",
                            "ssh_keys.#": "1",
                            "ssh_keys.523117032": "c0:97:b7:e0:93:91:d0:1f:d1:d1:97:85:f4:12:26:9a",
                            "status": "active",
                            "tags.#": "3",
                            "tags.3176302885": "staging",
                            "tags.483085834": "consul-client",
                            "tags.528864242": "cockroachdb-server",
                            "urn": "do:droplet:150317314",
                            "vcpus": "1",
                            "volume_ids.#": "0"
                        },
                        "meta": {
                            "schema_version": "1"
                        },
                        "tainted": false
                    },
                    "deposed": [],
                    "provider": "provider.digitalocean"
                },
                "digitalocean_droplet.cockroachdb_server_03_droplet": {
                    "type": "digitalocean_droplet",
                    "depends_on": [
                        "digitalocean_tag.cockroachdb_server_role",
                        "digitalocean_tag.consul_client_role",
                        "digitalocean_tag.target_env"
                    ],
                    "primary": {
                        "id": "150317316",
                        "attributes": {
                            "backups": "false",
                            "disk": "30",
                            "id": "150317316",
                            "image": "ubuntu-18-04-x64",
                            "ipv4_address": "178.62.47.124",
                            "ipv4_address_private": "10.131.4.166",
                            "ipv6": "false",
                            "ipv6_address": "",
                            "ipv6_address_private": "",
                            "locked": "false",
                            "memory": "1024",
                            "monitoring": "false",
                            "name": "cockroachdb-server-03",
                            "price_hourly": "0.01488",
                            "price_monthly": "10",
                            "private_networking": "true",
                            "region": "lon1",
                            "resize_disk": "true",
                            "size": "1gb",
                            "ssh_keys.#": "1",
                            "ssh_keys.523117032": "c0:97:b7:e0:93:91:d0:1f:d1:d1:97:85:f4:12:26:9a",
                            "status": "active",
                            "tags.#": "3",
                            "tags.3176302885": "staging",
                            "tags.483085834": "consul-client",
                            "tags.528864242": "cockroachdb-server",
                            "urn": "do:droplet:150317316",
                            "vcpus": "1",
                            "volume_ids.#": "0"
                        },
                        "meta": {
                            "schema_version": "1"
                        },
                        "tainted": false
                    },
                    "deposed": [],
                    "provider": "provider.digitalocean"
                },
                "digitalocean_droplet.consul_server_01_droplet": {
                    "type": "digitalocean_droplet",
                    "depends_on": [
                        "digitalocean_tag.consul_server_role",
                        "digitalocean_tag.target_env"
                    ],
                    "primary": {
                        "id": "150317312",
                        "attributes": {
                            "backups": "false",
                            "disk": "30",
                            "id": "150317312",
                            "image": "ubuntu-18-04-x64",
                            "ipv4_address": "165.22.26.88",
                            "ipv4_address_private": "10.135.179.95",
                            "ipv6": "false",
                            "ipv6_address": "",
                            "ipv6_address_private": "",
                            "locked": "false",
                            "memory": "1024",
                            "monitoring": "false",
                            "name": "consul-server-01",
                            "price_hourly": "0.01488",
                            "price_monthly": "10",
                            "private_networking": "true",
                            "region": "fra1",
                            "resize_disk": "true",
                            "size": "1gb",
                            "ssh_keys.#": "1",
                            "ssh_keys.523117032": "c0:97:b7:e0:93:91:d0:1f:d1:d1:97:85:f4:12:26:9a",
                            "status": "active",
                            "tags.#": "2",
                            "tags.2179112873": "consul-server",
                            "tags.3176302885": "staging",
                            "urn": "do:droplet:150317312",
                            "vcpus": "1",
                            "volume_ids.#": "0"
                        },
                        "meta": {
                            "schema_version": "1"
                        },
                        "tainted": false
                    },
                    "deposed": [],
                    "provider": "provider.digitalocean"
                },
                "digitalocean_droplet.consul_server_02_droplet": {
                    "type": "digitalocean_droplet",
                    "depends_on": [
                        "digitalocean_tag.consul_server_role",
                        "digitalocean_tag.target_env"
                    ],
                    "primary": {
                        "id": "150317317",
                        "attributes": {
                            "backups": "false",
                            "disk": "30",
                            "id": "150317317",
                            "image": "ubuntu-18-04-x64",
                            "ipv4_address": "134.209.92.148",
                            "ipv4_address_private": "10.133.67.14",
                            "ipv6": "false",
                            "ipv6_address": "",
                            "ipv6_address_private": "",
                            "locked": "false",
                            "memory": "1024",
                            "monitoring": "false",
                            "name": "consul-server-02",
                            "price_hourly": "0.01488",
                            "price_monthly": "10",
                            "private_networking": "true",
                            "region": "ams3",
                            "resize_disk": "true",
                            "size": "1gb",
                            "ssh_keys.#": "1",
                            "ssh_keys.523117032": "c0:97:b7:e0:93:91:d0:1f:d1:d1:97:85:f4:12:26:9a",
                            "status": "active",
                            "tags.#": "2",
                            "tags.2179112873": "consul-server",
                            "tags.3176302885": "staging",
                            "urn": "do:droplet:150317317",
                            "vcpus": "1",
                            "volume_ids.#": "0"
                        },
                        "meta": {
                            "schema_version": "1"
                        },
                        "tainted": false
                    },
                    "deposed": [],
                    "provider": "provider.digitalocean"
                },
                "digitalocean_droplet.consul_server_03_droplet": {
                    "type": "digitalocean_droplet",
                    "depends_on": [
                        "digitalocean_tag.consul_server_role",
                        "digitalocean_tag.target_env"
                    ],
                    "primary": {
                        "id": "150317319",
                        "attributes": {
                            "backups": "false",
                            "disk": "30",
                            "id": "150317319",
                            "image": "ubuntu-18-04-x64",
                            "ipv4_address": "178.62.52.207",
                            "ipv4_address_private": "10.131.33.84",
                            "ipv6": "false",
                            "ipv6_address": "",
                            "ipv6_address_private": "",
                            "locked": "false",
                            "memory": "1024",
                            "monitoring": "false",
                            "name": "consul-server-03",
                            "price_hourly": "0.01488",
                            "price_monthly": "10",
                            "private_networking": "true",
                            "region": "lon1",
                            "resize_disk": "true",
                            "size": "1gb",
                            "ssh_keys.#": "1",
                            "ssh_keys.523117032": "c0:97:b7:e0:93:91:d0:1f:d1:d1:97:85:f4:12:26:9a",
                            "status": "active",
                            "tags.#": "2",
                            "tags.2179112873": "consul-server",
                            "tags.3176302885": "staging",
                            "urn": "do:droplet:150317319",
                            "vcpus": "1",
                            "volume_ids.#": "0"
                        },
                        "meta": {
                            "schema_version": "1"
                        },
                        "tainted": false
                    },
                    "deposed": [],
                    "provider": "provider.digitalocean"
                },
                "digitalocean_tag.cockroachdb_client_role": {
                    "type": "digitalocean_tag",
                    "depends_on": [],
                    "primary": {
                        "id": "cockroachdb-client",
                        "attributes": {
                            "id": "cockroachdb-client",
                            "name": "cockroachdb-client"
                        },
                        "meta": {},
                        "tainted": false
                    },
                    "deposed": [],
                    "provider": "provider.digitalocean"
                },
                "digitalocean_tag.cockroachdb_master_role": {
                    "type": "digitalocean_tag",
                    "depends_on": [],
                    "primary": {
                        "id": "cockroachdb-master",
                        "attributes": {
                            "id": "cockroachdb-master",
                            "name": "cockroachdb-master"
                        },
                        "meta": {},
                        "tainted": false
                    },
                    "deposed": [],
                    "provider": "provider.digitalocean"
                },
                "digitalocean_tag.cockroachdb_server_role": {
                    "type": "digitalocean_tag",
                    "depends_on": [],
                    "primary": {
                        "id": "cockroachdb-server",
                        "attributes": {
                            "id": "cockroachdb-server",
                            "name": "cockroachdb-server"
                        },
                        "meta": {},
                        "tainted": false
                    },
                    "deposed": [],
                    "provider": "provider.digitalocean"
                },
                "digitalocean_tag.consul_client_role": {
                    "type": "digitalocean_tag",
                    "depends_on": [],
                    "primary": {
                        "id": "consul-client",
                        "attributes": {
                            "id": "consul-client",
                            "name": "consul-client"
                        },
                        "meta": {},
                        "tainted": false
                    },
                    "deposed": [],
                    "provider": "provider.digitalocean"
                },
                "digitalocean_tag.consul_server_role": {
                    "type": "digitalocean_tag",
                    "depends_on": [],
                    "primary": {
                        "id": "consul-server",
                        "attributes": {
                            "id": "consul-server",
                            "name": "consul-server"
                        },
                        "meta": {},
                        "tainted": false
                    },
                    "deposed": [],
                    "provider": "provider.digitalocean"
                },
                "digitalocean_tag.target_env": {
                    "type": "digitalocean_tag",
                    "depends_on": [],
                    "primary": {
                        "id": "staging",
                        "attributes": {
                            "id": "staging",
                            "name": "staging"
                        },
                        "meta": {},
                        "tainted": false
                    },
                    "deposed": [],
                    "provider": "provider.digitalocean"
                }
            },
            "depends_on": []
        }
    ]
}
