{
  "version": 4,
  "terraform_version": "0.12.19",
  "serial": 90,
  "lineage": "4f835cfa-6927-051e-0c68-b0e3ff3f02c6",
  "outputs": {},
  "resources": [
    {
      "mode": "managed",
      "type": "ansible_host",
      "name": "broker_consumer_01_droplet",
      "provider": "provider.ansible",
      "instances": [
        {
          "schema_version": 0,
          "attributes": {
            "groups": [
              "staging",
              "discovery-client",
              "broker-client",
              "broker-consumer",
              "java-runtime"
            ],
            "id": "broker-consumer-01",
            "inventory_hostname": "broker-consumer-01",
            "variable_priority": 50,
            "vars": {
              "ansible_host": "139.59.158.241",
              "ansible_python_interpreter": "/usr/bin/python3",
              "datacenter_name": "fra1",
              "datacenter_role": "primary"
            }
          },
          "private": "bnVsbA==",
          "dependencies": [
            "digitalocean_droplet.broker_consumer_01_droplet"
          ]
        }
      ]
    },
    {
      "mode": "managed",
      "type": "ansible_host",
      "name": "broker_consumer_02_droplet",
      "provider": "provider.ansible",
      "instances": [
        {
          "schema_version": 0,
          "attributes": {
            "groups": [
              "staging",
              "discovery-client",
              "broker-client",
              "broker-consumer",
              "java-runtime"
            ],
            "id": "broker-consumer-02",
            "inventory_hostname": "broker-consumer-02",
            "variable_priority": 50,
            "vars": {
              "ansible_host": "167.172.172.180",
              "ansible_python_interpreter": "/usr/bin/python3",
              "datacenter_name": "ams3",
              "datacenter_role": "ams3"
            }
          },
          "private": "bnVsbA==",
          "dependencies": [
            "digitalocean_droplet.broker_consumer_02_droplet"
          ]
        }
      ]
    },
    {
      "mode": "managed",
      "type": "ansible_host",
      "name": "broker_producer_01_droplet",
      "provider": "provider.ansible",
      "instances": [
        {
          "schema_version": 0,
          "attributes": {
            "groups": [
              "staging",
              "discovery-client",
              "broker-client",
              "broker-producer",
              "java-runtime"
            ],
            "id": "broker-producer-01",
            "inventory_hostname": "broker-producer-01",
            "variable_priority": 50,
            "vars": {
              "ansible_host": "139.59.158.44",
              "ansible_python_interpreter": "/usr/bin/python3",
              "datacenter_name": "fra1",
              "datacenter_role": "primary"
            }
          },
          "private": "bnVsbA==",
          "dependencies": [
            "digitalocean_droplet.broker_producer_01_droplet"
          ]
        }
      ]
    },
    {
      "mode": "managed",
      "type": "ansible_host",
      "name": "broker_server_01_droplet",
      "provider": "provider.ansible",
      "instances": [
        {
          "schema_version": 0,
          "attributes": {
            "groups": [
              "staging",
              "discovery-client",
              "broker-server",
              "primary"
            ],
            "id": "broker-server-01",
            "inventory_hostname": "broker-server-01",
            "variable_priority": 50,
            "vars": {
              "ansible_host": "167.172.172.192",
              "ansible_python_interpreter": "/usr/bin/python3",
              "datacenter_name": "fra1",
              "datacenter_role": "primary"
            }
          },
          "private": "bnVsbA==",
          "dependencies": [
            "digitalocean_droplet.broker_server_01_droplet"
          ]
        }
      ]
    },
    {
      "mode": "managed",
      "type": "ansible_host",
      "name": "broker_server_02_droplet",
      "provider": "provider.ansible",
      "instances": [
        {
          "schema_version": 0,
          "attributes": {
            "groups": [
              "staging",
              "discovery-client",
              "broker-server",
              "fallback"
            ],
            "id": "broker-server-02",
            "inventory_hostname": "broker-server-02",
            "variable_priority": 50,
            "vars": {
              "ansible_host": "178.62.240.140",
              "ansible_python_interpreter": "/usr/bin/python3",
              "datacenter_name": "ams3",
              "datacenter_role": "fallback"
            }
          },
          "private": "bnVsbA==",
          "dependencies": [
            "digitalocean_droplet.broker_server_02_droplet"
          ]
        }
      ]
    },
    {
      "mode": "managed",
      "type": "ansible_host",
      "name": "broker_server_03_droplet",
      "provider": "provider.ansible",
      "instances": [
        {
          "schema_version": 0,
          "attributes": {
            "groups": [
              "staging",
              "discovery-client",
              "broker-server",
              "ternary"
            ],
            "id": "broker-server-03",
            "inventory_hostname": "broker-server-03",
            "variable_priority": 50,
            "vars": {
              "ansible_host": "178.62.88.194",
              "ansible_python_interpreter": "/usr/bin/python3",
              "datacenter_name": "lon1",
              "datacenter_role": "ternary"
            }
          },
          "private": "bnVsbA==",
          "dependencies": [
            "digitalocean_droplet.broker_server_03_droplet"
          ]
        }
      ]
    },
    {
      "mode": "managed",
      "type": "ansible_host",
      "name": "cache_consumer_01_droplet",
      "provider": "provider.ansible",
      "instances": [
        {
          "schema_version": 0,
          "attributes": {
            "groups": [
              "staging",
              "discovery-client",
              "cache-client",
              "cache-consumer",
              "java-runtime"
            ],
            "id": "cache-consumer-01",
            "inventory_hostname": "cache-consumer-01",
            "variable_priority": 50,
            "vars": {
              "ansible_host": "167.71.38.242",
              "ansible_python_interpreter": "/usr/bin/python3",
              "datacenter_name": "fra1",
              "datacenter_role": "primary"
            }
          },
          "private": "bnVsbA==",
          "dependencies": [
            "digitalocean_droplet.cache_consumer_01_droplet"
          ]
        }
      ]
    },
    {
      "mode": "managed",
      "type": "ansible_host",
      "name": "cache_producer_01_droplet",
      "provider": "provider.ansible",
      "instances": [
        {
          "schema_version": 0,
          "attributes": {
            "groups": [
              "staging",
              "discovery-client",
              "cache-client",
              "cache-producer",
              "java-runtime"
            ],
            "id": "cache-producer-01",
            "inventory_hostname": "cache-producer-01",
            "variable_priority": 50,
            "vars": {
              "ansible_host": "46.101.201.176",
              "ansible_python_interpreter": "/usr/bin/python3",
              "datacenter_name": "fra1",
              "datacenter_role": "primary"
            }
          },
          "private": "bnVsbA==",
          "dependencies": [
            "digitalocean_droplet.cache_producer_01_droplet"
          ]
        }
      ]
    },
    {
      "mode": "managed",
      "type": "ansible_host",
      "name": "cache_server_01_droplet",
      "provider": "provider.ansible",
      "instances": [
        {
          "schema_version": 0,
          "attributes": {
            "groups": [
              "staging",
              "discovery-client",
              "cache-server",
              "primary",
              "java-runtime"
            ],
            "id": "cache-server-01",
            "inventory_hostname": "cache-server-01",
            "variable_priority": 50,
            "vars": {
              "ansible_host": "167.172.172.56",
              "ansible_python_interpreter": "/usr/bin/python3",
              "datacenter_name": "fra1",
              "datacenter_role": "primary"
            }
          },
          "private": "bnVsbA==",
          "dependencies": [
            "digitalocean_droplet.cache_server_01_droplet"
          ]
        }
      ]
    },
    {
      "mode": "managed",
      "type": "ansible_host",
      "name": "cache_server_02_droplet",
      "provider": "provider.ansible",
      "instances": [
        {
          "schema_version": 0,
          "attributes": {
            "groups": [
              "staging",
              "discovery-client",
              "cache-server",
              "fallback",
              "java-runtime"
            ],
            "id": "cache-server-02",
            "inventory_hostname": "cache-server-02",
            "variable_priority": 50,
            "vars": {
              "ansible_host": "167.172.35.16",
              "ansible_python_interpreter": "/usr/bin/python3",
              "datacenter_name": "ams3",
              "datacenter_role": "fallback"
            }
          },
          "private": "bnVsbA==",
          "dependencies": [
            "digitalocean_droplet.cache_server_02_droplet"
          ]
        }
      ]
    },
    {
      "mode": "managed",
      "type": "ansible_host",
      "name": "cache_server_03_droplet",
      "provider": "provider.ansible",
      "instances": [
        {
          "schema_version": 0,
          "attributes": {
            "groups": [
              "staging",
              "discovery-client",
              "cache-server",
              "ternary",
              "java-runtime"
            ],
            "id": "cache-server-03",
            "inventory_hostname": "cache-server-03",
            "variable_priority": 50,
            "vars": {
              "ansible_host": "178.128.34.78",
              "ansible_python_interpreter": "/usr/bin/python3",
              "datacenter_name": "lon1",
              "datacenter_role": "ternary"
            }
          },
          "private": "bnVsbA==",
          "dependencies": [
            "digitalocean_droplet.cache_server_03_droplet"
          ]
        }
      ]
    },
    {
      "mode": "managed",
      "type": "ansible_host",
      "name": "discovery_server_01_droplet",
      "provider": "provider.ansible",
      "instances": [
        {
          "schema_version": 0,
          "attributes": {
            "groups": [
              "staging",
              "discovery-server",
              "primary"
            ],
            "id": "discovery-server-01",
            "inventory_hostname": "discovery-server-01",
            "variable_priority": 50,
            "vars": {
              "ansible_host": "139.59.154.204",
              "ansible_python_interpreter": "/usr/bin/python3",
              "datacenter_name": "fra1",
              "datacenter_role": "primary"
            }
          },
          "private": "bnVsbA==",
          "dependencies": [
            "digitalocean_droplet.discovery_server_01_droplet"
          ]
        }
      ]
    },
    {
      "mode": "managed",
      "type": "ansible_host",
      "name": "discovery_server_02_droplet",
      "provider": "provider.ansible",
      "instances": [
        {
          "schema_version": 0,
          "attributes": {
            "groups": [
              "staging",
              "discovery-server",
              "fallback"
            ],
            "id": "discovery-server-02",
            "inventory_hostname": "discovery-server-02",
            "variable_priority": 50,
            "vars": {
              "ansible_host": "64.225.74.84",
              "ansible_python_interpreter": "/usr/bin/python3",
              "datacenter_name": "ams3",
              "datacenter_role": "fallback"
            }
          },
          "private": "bnVsbA==",
          "dependencies": [
            "digitalocean_droplet.discovery_server_02_droplet"
          ]
        }
      ]
    },
    {
      "mode": "managed",
      "type": "ansible_host",
      "name": "discovery_server_03_droplet",
      "provider": "provider.ansible",
      "instances": [
        {
          "schema_version": 0,
          "attributes": {
            "groups": [
              "staging",
              "discovery-server",
              "ternary"
            ],
            "id": "discovery-server-03",
            "inventory_hostname": "discovery-server-03",
            "variable_priority": 50,
            "vars": {
              "ansible_host": "167.172.49.74",
              "ansible_python_interpreter": "/usr/bin/python3",
              "datacenter_name": "lon1",
              "datacenter_role": "ternary"
            }
          },
          "private": "bnVsbA==",
          "dependencies": [
            "digitalocean_droplet.discovery_server_03_droplet"
          ]
        }
      ]
    },
    {
      "mode": "managed",
      "type": "ansible_host",
      "name": "scheduler_producer_01_droplet",
      "provider": "provider.ansible",
      "instances": [
        {
          "schema_version": 0,
          "attributes": {
            "groups": [
              "staging",
              "discovery-client",
              "scheduler-client",
              "scheduler-producer",
              "java-runtime"
            ],
            "id": "scheduler-producer-01",
            "inventory_hostname": "scheduler-producer-01",
            "variable_priority": 50,
            "vars": {
              "ansible_host": "167.71.59.4",
              "ansible_python_interpreter": "/usr/bin/python3",
              "datacenter_name": "fra1",
              "datacenter_role": "primary"
            }
          },
          "private": "bnVsbA==",
          "dependencies": [
            "digitalocean_droplet.scheduler_producer_01_droplet"
          ]
        }
      ]
    },
    {
      "mode": "managed",
      "type": "ansible_host",
      "name": "scheduler_server_01_droplet",
      "provider": "provider.ansible",
      "instances": [
        {
          "schema_version": 0,
          "attributes": {
            "groups": [
              "staging",
              "discovery-client",
              "scheduler-server",
              "primary",
              "java-runtime"
            ],
            "id": "scheduler-server-01",
            "inventory_hostname": "scheduler-server-01",
            "variable_priority": 50,
            "vars": {
              "ansible_host": "167.172.172.166",
              "ansible_python_interpreter": "/usr/bin/python3",
              "datacenter_name": "fra1",
              "datacenter_role": "primary"
            }
          },
          "private": "bnVsbA==",
          "dependencies": [
            "digitalocean_droplet.scheduler_server_01_droplet"
          ]
        }
      ]
    },
    {
      "mode": "managed",
      "type": "ansible_host",
      "name": "scheduler_server_02_droplet",
      "provider": "provider.ansible",
      "instances": [
        {
          "schema_version": 0,
          "attributes": {
            "groups": [
              "staging",
              "discovery-client",
              "scheduler-server",
              "fallback",
              "java-runtime"
            ],
            "id": "scheduler-server-02",
            "inventory_hostname": "scheduler-server-02",
            "variable_priority": 50,
            "vars": {
              "ansible_host": "157.245.68.154",
              "ansible_python_interpreter": "/usr/bin/python3",
              "datacenter_name": "ams3",
              "datacenter_role": "fallback"
            }
          },
          "private": "bnVsbA==",
          "dependencies": [
            "digitalocean_droplet.scheduler_server_02_droplet"
          ]
        }
      ]
    },
    {
      "mode": "managed",
      "type": "ansible_host",
      "name": "store_client_01_droplet",
      "provider": "provider.ansible",
      "instances": [
        {
          "schema_version": 0,
          "attributes": {
            "groups": [
              "staging",
              "discovery-client",
              "store-client",
              "java-runtime"
            ],
            "id": "store-client-01",
            "inventory_hostname": "store-client-01",
            "variable_priority": 50,
            "vars": {
              "ansible_host": "178.128.200.237",
              "ansible_python_interpreter": "/usr/bin/python3",
              "datacenter_name": "fra1",
              "datacenter_role": "primary"
            }
          },
          "private": "bnVsbA==",
          "dependencies": [
            "digitalocean_droplet.store_client_01_droplet"
          ]
        }
      ]
    },
    {
      "mode": "managed",
      "type": "ansible_host",
      "name": "store_server_01_droplet",
      "provider": "provider.ansible",
      "instances": [
        {
          "schema_version": 0,
          "attributes": {
            "groups": [
              "staging",
              "discovery-client",
              "store-server",
              "store-master",
              "primary"
            ],
            "id": "store-server-01",
            "inventory_hostname": "store-server-01",
            "variable_priority": 50,
            "vars": {
              "ansible_host": "167.172.172.49",
              "ansible_python_interpreter": "/usr/bin/python3",
              "datacenter_name": "fra1",
              "datacenter_role": "primary"
            }
          },
          "private": "bnVsbA==",
          "dependencies": [
            "digitalocean_droplet.store_server_01_droplet"
          ]
        }
      ]
    },
    {
      "mode": "managed",
      "type": "ansible_host",
      "name": "store_server_02_droplet",
      "provider": "provider.ansible",
      "instances": [
        {
          "schema_version": 0,
          "attributes": {
            "groups": [
              "staging",
              "discovery-client",
              "store-server",
              "fallback"
            ],
            "id": "store-server-02",
            "inventory_hostname": "store-server-02",
            "variable_priority": 50,
            "vars": {
              "ansible_host": "167.71.65.66",
              "ansible_python_interpreter": "/usr/bin/python3",
              "datacenter_name": "ams3",
              "datacenter_role": "fallback"
            }
          },
          "private": "bnVsbA==",
          "dependencies": [
            "digitalocean_droplet.store_server_02_droplet"
          ]
        }
      ]
    },
    {
      "mode": "managed",
      "type": "ansible_host",
      "name": "store_server_03_droplet",
      "provider": "provider.ansible",
      "instances": [
        {
          "schema_version": 0,
          "attributes": {
            "groups": [
              "staging",
              "discovery-client",
              "store-server",
              "ternary"
            ],
            "id": "store-server-03",
            "inventory_hostname": "store-server-03",
            "variable_priority": 50,
            "vars": {
              "ansible_host": "167.172.49.200",
              "ansible_python_interpreter": "/usr/bin/python3",
              "datacenter_name": "lon1",
              "datacenter_role": "ternary"
            }
          },
          "private": "bnVsbA==",
          "dependencies": [
            "digitalocean_droplet.store_server_03_droplet"
          ]
        }
      ]
    },
    {
      "mode": "managed",
      "type": "digitalocean_droplet",
      "name": "broker_consumer_01_droplet",
      "provider": "provider.digitalocean",
      "instances": [
        {
          "schema_version": 1,
          "attributes": {
            "backups": false,
            "disk": 30,
            "id": "176166702",
            "image": "ubuntu-18-04-x64",
            "ipv4_address": "139.59.158.241",
            "ipv4_address_private": "10.135.191.113",
            "ipv6": false,
            "ipv6_address": "",
            "ipv6_address_private": "",
            "locked": false,
            "memory": 1024,
            "monitoring": false,
            "name": "broker-consumer-01",
            "price_hourly": 0.01488,
            "price_monthly": 10,
            "private_networking": true,
            "region": "fra1",
            "resize_disk": true,
            "size": "1gb",
            "ssh_keys": [
              "35:a7:84:88:49:af:f2:99:0b:56:bc:e0:a2:b1:1c:4f"
            ],
            "status": "active",
            "tags": [
              "broker-client",
              "broker-consumer",
              "discovery-client",
              "java-runtime",
              "staging"
            ],
            "urn": "do:droplet:176166702",
            "user_data": null,
            "vcpus": 1,
            "volume_ids": []
          },
          "private": "eyJzY2hlbWFfdmVyc2lvbiI6IjEifQ=="
        }
      ]
    },
    {
      "mode": "managed",
      "type": "digitalocean_droplet",
      "name": "broker_consumer_02_droplet",
      "provider": "provider.digitalocean",
      "instances": [
        {
          "schema_version": 1,
          "attributes": {
            "backups": false,
            "disk": 30,
            "id": "176166763",
            "image": "ubuntu-18-04-x64",
            "ipv4_address": "167.172.172.180",
            "ipv4_address_private": "10.135.191.155",
            "ipv6": false,
            "ipv6_address": "",
            "ipv6_address_private": "",
            "locked": false,
            "memory": 1024,
            "monitoring": false,
            "name": "broker-consumer-02",
            "price_hourly": 0.01488,
            "price_monthly": 10,
            "private_networking": true,
            "region": "fra1",
            "resize_disk": true,
            "size": "1gb",
            "ssh_keys": [
              "35:a7:84:88:49:af:f2:99:0b:56:bc:e0:a2:b1:1c:4f"
            ],
            "status": "active",
            "tags": [
              "broker-client",
              "broker-consumer",
              "discovery-client",
              "java-runtime",
              "staging"
            ],
            "urn": "do:droplet:176166763",
            "user_data": null,
            "vcpus": 1,
            "volume_ids": []
          },
          "private": "eyJzY2hlbWFfdmVyc2lvbiI6IjEifQ=="
        }
      ]
    },
    {
      "mode": "managed",
      "type": "digitalocean_droplet",
      "name": "broker_producer_01_droplet",
      "provider": "provider.digitalocean",
      "instances": [
        {
          "schema_version": 1,
          "attributes": {
            "backups": false,
            "disk": 30,
            "id": "176166709",
            "image": "ubuntu-18-04-x64",
            "ipv4_address": "139.59.158.44",
            "ipv4_address_private": "10.135.190.231",
            "ipv6": false,
            "ipv6_address": "",
            "ipv6_address_private": "",
            "locked": false,
            "memory": 1024,
            "monitoring": false,
            "name": "broker-producer-01",
            "price_hourly": 0.01488,
            "price_monthly": 10,
            "private_networking": true,
            "region": "fra1",
            "resize_disk": true,
            "size": "1gb",
            "ssh_keys": [
              "35:a7:84:88:49:af:f2:99:0b:56:bc:e0:a2:b1:1c:4f"
            ],
            "status": "active",
            "tags": [
              "broker-client",
              "broker-producer",
              "discovery-client",
              "java-runtime",
              "staging"
            ],
            "urn": "do:droplet:176166709",
            "user_data": null,
            "vcpus": 1,
            "volume_ids": []
          },
          "private": "eyJzY2hlbWFfdmVyc2lvbiI6IjEifQ=="
        }
      ]
    },
    {
      "mode": "managed",
      "type": "digitalocean_droplet",
      "name": "broker_server_01_droplet",
      "provider": "provider.digitalocean",
      "instances": [
        {
          "schema_version": 1,
          "attributes": {
            "backups": false,
            "disk": 30,
            "id": "176166792",
            "image": "ubuntu-18-04-x64",
            "ipv4_address": "167.172.172.192",
            "ipv4_address_private": "10.135.192.42",
            "ipv6": false,
            "ipv6_address": "",
            "ipv6_address_private": "",
            "locked": false,
            "memory": 1024,
            "monitoring": false,
            "name": "broker-server-01",
            "price_hourly": 0.01488,
            "price_monthly": 10,
            "private_networking": true,
            "region": "fra1",
            "resize_disk": true,
            "size": "1gb",
            "ssh_keys": [
              "35:a7:84:88:49:af:f2:99:0b:56:bc:e0:a2:b1:1c:4f"
            ],
            "status": "active",
            "tags": [
              "broker-server",
              "discovery-client",
              "staging"
            ],
            "urn": "do:droplet:176166792",
            "user_data": null,
            "vcpus": 1,
            "volume_ids": []
          },
          "private": "eyJzY2hlbWFfdmVyc2lvbiI6IjEifQ=="
        }
      ]
    },
    {
      "mode": "managed",
      "type": "digitalocean_droplet",
      "name": "broker_server_02_droplet",
      "provider": "provider.digitalocean",
      "instances": [
        {
          "schema_version": 1,
          "attributes": {
            "backups": false,
            "disk": 30,
            "id": "176166704",
            "image": "ubuntu-18-04-x64",
            "ipv4_address": "178.62.240.140",
            "ipv4_address_private": "10.133.124.184",
            "ipv6": false,
            "ipv6_address": "",
            "ipv6_address_private": "",
            "locked": false,
            "memory": 1024,
            "monitoring": false,
            "name": "broker-server-02",
            "price_hourly": 0.01488,
            "price_monthly": 10,
            "private_networking": true,
            "region": "ams3",
            "resize_disk": true,
            "size": "1gb",
            "ssh_keys": [
              "35:a7:84:88:49:af:f2:99:0b:56:bc:e0:a2:b1:1c:4f"
            ],
            "status": "active",
            "tags": [
              "broker-server",
              "discovery-client",
              "staging"
            ],
            "urn": "do:droplet:176166704",
            "user_data": null,
            "vcpus": 1,
            "volume_ids": []
          },
          "private": "eyJzY2hlbWFfdmVyc2lvbiI6IjEifQ=="
        }
      ]
    },
    {
      "mode": "managed",
      "type": "digitalocean_droplet",
      "name": "broker_server_03_droplet",
      "provider": "provider.digitalocean",
      "instances": [
        {
          "schema_version": 1,
          "attributes": {
            "backups": false,
            "disk": 30,
            "id": "176166760",
            "image": "ubuntu-18-04-x64",
            "ipv4_address": "178.62.88.194",
            "ipv4_address_private": "10.131.1.133",
            "ipv6": false,
            "ipv6_address": "",
            "ipv6_address_private": "",
            "locked": false,
            "memory": 1024,
            "monitoring": false,
            "name": "broker-server-03",
            "price_hourly": 0.01488,
            "price_monthly": 10,
            "private_networking": true,
            "region": "lon1",
            "resize_disk": true,
            "size": "1gb",
            "ssh_keys": [
              "35:a7:84:88:49:af:f2:99:0b:56:bc:e0:a2:b1:1c:4f"
            ],
            "status": "active",
            "tags": [
              "broker-server",
              "discovery-client",
              "staging"
            ],
            "urn": "do:droplet:176166760",
            "user_data": null,
            "vcpus": 1,
            "volume_ids": []
          },
          "private": "eyJzY2hlbWFfdmVyc2lvbiI6IjEifQ=="
        }
      ]
    },
    {
      "mode": "managed",
      "type": "digitalocean_droplet",
      "name": "cache_consumer_01_droplet",
      "provider": "provider.digitalocean",
      "instances": [
        {
          "schema_version": 1,
          "attributes": {
            "backups": false,
            "disk": 30,
            "id": "176166699",
            "image": "ubuntu-18-04-x64",
            "ipv4_address": "167.71.38.242",
            "ipv4_address_private": "10.135.39.20",
            "ipv6": false,
            "ipv6_address": "",
            "ipv6_address_private": "",
            "locked": false,
            "memory": 1024,
            "monitoring": false,
            "name": "cache-consumer-01",
            "price_hourly": 0.01488,
            "price_monthly": 10,
            "private_networking": true,
            "region": "fra1",
            "resize_disk": true,
            "size": "1gb",
            "ssh_keys": [
              "35:a7:84:88:49:af:f2:99:0b:56:bc:e0:a2:b1:1c:4f"
            ],
            "status": "active",
            "tags": [
              "cache-client",
              "cache-consumer",
              "discovery-client",
              "java-runtime",
              "staging"
            ],
            "urn": "do:droplet:176166699",
            "user_data": null,
            "vcpus": 1,
            "volume_ids": []
          },
          "private": "eyJzY2hlbWFfdmVyc2lvbiI6IjEifQ=="
        }
      ]
    },
    {
      "mode": "managed",
      "type": "digitalocean_droplet",
      "name": "cache_producer_01_droplet",
      "provider": "provider.digitalocean",
      "instances": [
        {
          "schema_version": 1,
          "attributes": {
            "backups": false,
            "disk": 30,
            "id": "176166700",
            "image": "ubuntu-18-04-x64",
            "ipv4_address": "46.101.201.176",
            "ipv4_address_private": "10.135.189.96",
            "ipv6": false,
            "ipv6_address": "",
            "ipv6_address_private": "",
            "locked": false,
            "memory": 1024,
            "monitoring": false,
            "name": "cache-producer-01",
            "price_hourly": 0.01488,
            "price_monthly": 10,
            "private_networking": true,
            "region": "fra1",
            "resize_disk": true,
            "size": "1gb",
            "ssh_keys": [
              "35:a7:84:88:49:af:f2:99:0b:56:bc:e0:a2:b1:1c:4f"
            ],
            "status": "active",
            "tags": [
              "cache-client",
              "cache-producer",
              "discovery-client",
              "java-runtime",
              "staging"
            ],
            "urn": "do:droplet:176166700",
            "user_data": null,
            "vcpus": 1,
            "volume_ids": []
          },
          "private": "eyJzY2hlbWFfdmVyc2lvbiI6IjEifQ=="
        }
      ]
    },
    {
      "mode": "managed",
      "type": "digitalocean_droplet",
      "name": "cache_server_01_droplet",
      "provider": "provider.digitalocean",
      "instances": [
        {
          "schema_version": 1,
          "attributes": {
            "backups": false,
            "disk": 30,
            "id": "176166703",
            "image": "ubuntu-18-04-x64",
            "ipv4_address": "167.172.172.56",
            "ipv4_address_private": "10.135.190.242",
            "ipv6": false,
            "ipv6_address": "",
            "ipv6_address_private": "",
            "locked": false,
            "memory": 1024,
            "monitoring": false,
            "name": "cache-server-01",
            "price_hourly": 0.01488,
            "price_monthly": 10,
            "private_networking": true,
            "region": "fra1",
            "resize_disk": true,
            "size": "1gb",
            "ssh_keys": [
              "35:a7:84:88:49:af:f2:99:0b:56:bc:e0:a2:b1:1c:4f"
            ],
            "status": "active",
            "tags": [
              "cache-server",
              "discovery-client",
              "java-runtime",
              "staging"
            ],
            "urn": "do:droplet:176166703",
            "user_data": null,
            "vcpus": 1,
            "volume_ids": []
          },
          "private": "eyJzY2hlbWFfdmVyc2lvbiI6IjEifQ=="
        }
      ]
    },
    {
      "mode": "managed",
      "type": "digitalocean_droplet",
      "name": "cache_server_02_droplet",
      "provider": "provider.digitalocean",
      "instances": [
        {
          "schema_version": 1,
          "attributes": {
            "backups": false,
            "disk": 30,
            "id": "176166782",
            "image": "ubuntu-18-04-x64",
            "ipv4_address": "167.172.35.16",
            "ipv4_address_private": "10.133.114.146",
            "ipv6": false,
            "ipv6_address": "",
            "ipv6_address_private": "",
            "locked": false,
            "memory": 1024,
            "monitoring": false,
            "name": "cache-server-02",
            "price_hourly": 0.01488,
            "price_monthly": 10,
            "private_networking": true,
            "region": "ams3",
            "resize_disk": true,
            "size": "1gb",
            "ssh_keys": [
              "35:a7:84:88:49:af:f2:99:0b:56:bc:e0:a2:b1:1c:4f"
            ],
            "status": "active",
            "tags": [
              "cache-server",
              "discovery-client",
              "java-runtime",
              "staging"
            ],
            "urn": "do:droplet:176166782",
            "user_data": null,
            "vcpus": 1,
            "volume_ids": []
          },
          "private": "eyJzY2hlbWFfdmVyc2lvbiI6IjEifQ=="
        }
      ]
    },
    {
      "mode": "managed",
      "type": "digitalocean_droplet",
      "name": "cache_server_03_droplet",
      "provider": "provider.digitalocean",
      "instances": [
        {
          "schema_version": 1,
          "attributes": {
            "backups": false,
            "disk": 30,
            "id": "176166761",
            "image": "ubuntu-18-04-x64",
            "ipv4_address": "178.128.34.78",
            "ipv4_address_private": "10.131.19.87",
            "ipv6": false,
            "ipv6_address": "",
            "ipv6_address_private": "",
            "locked": false,
            "memory": 1024,
            "monitoring": false,
            "name": "cache-server-03",
            "price_hourly": 0.01488,
            "price_monthly": 10,
            "private_networking": true,
            "region": "lon1",
            "resize_disk": true,
            "size": "1gb",
            "ssh_keys": [
              "35:a7:84:88:49:af:f2:99:0b:56:bc:e0:a2:b1:1c:4f"
            ],
            "status": "active",
            "tags": [
              "cache-server",
              "discovery-client",
              "java-runtime",
              "staging"
            ],
            "urn": "do:droplet:176166761",
            "user_data": null,
            "vcpus": 1,
            "volume_ids": []
          },
          "private": "eyJzY2hlbWFfdmVyc2lvbiI6IjEifQ=="
        }
      ]
    },
    {
      "mode": "managed",
      "type": "digitalocean_droplet",
      "name": "discovery_server_01_droplet",
      "provider": "provider.digitalocean",
      "instances": [
        {
          "schema_version": 1,
          "attributes": {
            "backups": false,
            "disk": 30,
            "id": "176166706",
            "image": "ubuntu-18-04-x64",
            "ipv4_address": "139.59.154.204",
            "ipv4_address_private": "10.135.190.197",
            "ipv6": false,
            "ipv6_address": "",
            "ipv6_address_private": "",
            "locked": false,
            "memory": 1024,
            "monitoring": false,
            "name": "discovery-server-01",
            "price_hourly": 0.01488,
            "price_monthly": 10,
            "private_networking": true,
            "region": "fra1",
            "resize_disk": true,
            "size": "1gb",
            "ssh_keys": [
              "35:a7:84:88:49:af:f2:99:0b:56:bc:e0:a2:b1:1c:4f"
            ],
            "status": "active",
            "tags": [
              "discovery-server",
              "staging"
            ],
            "urn": "do:droplet:176166706",
            "user_data": null,
            "vcpus": 1,
            "volume_ids": []
          },
          "private": "eyJzY2hlbWFfdmVyc2lvbiI6IjEifQ=="
        }
      ]
    },
    {
      "mode": "managed",
      "type": "digitalocean_droplet",
      "name": "discovery_server_02_droplet",
      "provider": "provider.digitalocean",
      "instances": [
        {
          "schema_version": 1,
          "attributes": {
            "backups": false,
            "disk": 30,
            "id": "176166785",
            "image": "ubuntu-18-04-x64",
            "ipv4_address": "64.225.74.84",
            "ipv4_address_private": "10.133.116.246",
            "ipv6": false,
            "ipv6_address": "",
            "ipv6_address_private": "",
            "locked": false,
            "memory": 1024,
            "monitoring": false,
            "name": "discovery-server-02",
            "price_hourly": 0.01488,
            "price_monthly": 10,
            "private_networking": true,
            "region": "ams3",
            "resize_disk": true,
            "size": "1gb",
            "ssh_keys": [
              "35:a7:84:88:49:af:f2:99:0b:56:bc:e0:a2:b1:1c:4f"
            ],
            "status": "active",
            "tags": [
              "discovery-server",
              "staging"
            ],
            "urn": "do:droplet:176166785",
            "user_data": null,
            "vcpus": 1,
            "volume_ids": []
          },
          "private": "eyJzY2hlbWFfdmVyc2lvbiI6IjEifQ=="
        }
      ]
    },
    {
      "mode": "managed",
      "type": "digitalocean_droplet",
      "name": "discovery_server_03_droplet",
      "provider": "provider.digitalocean",
      "instances": [
        {
          "schema_version": 1,
          "attributes": {
            "backups": false,
            "disk": 30,
            "id": "176166765",
            "image": "ubuntu-18-04-x64",
            "ipv4_address": "167.172.49.74",
            "ipv4_address_private": "10.131.34.218",
            "ipv6": false,
            "ipv6_address": "",
            "ipv6_address_private": "",
            "locked": false,
            "memory": 1024,
            "monitoring": false,
            "name": "discovery-server-03",
            "price_hourly": 0.01488,
            "price_monthly": 10,
            "private_networking": true,
            "region": "lon1",
            "resize_disk": true,
            "size": "1gb",
            "ssh_keys": [
              "35:a7:84:88:49:af:f2:99:0b:56:bc:e0:a2:b1:1c:4f"
            ],
            "status": "active",
            "tags": [
              "discovery-server",
              "staging"
            ],
            "urn": "do:droplet:176166765",
            "user_data": null,
            "vcpus": 1,
            "volume_ids": []
          },
          "private": "eyJzY2hlbWFfdmVyc2lvbiI6IjEifQ=="
        }
      ]
    },
    {
      "mode": "managed",
      "type": "digitalocean_droplet",
      "name": "scheduler_producer_01_droplet",
      "provider": "provider.digitalocean",
      "instances": [
        {
          "schema_version": 1,
          "attributes": {
            "backups": false,
            "disk": 30,
            "id": "176166701",
            "image": "ubuntu-18-04-x64",
            "ipv4_address": "167.71.59.4",
            "ipv4_address_private": "10.135.190.119",
            "ipv6": false,
            "ipv6_address": "",
            "ipv6_address_private": "",
            "locked": false,
            "memory": 1024,
            "monitoring": false,
            "name": "scheduler-producer-01",
            "price_hourly": 0.01488,
            "price_monthly": 10,
            "private_networking": true,
            "region": "fra1",
            "resize_disk": true,
            "size": "1gb",
            "ssh_keys": [
              "35:a7:84:88:49:af:f2:99:0b:56:bc:e0:a2:b1:1c:4f"
            ],
            "status": "active",
            "tags": [
              "discovery-client",
              "java-runtime",
              "scheduler-client",
              "scheduler-producer",
              "staging"
            ],
            "urn": "do:droplet:176166701",
            "user_data": null,
            "vcpus": 1,
            "volume_ids": []
          },
          "private": "eyJzY2hlbWFfdmVyc2lvbiI6IjEifQ=="
        }
      ]
    },
    {
      "mode": "managed",
      "type": "digitalocean_droplet",
      "name": "scheduler_server_01_droplet",
      "provider": "provider.digitalocean",
      "instances": [
        {
          "schema_version": 1,
          "attributes": {
            "backups": false,
            "disk": 30,
            "id": "176166762",
            "image": "ubuntu-18-04-x64",
            "ipv4_address": "167.172.172.166",
            "ipv4_address_private": "10.135.191.131",
            "ipv6": false,
            "ipv6_address": "",
            "ipv6_address_private": "",
            "locked": false,
            "memory": 1024,
            "monitoring": false,
            "name": "scheduler-server-01",
            "price_hourly": 0.01488,
            "price_monthly": 10,
            "private_networking": true,
            "region": "fra1",
            "resize_disk": true,
            "size": "1gb",
            "ssh_keys": [
              "35:a7:84:88:49:af:f2:99:0b:56:bc:e0:a2:b1:1c:4f"
            ],
            "status": "active",
            "tags": [
              "discovery-client",
              "java-runtime",
              "scheduler-server",
              "staging"
            ],
            "urn": "do:droplet:176166762",
            "user_data": null,
            "vcpus": 1,
            "volume_ids": []
          },
          "private": "eyJzY2hlbWFfdmVyc2lvbiI6IjEifQ=="
        }
      ]
    },
    {
      "mode": "managed",
      "type": "digitalocean_droplet",
      "name": "scheduler_server_02_droplet",
      "provider": "provider.digitalocean",
      "instances": [
        {
          "schema_version": 1,
          "attributes": {
            "backups": false,
            "disk": 30,
            "id": "176166783",
            "image": "ubuntu-18-04-x64",
            "ipv4_address": "157.245.68.154",
            "ipv4_address_private": "10.133.58.100",
            "ipv6": false,
            "ipv6_address": "",
            "ipv6_address_private": "",
            "locked": false,
            "memory": 1024,
            "monitoring": false,
            "name": "scheduler-server-02",
            "price_hourly": 0.01488,
            "price_monthly": 10,
            "private_networking": true,
            "region": "ams3",
            "resize_disk": true,
            "size": "1gb",
            "ssh_keys": [
              "35:a7:84:88:49:af:f2:99:0b:56:bc:e0:a2:b1:1c:4f"
            ],
            "status": "active",
            "tags": [
              "discovery-client",
              "java-runtime",
              "scheduler-server",
              "staging"
            ],
            "urn": "do:droplet:176166783",
            "user_data": null,
            "vcpus": 1,
            "volume_ids": []
          },
          "private": "eyJzY2hlbWFfdmVyc2lvbiI6IjEifQ=="
        }
      ]
    },
    {
      "mode": "managed",
      "type": "digitalocean_droplet",
      "name": "store_client_01_droplet",
      "provider": "provider.digitalocean",
      "instances": [
        {
          "schema_version": 1,
          "attributes": {
            "backups": false,
            "disk": 30,
            "id": "176166764",
            "image": "ubuntu-18-04-x64",
            "ipv4_address": "178.128.200.237",
            "ipv4_address_private": "10.135.191.114",
            "ipv6": false,
            "ipv6_address": "",
            "ipv6_address_private": "",
            "locked": false,
            "memory": 1024,
            "monitoring": false,
            "name": "store-client-01",
            "price_hourly": 0.01488,
            "price_monthly": 10,
            "private_networking": true,
            "region": "fra1",
            "resize_disk": true,
            "size": "1gb",
            "ssh_keys": [
              "35:a7:84:88:49:af:f2:99:0b:56:bc:e0:a2:b1:1c:4f"
            ],
            "status": "active",
            "tags": [
              "discovery-client",
              "java-runtime",
              "staging",
              "store-client"
            ],
            "urn": "do:droplet:176166764",
            "user_data": null,
            "vcpus": 1,
            "volume_ids": []
          },
          "private": "eyJzY2hlbWFfdmVyc2lvbiI6IjEifQ=="
        }
      ]
    },
    {
      "mode": "managed",
      "type": "digitalocean_droplet",
      "name": "store_server_01_droplet",
      "provider": "provider.digitalocean",
      "instances": [
        {
          "schema_version": 1,
          "attributes": {
            "backups": false,
            "disk": 30,
            "id": "176166708",
            "image": "ubuntu-18-04-x64",
            "ipv4_address": "167.172.172.49",
            "ipv4_address_private": "10.135.190.203",
            "ipv6": false,
            "ipv6_address": "",
            "ipv6_address_private": "",
            "locked": false,
            "memory": 1024,
            "monitoring": false,
            "name": "store-server-01",
            "price_hourly": 0.01488,
            "price_monthly": 10,
            "private_networking": true,
            "region": "fra1",
            "resize_disk": true,
            "size": "1gb",
            "ssh_keys": [
              "35:a7:84:88:49:af:f2:99:0b:56:bc:e0:a2:b1:1c:4f"
            ],
            "status": "active",
            "tags": [
              "discovery-client",
              "staging",
              "store-master",
              "store-server"
            ],
            "urn": "do:droplet:176166708",
            "user_data": null,
            "vcpus": 1,
            "volume_ids": []
          },
          "private": "eyJzY2hlbWFfdmVyc2lvbiI6IjEifQ=="
        }
      ]
    },
    {
      "mode": "managed",
      "type": "digitalocean_droplet",
      "name": "store_server_02_droplet",
      "provider": "provider.digitalocean",
      "instances": [
        {
          "schema_version": 1,
          "attributes": {
            "backups": false,
            "disk": 30,
            "id": "176166714",
            "image": "ubuntu-18-04-x64",
            "ipv4_address": "167.71.65.66",
            "ipv4_address_private": "10.133.16.230",
            "ipv6": false,
            "ipv6_address": "",
            "ipv6_address_private": "",
            "locked": false,
            "memory": 1024,
            "monitoring": false,
            "name": "store-server-02",
            "price_hourly": 0.01488,
            "price_monthly": 10,
            "private_networking": true,
            "region": "ams3",
            "resize_disk": true,
            "size": "1gb",
            "ssh_keys": [
              "35:a7:84:88:49:af:f2:99:0b:56:bc:e0:a2:b1:1c:4f"
            ],
            "status": "active",
            "tags": [
              "discovery-client",
              "staging",
              "store-server"
            ],
            "urn": "do:droplet:176166714",
            "user_data": null,
            "vcpus": 1,
            "volume_ids": []
          },
          "private": "eyJzY2hlbWFfdmVyc2lvbiI6IjEifQ=="
        }
      ]
    },
    {
      "mode": "managed",
      "type": "digitalocean_droplet",
      "name": "store_server_03_droplet",
      "provider": "provider.digitalocean",
      "instances": [
        {
          "schema_version": 1,
          "attributes": {
            "backups": false,
            "disk": 30,
            "id": "176166825",
            "image": "ubuntu-18-04-x64",
            "ipv4_address": "167.172.49.200",
            "ipv4_address_private": "10.131.112.34",
            "ipv6": false,
            "ipv6_address": "",
            "ipv6_address_private": "",
            "locked": false,
            "memory": 1024,
            "monitoring": false,
            "name": "store-server-03",
            "price_hourly": 0.01488,
            "price_monthly": 10,
            "private_networking": true,
            "region": "lon1",
            "resize_disk": true,
            "size": "1gb",
            "ssh_keys": [
              "35:a7:84:88:49:af:f2:99:0b:56:bc:e0:a2:b1:1c:4f"
            ],
            "status": "active",
            "tags": [
              "discovery-client",
              "staging",
              "store-server"
            ],
            "urn": "do:droplet:176166825",
            "user_data": null,
            "vcpus": 1,
            "volume_ids": []
          },
          "private": "eyJzY2hlbWFfdmVyc2lvbiI6IjEifQ=="
        }
      ]
    }
  ]
}
