{
    "version": 3,
    "terraform_version": "0.11.14",
    "serial": 47,
    "lineage": "4f835cfa-6927-051e-0c68-b0e3ff3f02c6",
    "modules": [
        {
            "path": [
                "root"
            ],
            "outputs": {},
            "resources": {
                "ansible_host.broker_consumer_droplet": {
                    "type": "ansible_host",
                    "depends_on": [
                        "digitalocean_droplet.broker_consumer_droplet"
                    ],
                    "primary": {
                        "id": "broker-consumer",
                        "attributes": {
                            "groups.#": "4",
                            "groups.0": "staging",
                            "groups.1": "discovery-client",
                            "groups.2": "broker-client",
                            "groups.3": "broker-consumer",
                            "id": "broker-consumer",
                            "inventory_hostname": "broker-consumer",
                            "vars.%": "4",
                            "vars.ansible_host": "138.68.89.165",
                            "vars.ansible_python_interpreter": "/usr/bin/python3",
                            "vars.datacenter_name": "fra1",
                            "vars.datacenter_role": "primary"
                        },
                        "meta": {},
                        "tainted": false
                    },
                    "deposed": [],
                    "provider": "provider.ansible"
                },
                "ansible_host.broker_producer_droplet": {
                    "type": "ansible_host",
                    "depends_on": [
                        "digitalocean_droplet.broker_producer_droplet"
                    ],
                    "primary": {
                        "id": "broker-producer",
                        "attributes": {
                            "groups.#": "4",
                            "groups.0": "staging",
                            "groups.1": "discovery-client",
                            "groups.2": "broker-client",
                            "groups.3": "broker-producer",
                            "id": "broker-producer",
                            "inventory_hostname": "broker-producer",
                            "vars.%": "4",
                            "vars.ansible_host": "68.183.213.62",
                            "vars.ansible_python_interpreter": "/usr/bin/python3",
                            "vars.datacenter_name": "fra1",
                            "vars.datacenter_role": "primary"
                        },
                        "meta": {},
                        "tainted": false
                    },
                    "deposed": [],
                    "provider": "provider.ansible"
                },
                "ansible_host.broker_server_01_droplet": {
                    "type": "ansible_host",
                    "depends_on": [
                        "digitalocean_droplet.broker_server_01_droplet"
                    ],
                    "primary": {
                        "id": "broker-server-01",
                        "attributes": {
                            "groups.#": "4",
                            "groups.0": "staging",
                            "groups.1": "discovery-client",
                            "groups.2": "broker-server",
                            "groups.3": "primary",
                            "id": "broker-server-01",
                            "inventory_hostname": "broker-server-01",
                            "vars.%": "4",
                            "vars.ansible_host": "165.22.77.59",
                            "vars.ansible_python_interpreter": "/usr/bin/python3",
                            "vars.datacenter_name": "fra1",
                            "vars.datacenter_role": "primary"
                        },
                        "meta": {},
                        "tainted": false
                    },
                    "deposed": [],
                    "provider": "provider.ansible"
                },
                "ansible_host.broker_server_02_droplet": {
                    "type": "ansible_host",
                    "depends_on": [
                        "digitalocean_droplet.broker_server_02_droplet"
                    ],
                    "primary": {
                        "id": "broker-server-02",
                        "attributes": {
                            "groups.#": "4",
                            "groups.0": "staging",
                            "groups.1": "discovery-client",
                            "groups.2": "broker-server",
                            "groups.3": "fallback",
                            "id": "broker-server-02",
                            "inventory_hostname": "broker-server-02",
                            "vars.%": "4",
                            "vars.ansible_host": "165.22.199.11",
                            "vars.ansible_python_interpreter": "/usr/bin/python3",
                            "vars.datacenter_name": "ams3",
                            "vars.datacenter_role": "fallback"
                        },
                        "meta": {},
                        "tainted": false
                    },
                    "deposed": [],
                    "provider": "provider.ansible"
                },
                "ansible_host.broker_server_03_droplet": {
                    "type": "ansible_host",
                    "depends_on": [
                        "digitalocean_droplet.broker_server_03_droplet"
                    ],
                    "primary": {
                        "id": "broker-server-03",
                        "attributes": {
                            "groups.#": "4",
                            "groups.0": "staging",
                            "groups.1": "discovery-client",
                            "groups.2": "broker-server",
                            "groups.3": "ternary",
                            "id": "broker-server-03",
                            "inventory_hostname": "broker-server-03",
                            "vars.%": "4",
                            "vars.ansible_host": "178.62.109.56",
                            "vars.ansible_python_interpreter": "/usr/bin/python3",
                            "vars.datacenter_name": "lon1",
                            "vars.datacenter_role": "ternary"
                        },
                        "meta": {},
                        "tainted": false
                    },
                    "deposed": [],
                    "provider": "provider.ansible"
                },
                "ansible_host.discovery_server_01_droplet": {
                    "type": "ansible_host",
                    "depends_on": [
                        "digitalocean_droplet.discovery_server_01_droplet"
                    ],
                    "primary": {
                        "id": "discovery-server-01",
                        "attributes": {
                            "groups.#": "3",
                            "groups.0": "staging",
                            "groups.1": "discovery-server",
                            "groups.2": "primary",
                            "id": "discovery-server-01",
                            "inventory_hostname": "discovery-server-01",
                            "vars.%": "4",
                            "vars.ansible_host": "165.22.77.19",
                            "vars.ansible_python_interpreter": "/usr/bin/python3",
                            "vars.datacenter_name": "fra1",
                            "vars.datacenter_role": "primary"
                        },
                        "meta": {},
                        "tainted": false
                    },
                    "deposed": [],
                    "provider": "provider.ansible"
                },
                "ansible_host.discovery_server_02_droplet": {
                    "type": "ansible_host",
                    "depends_on": [
                        "digitalocean_droplet.discovery_server_02_droplet"
                    ],
                    "primary": {
                        "id": "discovery-server-02",
                        "attributes": {
                            "groups.#": "3",
                            "groups.0": "staging",
                            "groups.1": "discovery-server",
                            "groups.2": "fallback",
                            "id": "discovery-server-02",
                            "inventory_hostname": "discovery-server-02",
                            "vars.%": "4",
                            "vars.ansible_host": "165.22.199.7",
                            "vars.ansible_python_interpreter": "/usr/bin/python3",
                            "vars.datacenter_name": "ams3",
                            "vars.datacenter_role": "fallback"
                        },
                        "meta": {},
                        "tainted": false
                    },
                    "deposed": [],
                    "provider": "provider.ansible"
                },
                "ansible_host.discovery_server_03_droplet": {
                    "type": "ansible_host",
                    "depends_on": [
                        "digitalocean_droplet.discovery_server_03_droplet"
                    ],
                    "primary": {
                        "id": "discovery-server-03",
                        "attributes": {
                            "groups.#": "3",
                            "groups.0": "staging",
                            "groups.1": "discovery-server",
                            "groups.2": "ternary",
                            "id": "discovery-server-03",
                            "inventory_hostname": "discovery-server-03",
                            "vars.%": "4",
                            "vars.ansible_host": "178.62.109.30",
                            "vars.ansible_python_interpreter": "/usr/bin/python3",
                            "vars.datacenter_name": "lon1",
                            "vars.datacenter_role": "ternary"
                        },
                        "meta": {},
                        "tainted": false
                    },
                    "deposed": [],
                    "provider": "provider.ansible"
                },
                "digitalocean_droplet.broker_consumer_droplet": {
                    "type": "digitalocean_droplet",
                    "depends_on": [],
                    "primary": {
                        "id": "150583859",
                        "attributes": {
                            "backups": "false",
                            "disk": "30",
                            "id": "150583859",
                            "image": "ubuntu-18-04-x64",
                            "ipv4_address": "138.68.89.165",
                            "ipv4_address_private": "10.135.143.245",
                            "ipv6": "false",
                            "ipv6_address": "",
                            "ipv6_address_private": "",
                            "locked": "false",
                            "memory": "1024",
                            "monitoring": "false",
                            "name": "broker-consumer",
                            "price_hourly": "0.01488",
                            "price_monthly": "10",
                            "private_networking": "true",
                            "region": "fra1",
                            "resize_disk": "true",
                            "size": "1gb",
                            "ssh_keys.#": "1",
                            "ssh_keys.523117032": "c0:97:b7:e0:93:91:d0:1f:d1:d1:97:85:f4:12:26:9a",
                            "status": "active",
                            "tags.#": "4",
                            "tags.1676411945": "broker-client",
                            "tags.3176302885": "staging",
                            "tags.3733569640": "discovery-client",
                            "tags.4090602869": "broker-consumer",
                            "urn": "do:droplet:150583859",
                            "vcpus": "1",
                            "volume_ids.#": "0"
                        },
                        "meta": {
                            "schema_version": "1"
                        },
                        "tainted": false
                    },
                    "deposed": [],
                    "provider": "provider.digitalocean"
                },
                "digitalocean_droplet.broker_producer_droplet": {
                    "type": "digitalocean_droplet",
                    "depends_on": [],
                    "primary": {
                        "id": "150583858",
                        "attributes": {
                            "backups": "false",
                            "disk": "30",
                            "id": "150583858",
                            "image": "ubuntu-18-04-x64",
                            "ipv4_address": "68.183.213.62",
                            "ipv4_address_private": "10.135.143.244",
                            "ipv6": "false",
                            "ipv6_address": "",
                            "ipv6_address_private": "",
                            "locked": "false",
                            "memory": "1024",
                            "monitoring": "false",
                            "name": "broker-producer",
                            "price_hourly": "0.01488",
                            "price_monthly": "10",
                            "private_networking": "true",
                            "region": "fra1",
                            "resize_disk": "true",
                            "size": "1gb",
                            "ssh_keys.#": "1",
                            "ssh_keys.523117032": "c0:97:b7:e0:93:91:d0:1f:d1:d1:97:85:f4:12:26:9a",
                            "status": "active",
                            "tags.#": "4",
                            "tags.1676411945": "broker-client",
                            "tags.3176302885": "staging",
                            "tags.351198094": "broker-producer",
                            "tags.3733569640": "discovery-client",
                            "urn": "do:droplet:150583858",
                            "vcpus": "1",
                            "volume_ids.#": "0"
                        },
                        "meta": {
                            "schema_version": "1"
                        },
                        "tainted": false
                    },
                    "deposed": [],
                    "provider": "provider.digitalocean"
                },
                "digitalocean_droplet.broker_server_01_droplet": {
                    "type": "digitalocean_droplet",
                    "depends_on": [
                        "digitalocean_tag.broker_server_role",
                        "digitalocean_tag.discovery_client_role",
                        "digitalocean_tag.target_env"
                    ],
                    "primary": {
                        "id": "150583865",
                        "attributes": {
                            "backups": "false",
                            "disk": "30",
                            "id": "150583865",
                            "image": "ubuntu-18-04-x64",
                            "ipv4_address": "165.22.77.59",
                            "ipv4_address_private": "10.135.143.198",
                            "ipv6": "false",
                            "ipv6_address": "",
                            "ipv6_address_private": "",
                            "locked": "false",
                            "memory": "1024",
                            "monitoring": "false",
                            "name": "broker-server-01",
                            "price_hourly": "0.01488",
                            "price_monthly": "10",
                            "private_networking": "true",
                            "region": "fra1",
                            "resize_disk": "true",
                            "size": "1gb",
                            "ssh_keys.#": "1",
                            "ssh_keys.523117032": "c0:97:b7:e0:93:91:d0:1f:d1:d1:97:85:f4:12:26:9a",
                            "status": "active",
                            "tags.#": "3",
                            "tags.3176302885": "staging",
                            "tags.3733569640": "discovery-client",
                            "tags.4274378122": "broker-server",
                            "urn": "do:droplet:150583865",
                            "vcpus": "1",
                            "volume_ids.#": "0"
                        },
                        "meta": {
                            "schema_version": "1"
                        },
                        "tainted": false
                    },
                    "deposed": [],
                    "provider": "provider.digitalocean"
                },
                "digitalocean_droplet.broker_server_02_droplet": {
                    "type": "digitalocean_droplet",
                    "depends_on": [
                        "digitalocean_tag.broker_server_role",
                        "digitalocean_tag.discovery_client_role",
                        "digitalocean_tag.target_env"
                    ],
                    "primary": {
                        "id": "150583864",
                        "attributes": {
                            "backups": "false",
                            "disk": "30",
                            "id": "150583864",
                            "image": "ubuntu-18-04-x64",
                            "ipv4_address": "165.22.199.11",
                            "ipv4_address_private": "10.133.93.54",
                            "ipv6": "false",
                            "ipv6_address": "",
                            "ipv6_address_private": "",
                            "locked": "false",
                            "memory": "1024",
                            "monitoring": "false",
                            "name": "broker-server-02",
                            "price_hourly": "0.01488",
                            "price_monthly": "10",
                            "private_networking": "true",
                            "region": "ams3",
                            "resize_disk": "true",
                            "size": "1gb",
                            "ssh_keys.#": "1",
                            "ssh_keys.523117032": "c0:97:b7:e0:93:91:d0:1f:d1:d1:97:85:f4:12:26:9a",
                            "status": "active",
                            "tags.#": "3",
                            "tags.3176302885": "staging",
                            "tags.3733569640": "discovery-client",
                            "tags.4274378122": "broker-server",
                            "urn": "do:droplet:150583864",
                            "vcpus": "1",
                            "volume_ids.#": "0"
                        },
                        "meta": {
                            "schema_version": "1"
                        },
                        "tainted": false
                    },
                    "deposed": [],
                    "provider": "provider.digitalocean"
                },
                "digitalocean_droplet.broker_server_03_droplet": {
                    "type": "digitalocean_droplet",
                    "depends_on": [
                        "digitalocean_tag.broker_server_role",
                        "digitalocean_tag.discovery_client_role",
                        "digitalocean_tag.target_env"
                    ],
                    "primary": {
                        "id": "150583866",
                        "attributes": {
                            "backups": "false",
                            "disk": "30",
                            "id": "150583866",
                            "image": "ubuntu-18-04-x64",
                            "ipv4_address": "178.62.109.56",
                            "ipv4_address_private": "10.131.74.138",
                            "ipv6": "false",
                            "ipv6_address": "",
                            "ipv6_address_private": "",
                            "locked": "false",
                            "memory": "1024",
                            "monitoring": "false",
                            "name": "broker-server-03",
                            "price_hourly": "0.01488",
                            "price_monthly": "10",
                            "private_networking": "true",
                            "region": "lon1",
                            "resize_disk": "true",
                            "size": "1gb",
                            "ssh_keys.#": "1",
                            "ssh_keys.523117032": "c0:97:b7:e0:93:91:d0:1f:d1:d1:97:85:f4:12:26:9a",
                            "status": "active",
                            "tags.#": "3",
                            "tags.3176302885": "staging",
                            "tags.3733569640": "discovery-client",
                            "tags.4274378122": "broker-server",
                            "urn": "do:droplet:150583866",
                            "vcpus": "1",
                            "volume_ids.#": "0"
                        },
                        "meta": {
                            "schema_version": "1"
                        },
                        "tainted": false
                    },
                    "deposed": [],
                    "provider": "provider.digitalocean"
                },
                "digitalocean_droplet.discovery_server_01_droplet": {
                    "type": "digitalocean_droplet",
                    "depends_on": [
                        "digitalocean_tag.discovery_server_role",
                        "digitalocean_tag.target_env"
                    ],
                    "primary": {
                        "id": "150583863",
                        "attributes": {
                            "backups": "false",
                            "disk": "30",
                            "id": "150583863",
                            "image": "ubuntu-18-04-x64",
                            "ipv4_address": "165.22.77.19",
                            "ipv4_address_private": "10.135.143.181",
                            "ipv6": "false",
                            "ipv6_address": "",
                            "ipv6_address_private": "",
                            "locked": "false",
                            "memory": "1024",
                            "monitoring": "false",
                            "name": "discovery-server-01",
                            "price_hourly": "0.01488",
                            "price_monthly": "10",
                            "private_networking": "true",
                            "region": "fra1",
                            "resize_disk": "true",
                            "size": "1gb",
                            "ssh_keys.#": "1",
                            "ssh_keys.523117032": "c0:97:b7:e0:93:91:d0:1f:d1:d1:97:85:f4:12:26:9a",
                            "status": "active",
                            "tags.#": "2",
                            "tags.1134563787": "discovery-server",
                            "tags.3176302885": "staging",
                            "urn": "do:droplet:150583863",
                            "vcpus": "1",
                            "volume_ids.#": "0"
                        },
                        "meta": {
                            "schema_version": "1"
                        },
                        "tainted": false
                    },
                    "deposed": [],
                    "provider": "provider.digitalocean"
                },
                "digitalocean_droplet.discovery_server_02_droplet": {
                    "type": "digitalocean_droplet",
                    "depends_on": [
                        "digitalocean_tag.discovery_server_role",
                        "digitalocean_tag.target_env"
                    ],
                    "primary": {
                        "id": "150583861",
                        "attributes": {
                            "backups": "false",
                            "disk": "30",
                            "id": "150583861",
                            "image": "ubuntu-18-04-x64",
                            "ipv4_address": "165.22.199.7",
                            "ipv4_address_private": "10.133.93.47",
                            "ipv6": "false",
                            "ipv6_address": "",
                            "ipv6_address_private": "",
                            "locked": "false",
                            "memory": "1024",
                            "monitoring": "false",
                            "name": "discovery-server-02",
                            "price_hourly": "0.01488",
                            "price_monthly": "10",
                            "private_networking": "true",
                            "region": "ams3",
                            "resize_disk": "true",
                            "size": "1gb",
                            "ssh_keys.#": "1",
                            "ssh_keys.523117032": "c0:97:b7:e0:93:91:d0:1f:d1:d1:97:85:f4:12:26:9a",
                            "status": "active",
                            "tags.#": "2",
                            "tags.1134563787": "discovery-server",
                            "tags.3176302885": "staging",
                            "urn": "do:droplet:150583861",
                            "vcpus": "1",
                            "volume_ids.#": "0"
                        },
                        "meta": {
                            "schema_version": "1"
                        },
                        "tainted": false
                    },
                    "deposed": [],
                    "provider": "provider.digitalocean"
                },
                "digitalocean_droplet.discovery_server_03_droplet": {
                    "type": "digitalocean_droplet",
                    "depends_on": [
                        "digitalocean_tag.discovery_server_role",
                        "digitalocean_tag.target_env"
                    ],
                    "primary": {
                        "id": "150583862",
                        "attributes": {
                            "backups": "false",
                            "disk": "30",
                            "id": "150583862",
                            "image": "ubuntu-18-04-x64",
                            "ipv4_address": "178.62.109.30",
                            "ipv4_address_private": "10.131.74.58",
                            "ipv6": "false",
                            "ipv6_address": "",
                            "ipv6_address_private": "",
                            "locked": "false",
                            "memory": "1024",
                            "monitoring": "false",
                            "name": "discovery-server-03",
                            "price_hourly": "0.01488",
                            "price_monthly": "10",
                            "private_networking": "true",
                            "region": "lon1",
                            "resize_disk": "true",
                            "size": "1gb",
                            "ssh_keys.#": "1",
                            "ssh_keys.523117032": "c0:97:b7:e0:93:91:d0:1f:d1:d1:97:85:f4:12:26:9a",
                            "status": "active",
                            "tags.#": "2",
                            "tags.1134563787": "discovery-server",
                            "tags.3176302885": "staging",
                            "urn": "do:droplet:150583862",
                            "vcpus": "1",
                            "volume_ids.#": "0"
                        },
                        "meta": {
                            "schema_version": "1"
                        },
                        "tainted": false
                    },
                    "deposed": [],
                    "provider": "provider.digitalocean"
                },
                "digitalocean_tag.broker_client_role": {
                    "type": "digitalocean_tag",
                    "depends_on": [],
                    "primary": {
                        "id": "broker-client",
                        "attributes": {
                            "id": "broker-client",
                            "name": "broker-client"
                        },
                        "meta": {},
                        "tainted": false
                    },
                    "deposed": [],
                    "provider": "provider.digitalocean"
                },
                "digitalocean_tag.broker_consumer_role": {
                    "type": "digitalocean_tag",
                    "depends_on": [],
                    "primary": {
                        "id": "broker-consumer",
                        "attributes": {
                            "id": "broker-consumer",
                            "name": "broker-consumer"
                        },
                        "meta": {},
                        "tainted": false
                    },
                    "deposed": [],
                    "provider": "provider.digitalocean"
                },
                "digitalocean_tag.broker_producer_role": {
                    "type": "digitalocean_tag",
                    "depends_on": [],
                    "primary": {
                        "id": "broker-producer",
                        "attributes": {
                            "id": "broker-producer",
                            "name": "broker-producer"
                        },
                        "meta": {},
                        "tainted": false
                    },
                    "deposed": [],
                    "provider": "provider.digitalocean"
                },
                "digitalocean_tag.broker_server_role": {
                    "type": "digitalocean_tag",
                    "depends_on": [],
                    "primary": {
                        "id": "broker-server",
                        "attributes": {
                            "id": "broker-server",
                            "name": "broker-server"
                        },
                        "meta": {},
                        "tainted": false
                    },
                    "deposed": [],
                    "provider": "provider.digitalocean"
                },
                "digitalocean_tag.discovery_client_role": {
                    "type": "digitalocean_tag",
                    "depends_on": [],
                    "primary": {
                        "id": "discovery-client",
                        "attributes": {
                            "id": "discovery-client",
                            "name": "discovery-client"
                        },
                        "meta": {},
                        "tainted": false
                    },
                    "deposed": [],
                    "provider": "provider.digitalocean"
                },
                "digitalocean_tag.discovery_server_role": {
                    "type": "digitalocean_tag",
                    "depends_on": [],
                    "primary": {
                        "id": "discovery-server",
                        "attributes": {
                            "id": "discovery-server",
                            "name": "discovery-server"
                        },
                        "meta": {},
                        "tainted": false
                    },
                    "deposed": [],
                    "provider": "provider.digitalocean"
                },
                "digitalocean_tag.target_env": {
                    "type": "digitalocean_tag",
                    "depends_on": [],
                    "primary": {
                        "id": "staging",
                        "attributes": {
                            "id": "staging",
                            "name": "staging"
                        },
                        "meta": {},
                        "tainted": false
                    },
                    "deposed": [],
                    "provider": "provider.digitalocean"
                }
            },
            "depends_on": []
        }
    ]
}
