{
    "version": 3,
    "terraform_version": "0.11.14",
    "serial": 41,
    "lineage": "4f835cfa-6927-051e-0c68-b0e3ff3f02c6",
    "modules": [
        {
            "path": [
                "root"
            ],
            "outputs": {},
            "resources": {
                "ansible_host.broker_consumer_droplet": {
                    "type": "ansible_host",
                    "depends_on": [
                        "digitalocean_droplet.broker_consumer_droplet"
                    ],
                    "primary": {
                        "id": "broker-consumer",
                        "attributes": {
                            "groups.#": "4",
                            "groups.0": "staging",
                            "groups.1": "discovery-client",
                            "groups.2": "broker-client",
                            "groups.3": "broker-consumer",
                            "id": "broker-consumer",
                            "inventory_hostname": "broker-consumer",
                            "variable_priority": "50",
                            "vars.%": "4",
                            "vars.ansible_host": "138.68.103.204",
                            "vars.ansible_python_interpreter": "/usr/bin/python3",
                            "vars.datacenter_name": "fra1",
                            "vars.datacenter_role": "primary"
                        },
                        "meta": {},
                        "tainted": false
                    },
                    "deposed": [],
                    "provider": "provider.ansible"
                },
                "ansible_host.broker_producer_droplet": {
                    "type": "ansible_host",
                    "depends_on": [
                        "digitalocean_droplet.broker_producer_droplet"
                    ],
                    "primary": {
                        "id": "broker-producer",
                        "attributes": {
                            "groups.#": "4",
                            "groups.0": "staging",
                            "groups.1": "discovery-client",
                            "groups.2": "broker-client",
                            "groups.3": "broker-producer",
                            "id": "broker-producer",
                            "inventory_hostname": "broker-producer",
                            "variable_priority": "50",
                            "vars.%": "4",
                            "vars.ansible_host": "167.71.46.81",
                            "vars.ansible_python_interpreter": "/usr/bin/python3",
                            "vars.datacenter_name": "fra1",
                            "vars.datacenter_role": "primary"
                        },
                        "meta": {},
                        "tainted": false
                    },
                    "deposed": [],
                    "provider": "provider.ansible"
                },
                "ansible_host.broker_server_01_droplet": {
                    "type": "ansible_host",
                    "depends_on": [
                        "digitalocean_droplet.broker_server_01_droplet"
                    ],
                    "primary": {
                        "id": "broker-server-01",
                        "attributes": {
                            "groups.#": "4",
                            "groups.0": "staging",
                            "groups.1": "discovery-client",
                            "groups.2": "broker-server",
                            "groups.3": "primary",
                            "id": "broker-server-01",
                            "inventory_hostname": "broker-server-01",
                            "variable_priority": "50",
                            "vars.%": "4",
                            "vars.ansible_host": "138.68.103.184",
                            "vars.ansible_python_interpreter": "/usr/bin/python3",
                            "vars.datacenter_name": "fra1",
                            "vars.datacenter_role": "primary"
                        },
                        "meta": {},
                        "tainted": false
                    },
                    "deposed": [],
                    "provider": "provider.ansible"
                },
                "ansible_host.broker_server_02_droplet": {
                    "type": "ansible_host",
                    "depends_on": [
                        "digitalocean_droplet.broker_server_02_droplet"
                    ],
                    "primary": {
                        "id": "broker-server-02",
                        "attributes": {
                            "groups.#": "4",
                            "groups.0": "staging",
                            "groups.1": "discovery-client",
                            "groups.2": "broker-server",
                            "groups.3": "fallback",
                            "id": "broker-server-02",
                            "inventory_hostname": "broker-server-02",
                            "variable_priority": "50",
                            "vars.%": "4",
                            "vars.ansible_host": "165.22.204.166",
                            "vars.ansible_python_interpreter": "/usr/bin/python3",
                            "vars.datacenter_name": "ams3",
                            "vars.datacenter_role": "fallback"
                        },
                        "meta": {},
                        "tainted": false
                    },
                    "deposed": [],
                    "provider": "provider.ansible"
                },
                "ansible_host.broker_server_03_droplet": {
                    "type": "ansible_host",
                    "depends_on": [
                        "digitalocean_droplet.broker_server_03_droplet"
                    ],
                    "primary": {
                        "id": "broker-server-03",
                        "attributes": {
                            "groups.#": "4",
                            "groups.0": "staging",
                            "groups.1": "discovery-client",
                            "groups.2": "broker-server",
                            "groups.3": "ternary",
                            "id": "broker-server-03",
                            "inventory_hostname": "broker-server-03",
                            "variable_priority": "50",
                            "vars.%": "4",
                            "vars.ansible_host": "104.248.174.156",
                            "vars.ansible_python_interpreter": "/usr/bin/python3",
                            "vars.datacenter_name": "lon1",
                            "vars.datacenter_role": "ternary"
                        },
                        "meta": {},
                        "tainted": false
                    },
                    "deposed": [],
                    "provider": "provider.ansible"
                },
                "ansible_host.discovery_server_01_droplet": {
                    "type": "ansible_host",
                    "depends_on": [
                        "digitalocean_droplet.discovery_server_01_droplet"
                    ],
                    "primary": {
                        "id": "discovery-server-01",
                        "attributes": {
                            "groups.#": "3",
                            "groups.0": "staging",
                            "groups.1": "discovery-server",
                            "groups.2": "primary",
                            "id": "discovery-server-01",
                            "inventory_hostname": "discovery-server-01",
                            "variable_priority": "50",
                            "vars.%": "4",
                            "vars.ansible_host": "46.101.155.35",
                            "vars.ansible_python_interpreter": "/usr/bin/python3",
                            "vars.datacenter_name": "fra1",
                            "vars.datacenter_role": "primary"
                        },
                        "meta": {},
                        "tainted": false
                    },
                    "deposed": [],
                    "provider": "provider.ansible"
                },
                "ansible_host.discovery_server_02_droplet": {
                    "type": "ansible_host",
                    "depends_on": [
                        "digitalocean_droplet.discovery_server_02_droplet"
                    ],
                    "primary": {
                        "id": "discovery-server-02",
                        "attributes": {
                            "groups.#": "3",
                            "groups.0": "staging",
                            "groups.1": "discovery-server",
                            "groups.2": "fallback",
                            "id": "discovery-server-02",
                            "inventory_hostname": "discovery-server-02",
                            "variable_priority": "50",
                            "vars.%": "4",
                            "vars.ansible_host": "165.22.196.11",
                            "vars.ansible_python_interpreter": "/usr/bin/python3",
                            "vars.datacenter_name": "ams3",
                            "vars.datacenter_role": "fallback"
                        },
                        "meta": {},
                        "tainted": false
                    },
                    "deposed": [],
                    "provider": "provider.ansible"
                },
                "ansible_host.discovery_server_03_droplet": {
                    "type": "ansible_host",
                    "depends_on": [
                        "digitalocean_droplet.discovery_server_03_droplet"
                    ],
                    "primary": {
                        "id": "discovery-server-03",
                        "attributes": {
                            "groups.#": "3",
                            "groups.0": "staging",
                            "groups.1": "discovery-server",
                            "groups.2": "ternary",
                            "id": "discovery-server-03",
                            "inventory_hostname": "discovery-server-03",
                            "variable_priority": "50",
                            "vars.%": "4",
                            "vars.ansible_host": "104.248.165.162",
                            "vars.ansible_python_interpreter": "/usr/bin/python3",
                            "vars.datacenter_name": "lon1",
                            "vars.datacenter_role": "ternary"
                        },
                        "meta": {},
                        "tainted": false
                    },
                    "deposed": [],
                    "provider": "provider.ansible"
                },
                "digitalocean_droplet.broker_consumer_droplet": {
                    "type": "digitalocean_droplet",
                    "depends_on": [],
                    "primary": {
                        "id": "150501083",
                        "attributes": {
                            "backups": "false",
                            "disk": "30",
                            "id": "150501083",
                            "image": "ubuntu-18-04-x64",
                            "ipv4_address": "138.68.103.204",
                            "ipv4_address_private": "10.135.200.46",
                            "ipv6": "false",
                            "ipv6_address": "",
                            "ipv6_address_private": "",
                            "locked": "false",
                            "memory": "1024",
                            "monitoring": "false",
                            "name": "broker-consumer",
                            "price_hourly": "0.01488",
                            "price_monthly": "10",
                            "private_networking": "true",
                            "region": "fra1",
                            "resize_disk": "true",
                            "size": "1gb",
                            "ssh_keys.#": "1",
                            "ssh_keys.777555529": "35:a7:84:88:49:af:f2:99:0b:56:bc:e0:a2:b1:1c:4f",
                            "status": "active",
                            "tags.#": "4",
                            "tags.1676411945": "broker-client",
                            "tags.3176302885": "staging",
                            "tags.3733569640": "discovery-client",
                            "tags.4090602869": "broker-consumer",
                            "urn": "do:droplet:150501083",
                            "vcpus": "1",
                            "volume_ids.#": "0"
                        },
                        "meta": {
                            "schema_version": "1"
                        },
                        "tainted": false
                    },
                    "deposed": [],
                    "provider": "provider.digitalocean"
                },
                "digitalocean_droplet.broker_producer_droplet": {
                    "type": "digitalocean_droplet",
                    "depends_on": [],
                    "primary": {
                        "id": "150501082",
                        "attributes": {
                            "backups": "false",
                            "disk": "30",
                            "id": "150501082",
                            "image": "ubuntu-18-04-x64",
                            "ipv4_address": "167.71.46.81",
                            "ipv4_address_private": "10.135.200.44",
                            "ipv6": "false",
                            "ipv6_address": "",
                            "ipv6_address_private": "",
                            "locked": "false",
                            "memory": "1024",
                            "monitoring": "false",
                            "name": "broker-producer",
                            "price_hourly": "0.01488",
                            "price_monthly": "10",
                            "private_networking": "true",
                            "region": "fra1",
                            "resize_disk": "true",
                            "size": "1gb",
                            "ssh_keys.#": "1",
                            "ssh_keys.777555529": "35:a7:84:88:49:af:f2:99:0b:56:bc:e0:a2:b1:1c:4f",
                            "status": "active",
                            "tags.#": "4",
                            "tags.1676411945": "broker-client",
                            "tags.3176302885": "staging",
                            "tags.351198094": "broker-producer",
                            "tags.3733569640": "discovery-client",
                            "urn": "do:droplet:150501082",
                            "vcpus": "1",
                            "volume_ids.#": "0"
                        },
                        "meta": {
                            "schema_version": "1"
                        },
                        "tainted": false
                    },
                    "deposed": [],
                    "provider": "provider.digitalocean"
                },
                "digitalocean_droplet.broker_server_01_droplet": {
                    "type": "digitalocean_droplet",
                    "depends_on": [
                        "digitalocean_tag.broker_server_role",
                        "digitalocean_tag.discovery_client_role",
                        "digitalocean_tag.target_env"
                    ],
                    "primary": {
                        "id": "150501087",
                        "attributes": {
                            "backups": "false",
                            "disk": "30",
                            "id": "150501087",
                            "image": "ubuntu-18-04-x64",
                            "ipv4_address": "138.68.103.184",
                            "ipv4_address_private": "10.135.200.45",
                            "ipv6": "false",
                            "ipv6_address": "",
                            "ipv6_address_private": "",
                            "locked": "false",
                            "memory": "1024",
                            "monitoring": "false",
                            "name": "broker-server-01",
                            "price_hourly": "0.01488",
                            "price_monthly": "10",
                            "private_networking": "true",
                            "region": "fra1",
                            "resize_disk": "true",
                            "size": "1gb",
                            "ssh_keys.#": "1",
                            "ssh_keys.777555529": "35:a7:84:88:49:af:f2:99:0b:56:bc:e0:a2:b1:1c:4f",
                            "status": "active",
                            "tags.#": "3",
                            "tags.3176302885": "staging",
                            "tags.3733569640": "discovery-client",
                            "tags.4274378122": "broker-server",
                            "urn": "do:droplet:150501087",
                            "vcpus": "1",
                            "volume_ids.#": "0"
                        },
                        "meta": {
                            "schema_version": "1"
                        },
                        "tainted": false
                    },
                    "deposed": [],
                    "provider": "provider.digitalocean"
                },
                "digitalocean_droplet.broker_server_02_droplet": {
                    "type": "digitalocean_droplet",
                    "depends_on": [
                        "digitalocean_tag.broker_server_role",
                        "digitalocean_tag.discovery_client_role",
                        "digitalocean_tag.target_env"
                    ],
                    "primary": {
                        "id": "150501089",
                        "attributes": {
                            "backups": "false",
                            "disk": "30",
                            "id": "150501089",
                            "image": "ubuntu-18-04-x64",
                            "ipv4_address": "165.22.204.166",
                            "ipv4_address_private": "10.133.74.79",
                            "ipv6": "false",
                            "ipv6_address": "",
                            "ipv6_address_private": "",
                            "locked": "false",
                            "memory": "1024",
                            "monitoring": "false",
                            "name": "broker-server-02",
                            "price_hourly": "0.01488",
                            "price_monthly": "10",
                            "private_networking": "true",
                            "region": "ams3",
                            "resize_disk": "true",
                            "size": "1gb",
                            "ssh_keys.#": "1",
                            "ssh_keys.777555529": "35:a7:84:88:49:af:f2:99:0b:56:bc:e0:a2:b1:1c:4f",
                            "status": "active",
                            "tags.#": "3",
                            "tags.3176302885": "staging",
                            "tags.3733569640": "discovery-client",
                            "tags.4274378122": "broker-server",
                            "urn": "do:droplet:150501089",
                            "vcpus": "1",
                            "volume_ids.#": "0"
                        },
                        "meta": {
                            "schema_version": "1"
                        },
                        "tainted": false
                    },
                    "deposed": [],
                    "provider": "provider.digitalocean"
                },
                "digitalocean_droplet.broker_server_03_droplet": {
                    "type": "digitalocean_droplet",
                    "depends_on": [
                        "digitalocean_tag.broker_server_role",
                        "digitalocean_tag.discovery_client_role",
                        "digitalocean_tag.target_env"
                    ],
                    "primary": {
                        "id": "150501091",
                        "attributes": {
                            "backups": "false",
                            "disk": "30",
                            "id": "150501091",
                            "image": "ubuntu-18-04-x64",
                            "ipv4_address": "104.248.174.156",
                            "ipv4_address_private": "10.131.46.129",
                            "ipv6": "false",
                            "ipv6_address": "",
                            "ipv6_address_private": "",
                            "locked": "false",
                            "memory": "1024",
                            "monitoring": "false",
                            "name": "broker-server-03",
                            "price_hourly": "0.01488",
                            "price_monthly": "10",
                            "private_networking": "true",
                            "region": "lon1",
                            "resize_disk": "true",
                            "size": "1gb",
                            "ssh_keys.#": "1",
                            "ssh_keys.777555529": "35:a7:84:88:49:af:f2:99:0b:56:bc:e0:a2:b1:1c:4f",
                            "status": "active",
                            "tags.#": "3",
                            "tags.3176302885": "staging",
                            "tags.3733569640": "discovery-client",
                            "tags.4274378122": "broker-server",
                            "urn": "do:droplet:150501091",
                            "vcpus": "1",
                            "volume_ids.#": "0"
                        },
                        "meta": {
                            "schema_version": "1"
                        },
                        "tainted": false
                    },
                    "deposed": [],
                    "provider": "provider.digitalocean"
                },
                "digitalocean_droplet.discovery_server_01_droplet": {
                    "type": "digitalocean_droplet",
                    "depends_on": [
                        "digitalocean_tag.discovery_server_role",
                        "digitalocean_tag.target_env"
                    ],
                    "primary": {
                        "id": "150498495",
                        "attributes": {
                            "backups": "false",
                            "disk": "30",
                            "id": "150498495",
                            "image": "ubuntu-18-04-x64",
                            "ipv4_address": "46.101.155.35",
                            "ipv4_address_private": "10.135.199.160",
                            "ipv6": "false",
                            "ipv6_address": "",
                            "ipv6_address_private": "",
                            "locked": "false",
                            "memory": "1024",
                            "monitoring": "false",
                            "name": "discovery-server-01",
                            "price_hourly": "0.01488",
                            "price_monthly": "10",
                            "private_networking": "true",
                            "region": "fra1",
                            "resize_disk": "true",
                            "size": "1gb",
                            "ssh_keys.#": "1",
                            "ssh_keys.777555529": "35:a7:84:88:49:af:f2:99:0b:56:bc:e0:a2:b1:1c:4f",
                            "status": "active",
                            "tags.#": "2",
                            "tags.1134563787": "discovery-server",
                            "tags.3176302885": "staging",
                            "urn": "do:droplet:150498495",
                            "vcpus": "1",
                            "volume_ids.#": "0"
                        },
                        "meta": {
                            "schema_version": "1"
                        },
                        "tainted": false
                    },
                    "deposed": [],
                    "provider": "provider.digitalocean"
                },
                "digitalocean_droplet.discovery_server_02_droplet": {
                    "type": "digitalocean_droplet",
                    "depends_on": [
                        "digitalocean_tag.discovery_server_role",
                        "digitalocean_tag.target_env"
                    ],
                    "primary": {
                        "id": "150498491",
                        "attributes": {
                            "backups": "false",
                            "disk": "30",
                            "id": "150498491",
                            "image": "ubuntu-18-04-x64",
                            "ipv4_address": "165.22.196.11",
                            "ipv4_address_private": "10.133.73.141",
                            "ipv6": "false",
                            "ipv6_address": "",
                            "ipv6_address_private": "",
                            "locked": "false",
                            "memory": "1024",
                            "monitoring": "false",
                            "name": "discovery-server-02",
                            "price_hourly": "0.01488",
                            "price_monthly": "10",
                            "private_networking": "true",
                            "region": "ams3",
                            "resize_disk": "true",
                            "size": "1gb",
                            "ssh_keys.#": "1",
                            "ssh_keys.777555529": "35:a7:84:88:49:af:f2:99:0b:56:bc:e0:a2:b1:1c:4f",
                            "status": "active",
                            "tags.#": "2",
                            "tags.1134563787": "discovery-server",
                            "tags.3176302885": "staging",
                            "urn": "do:droplet:150498491",
                            "vcpus": "1",
                            "volume_ids.#": "0"
                        },
                        "meta": {
                            "schema_version": "1"
                        },
                        "tainted": false
                    },
                    "deposed": [],
                    "provider": "provider.digitalocean"
                },
                "digitalocean_droplet.discovery_server_03_droplet": {
                    "type": "digitalocean_droplet",
                    "depends_on": [
                        "digitalocean_tag.discovery_server_role",
                        "digitalocean_tag.target_env"
                    ],
                    "primary": {
                        "id": "150498492",
                        "attributes": {
                            "backups": "false",
                            "disk": "30",
                            "id": "150498492",
                            "image": "ubuntu-18-04-x64",
                            "ipv4_address": "104.248.165.162",
                            "ipv4_address_private": "10.131.50.14",
                            "ipv6": "false",
                            "ipv6_address": "",
                            "ipv6_address_private": "",
                            "locked": "false",
                            "memory": "1024",
                            "monitoring": "false",
                            "name": "discovery-server-03",
                            "price_hourly": "0.01488",
                            "price_monthly": "10",
                            "private_networking": "true",
                            "region": "lon1",
                            "resize_disk": "true",
                            "size": "1gb",
                            "ssh_keys.#": "1",
                            "ssh_keys.777555529": "35:a7:84:88:49:af:f2:99:0b:56:bc:e0:a2:b1:1c:4f",
                            "status": "active",
                            "tags.#": "2",
                            "tags.1134563787": "discovery-server",
                            "tags.3176302885": "staging",
                            "urn": "do:droplet:150498492",
                            "vcpus": "1",
                            "volume_ids.#": "0"
                        },
                        "meta": {
                            "schema_version": "1"
                        },
                        "tainted": false
                    },
                    "deposed": [],
                    "provider": "provider.digitalocean"
                },
                "digitalocean_tag.broker_client_role": {
                    "type": "digitalocean_tag",
                    "depends_on": [],
                    "primary": {
                        "id": "broker-client",
                        "attributes": {
                            "id": "broker-client",
                            "name": "broker-client"
                        },
                        "meta": {},
                        "tainted": false
                    },
                    "deposed": [],
                    "provider": "provider.digitalocean"
                },
                "digitalocean_tag.broker_consumer_role": {
                    "type": "digitalocean_tag",
                    "depends_on": [],
                    "primary": {
                        "id": "broker-consumer",
                        "attributes": {
                            "id": "broker-consumer",
                            "name": "broker-consumer"
                        },
                        "meta": {},
                        "tainted": false
                    },
                    "deposed": [],
                    "provider": "provider.digitalocean"
                },
                "digitalocean_tag.broker_producer_role": {
                    "type": "digitalocean_tag",
                    "depends_on": [],
                    "primary": {
                        "id": "broker-producer",
                        "attributes": {
                            "id": "broker-producer",
                            "name": "broker-producer"
                        },
                        "meta": {},
                        "tainted": false
                    },
                    "deposed": [],
                    "provider": "provider.digitalocean"
                },
                "digitalocean_tag.broker_server_role": {
                    "type": "digitalocean_tag",
                    "depends_on": [],
                    "primary": {
                        "id": "broker-server",
                        "attributes": {
                            "id": "broker-server",
                            "name": "broker-server"
                        },
                        "meta": {},
                        "tainted": false
                    },
                    "deposed": [],
                    "provider": "provider.digitalocean"
                },
                "digitalocean_tag.discovery_client_role": {
                    "type": "digitalocean_tag",
                    "depends_on": [],
                    "primary": {
                        "id": "discovery-client",
                        "attributes": {
                            "id": "discovery-client",
                            "name": "discovery-client"
                        },
                        "meta": {},
                        "tainted": false
                    },
                    "deposed": [],
                    "provider": "provider.digitalocean"
                },
                "digitalocean_tag.discovery_server_role": {
                    "type": "digitalocean_tag",
                    "depends_on": [],
                    "primary": {
                        "id": "discovery-server",
                        "attributes": {
                            "id": "discovery-server",
                            "name": "discovery-server"
                        },
                        "meta": {},
                        "tainted": false
                    },
                    "deposed": [],
                    "provider": "provider.digitalocean"
                },
                "digitalocean_tag.target_env": {
                    "type": "digitalocean_tag",
                    "depends_on": [],
                    "primary": {
                        "id": "staging",
                        "attributes": {
                            "id": "staging",
                            "name": "staging"
                        },
                        "meta": {},
                        "tainted": false
                    },
                    "deposed": [],
                    "provider": "provider.digitalocean"
                }
            },
            "depends_on": []
        }
    ]
}
