{
    "version": 3,
    "terraform_version": "0.11.14",
    "serial": 37,
    "lineage": "4f835cfa-6927-051e-0c68-b0e3ff3f02c6",
    "modules": [
        {
            "path": [
                "root"
            ],
            "outputs": {},
            "resources": {
                "ansible_host.broker_consumer_droplet": {
                    "type": "ansible_host",
                    "depends_on": [
                        "digitalocean_droplet.broker_consumer_droplet"
                    ],
                    "primary": {
                        "id": "broker-consumer",
                        "attributes": {
                            "groups.#": "4",
                            "groups.0": "staging",
                            "groups.1": "discovery-client",
                            "groups.2": "broker-client",
                            "groups.3": "broker-consumer",
                            "id": "broker-consumer",
                            "inventory_hostname": "broker-consumer",
                            "vars.%": "4",
                            "vars.ansible_host": "167.71.44.227",
                            "vars.ansible_python_interpreter": "/usr/bin/python3",
                            "vars.datacenter_name": "fra1",
                            "vars.datacenter_role": "primary"
                        },
                        "meta": {},
                        "tainted": false
                    },
                    "deposed": [],
                    "provider": "provider.ansible"
                },
                "ansible_host.broker_producer_droplet": {
                    "type": "ansible_host",
                    "depends_on": [
                        "digitalocean_droplet.broker_producer_droplet"
                    ],
                    "primary": {
                        "id": "broker-producer",
                        "attributes": {
                            "groups.#": "4",
                            "groups.0": "staging",
                            "groups.1": "discovery-client",
                            "groups.2": "broker-client",
                            "groups.3": "broker-producer",
                            "id": "broker-producer",
                            "inventory_hostname": "broker-producer",
                            "vars.%": "4",
                            "vars.ansible_host": "167.71.36.37",
                            "vars.ansible_python_interpreter": "/usr/bin/python3",
                            "vars.datacenter_name": "fra1",
                            "vars.datacenter_role": "primary"
                        },
                        "meta": {},
                        "tainted": false
                    },
                    "deposed": [],
                    "provider": "provider.ansible"
                },
                "ansible_host.broker_server_01_droplet": {
                    "type": "ansible_host",
                    "depends_on": [
                        "digitalocean_droplet.broker_server_01_droplet"
                    ],
                    "primary": {
                        "id": "broker-server-01",
                        "attributes": {
                            "groups.#": "4",
                            "groups.0": "staging",
                            "groups.1": "discovery-client",
                            "groups.2": "broker-server",
                            "groups.3": "primary",
                            "id": "broker-server-01",
                            "inventory_hostname": "broker-server-01",
                            "vars.%": "4",
                            "vars.ansible_host": "138.68.94.242",
                            "vars.ansible_python_interpreter": "/usr/bin/python3",
                            "vars.datacenter_name": "fra1",
                            "vars.datacenter_role": "primary"
                        },
                        "meta": {},
                        "tainted": false
                    },
                    "deposed": [],
                    "provider": "provider.ansible"
                },
                "ansible_host.broker_server_02_droplet": {
                    "type": "ansible_host",
                    "depends_on": [
                        "digitalocean_droplet.broker_server_02_droplet"
                    ],
                    "primary": {
                        "id": "broker-server-02",
                        "attributes": {
                            "groups.#": "4",
                            "groups.0": "staging",
                            "groups.1": "discovery-client",
                            "groups.2": "broker-server",
                            "groups.3": "fallback",
                            "id": "broker-server-02",
                            "inventory_hostname": "broker-server-02",
                            "vars.%": "4",
                            "vars.ansible_host": "142.93.239.232",
                            "vars.ansible_python_interpreter": "/usr/bin/python3",
                            "vars.datacenter_name": "ams3",
                            "vars.datacenter_role": "fallback"
                        },
                        "meta": {},
                        "tainted": false
                    },
                    "deposed": [],
                    "provider": "provider.ansible"
                },
                "ansible_host.broker_server_03_droplet": {
                    "type": "ansible_host",
                    "depends_on": [
                        "digitalocean_droplet.broker_server_03_droplet"
                    ],
                    "primary": {
                        "id": "broker-server-03",
                        "attributes": {
                            "groups.#": "4",
                            "groups.0": "staging",
                            "groups.1": "discovery-client",
                            "groups.2": "broker-server",
                            "groups.3": "ternary",
                            "id": "broker-server-03",
                            "inventory_hostname": "broker-server-03",
                            "vars.%": "4",
                            "vars.ansible_host": "178.128.160.225",
                            "vars.ansible_python_interpreter": "/usr/bin/python3",
                            "vars.datacenter_name": "lon1",
                            "vars.datacenter_role": "ternary"
                        },
                        "meta": {},
                        "tainted": false
                    },
                    "deposed": [],
                    "provider": "provider.ansible"
                },
                "ansible_host.cache_server_01_droplet": {
                    "type": "ansible_host",
                    "depends_on": [
                        "digitalocean_droplet.cache_server_01_droplet"
                    ],
                    "primary": {
                        "id": "cache-server-01",
                        "attributes": {
                            "groups.#": "4",
                            "groups.0": "staging",
                            "groups.1": "discovery-client",
                            "groups.2": "cache-server",
                            "groups.3": "primary",
                            "id": "cache-server-01",
                            "inventory_hostname": "cache-server-01",
                            "vars.%": "4",
                            "vars.ansible_host": "167.71.36.153",
                            "vars.ansible_python_interpreter": "/usr/bin/python3",
                            "vars.datacenter_name": "fra1",
                            "vars.datacenter_role": "primary"
                        },
                        "meta": {},
                        "tainted": false
                    },
                    "deposed": [],
                    "provider": "provider.ansible"
                },
                "ansible_host.cache_server_02_droplet": {
                    "type": "ansible_host",
                    "depends_on": [
                        "digitalocean_droplet.cache_server_02_droplet"
                    ],
                    "primary": {
                        "id": "cache-server-02",
                        "attributes": {
                            "groups.#": "4",
                            "groups.0": "staging",
                            "groups.1": "discovery-client",
                            "groups.2": "cache-server",
                            "groups.3": "fallback",
                            "id": "cache-server-02",
                            "inventory_hostname": "cache-server-02",
                            "vars.%": "4",
                            "vars.ansible_host": "142.93.143.99",
                            "vars.ansible_python_interpreter": "/usr/bin/python3",
                            "vars.datacenter_name": "ams3",
                            "vars.datacenter_role": "fallback"
                        },
                        "meta": {},
                        "tainted": false
                    },
                    "deposed": [],
                    "provider": "provider.ansible"
                },
                "ansible_host.cache_server_03_droplet": {
                    "type": "ansible_host",
                    "depends_on": [
                        "digitalocean_droplet.cache_server_03_droplet"
                    ],
                    "primary": {
                        "id": "cache-server-03",
                        "attributes": {
                            "groups.#": "4",
                            "groups.0": "staging",
                            "groups.1": "discovery-client",
                            "groups.2": "cache-server",
                            "groups.3": "ternary",
                            "id": "cache-server-03",
                            "inventory_hostname": "cache-server-03",
                            "vars.%": "4",
                            "vars.ansible_host": "209.97.187.170",
                            "vars.ansible_python_interpreter": "/usr/bin/python3",
                            "vars.datacenter_name": "lon1",
                            "vars.datacenter_role": "ternary"
                        },
                        "meta": {},
                        "tainted": false
                    },
                    "deposed": [],
                    "provider": "provider.ansible"
                },
                "ansible_host.discovery_server_01_droplet": {
                    "type": "ansible_host",
                    "depends_on": [
                        "digitalocean_droplet.discovery_server_01_droplet"
                    ],
                    "primary": {
                        "id": "discovery-server-01",
                        "attributes": {
                            "groups.#": "3",
                            "groups.0": "staging",
                            "groups.1": "discovery-server",
                            "groups.2": "primary",
                            "id": "discovery-server-01",
                            "inventory_hostname": "discovery-server-01",
                            "vars.%": "4",
                            "vars.ansible_host": "167.71.44.224",
                            "vars.ansible_python_interpreter": "/usr/bin/python3",
                            "vars.datacenter_name": "fra1",
                            "vars.datacenter_role": "primary"
                        },
                        "meta": {},
                        "tainted": false
                    },
                    "deposed": [],
                    "provider": "provider.ansible"
                },
                "ansible_host.discovery_server_02_droplet": {
                    "type": "ansible_host",
                    "depends_on": [
                        "digitalocean_droplet.discovery_server_02_droplet"
                    ],
                    "primary": {
                        "id": "discovery-server-02",
                        "attributes": {
                            "groups.#": "3",
                            "groups.0": "staging",
                            "groups.1": "discovery-server",
                            "groups.2": "fallback",
                            "id": "discovery-server-02",
                            "inventory_hostname": "discovery-server-02",
                            "vars.%": "4",
                            "vars.ansible_host": "104.248.81.191",
                            "vars.ansible_python_interpreter": "/usr/bin/python3",
                            "vars.datacenter_name": "ams3",
                            "vars.datacenter_role": "fallback"
                        },
                        "meta": {},
                        "tainted": false
                    },
                    "deposed": [],
                    "provider": "provider.ansible"
                },
                "ansible_host.discovery_server_03_droplet": {
                    "type": "ansible_host",
                    "depends_on": [
                        "digitalocean_droplet.discovery_server_03_droplet"
                    ],
                    "primary": {
                        "id": "discovery-server-03",
                        "attributes": {
                            "groups.#": "3",
                            "groups.0": "staging",
                            "groups.1": "discovery-server",
                            "groups.2": "ternary",
                            "id": "discovery-server-03",
                            "inventory_hostname": "discovery-server-03",
                            "vars.%": "4",
                            "vars.ansible_host": "209.97.130.153",
                            "vars.ansible_python_interpreter": "/usr/bin/python3",
                            "vars.datacenter_name": "lon1",
                            "vars.datacenter_role": "ternary"
                        },
                        "meta": {},
                        "tainted": false
                    },
                    "deposed": [],
                    "provider": "provider.ansible"
                },
                "ansible_host.store_client_droplet": {
                    "type": "ansible_host",
                    "depends_on": [
                        "digitalocean_droplet.store_client_droplet"
                    ],
                    "primary": {
                        "id": "store-client",
                        "attributes": {
                            "groups.#": "3",
                            "groups.0": "staging",
                            "groups.1": "discovery-client",
                            "groups.2": "store-client",
                            "id": "store-client",
                            "inventory_hostname": "store-client",
                            "vars.%": "4",
                            "vars.ansible_host": "167.71.44.90",
                            "vars.ansible_python_interpreter": "/usr/bin/python3",
                            "vars.datacenter_name": "fra1",
                            "vars.datacenter_role": "primary"
                        },
                        "meta": {},
                        "tainted": false
                    },
                    "deposed": [],
                    "provider": "provider.ansible"
                },
                "ansible_host.store_server_01_droplet": {
                    "type": "ansible_host",
                    "depends_on": [
                        "digitalocean_droplet.store_server_01_droplet"
                    ],
                    "primary": {
                        "id": "store-server-01",
                        "attributes": {
                            "groups.#": "5",
                            "groups.0": "staging",
                            "groups.1": "discovery-client",
                            "groups.2": "store-server",
                            "groups.3": "store-master",
                            "groups.4": "primary",
                            "id": "store-server-01",
                            "inventory_hostname": "store-server-01",
                            "vars.%": "4",
                            "vars.ansible_host": "138.68.110.116",
                            "vars.ansible_python_interpreter": "/usr/bin/python3",
                            "vars.datacenter_name": "fra1",
                            "vars.datacenter_role": "primary"
                        },
                        "meta": {},
                        "tainted": false
                    },
                    "deposed": [],
                    "provider": "provider.ansible"
                },
                "ansible_host.store_server_02_droplet": {
                    "type": "ansible_host",
                    "depends_on": [
                        "digitalocean_droplet.store_server_02_droplet"
                    ],
                    "primary": {
                        "id": "store-server-02",
                        "attributes": {
                            "groups.#": "4",
                            "groups.0": "staging",
                            "groups.1": "discovery-client",
                            "groups.2": "store-server",
                            "groups.3": "fallback",
                            "id": "store-server-02",
                            "inventory_hostname": "store-server-02",
                            "vars.%": "4",
                            "vars.ansible_host": "104.248.84.76",
                            "vars.ansible_python_interpreter": "/usr/bin/python3",
                            "vars.datacenter_name": "ams3",
                            "vars.datacenter_role": "fallback"
                        },
                        "meta": {},
                        "tainted": false
                    },
                    "deposed": [],
                    "provider": "provider.ansible"
                },
                "ansible_host.store_server_03_droplet": {
                    "type": "ansible_host",
                    "depends_on": [
                        "digitalocean_droplet.store_server_03_droplet"
                    ],
                    "primary": {
                        "id": "store-server-03",
                        "attributes": {
                            "groups.#": "4",
                            "groups.0": "staging",
                            "groups.1": "discovery-client",
                            "groups.2": "store-server",
                            "groups.3": "ternary",
                            "id": "store-server-03",
                            "inventory_hostname": "store-server-03",
                            "vars.%": "4",
                            "vars.ansible_host": "206.189.23.99",
                            "vars.ansible_python_interpreter": "/usr/bin/python3",
                            "vars.datacenter_name": "lon1",
                            "vars.datacenter_role": "ternary"
                        },
                        "meta": {},
                        "tainted": false
                    },
                    "deposed": [],
                    "provider": "provider.ansible"
                },
                "digitalocean_droplet.broker_consumer_droplet": {
                    "type": "digitalocean_droplet",
                    "depends_on": [],
                    "primary": {
                        "id": "150487586",
                        "attributes": {
                            "backups": "false",
                            "disk": "30",
                            "id": "150487586",
                            "image": "ubuntu-18-04-x64",
                            "ipv4_address": "167.71.44.227",
                            "ipv4_address_private": "10.135.199.122",
                            "ipv6": "false",
                            "ipv6_address": "",
                            "ipv6_address_private": "",
                            "locked": "false",
                            "memory": "1024",
                            "monitoring": "false",
                            "name": "broker-consumer",
                            "price_hourly": "0.01488",
                            "price_monthly": "10",
                            "private_networking": "true",
                            "region": "fra1",
                            "resize_disk": "true",
                            "size": "1gb",
                            "ssh_keys.#": "1",
                            "ssh_keys.523117032": "c0:97:b7:e0:93:91:d0:1f:d1:d1:97:85:f4:12:26:9a",
                            "status": "active",
                            "tags.#": "4",
                            "tags.1676411945": "broker-client",
                            "tags.3176302885": "staging",
                            "tags.3733569640": "discovery-client",
                            "tags.4090602869": "broker-consumer",
                            "urn": "do:droplet:150487586",
                            "vcpus": "1",
                            "volume_ids.#": "0"
                        },
                        "meta": {
                            "schema_version": "1"
                        },
                        "tainted": false
                    },
                    "deposed": [],
                    "provider": "provider.digitalocean"
                },
                "digitalocean_droplet.broker_producer_droplet": {
                    "type": "digitalocean_droplet",
                    "depends_on": [],
                    "primary": {
                        "id": "150487587",
                        "attributes": {
                            "backups": "false",
                            "disk": "30",
                            "id": "150487587",
                            "image": "ubuntu-18-04-x64",
                            "ipv4_address": "167.71.36.37",
                            "ipv4_address_private": "10.135.199.51",
                            "ipv6": "false",
                            "ipv6_address": "",
                            "ipv6_address_private": "",
                            "locked": "false",
                            "memory": "1024",
                            "monitoring": "false",
                            "name": "broker-producer",
                            "price_hourly": "0.01488",
                            "price_monthly": "10",
                            "private_networking": "true",
                            "region": "fra1",
                            "resize_disk": "true",
                            "size": "1gb",
                            "ssh_keys.#": "1",
                            "ssh_keys.523117032": "c0:97:b7:e0:93:91:d0:1f:d1:d1:97:85:f4:12:26:9a",
                            "status": "active",
                            "tags.#": "4",
                            "tags.1676411945": "broker-client",
                            "tags.3176302885": "staging",
                            "tags.351198094": "broker-producer",
                            "tags.3733569640": "discovery-client",
                            "urn": "do:droplet:150487587",
                            "vcpus": "1",
                            "volume_ids.#": "0"
                        },
                        "meta": {
                            "schema_version": "1"
                        },
                        "tainted": false
                    },
                    "deposed": [],
                    "provider": "provider.digitalocean"
                },
                "digitalocean_droplet.broker_server_01_droplet": {
                    "type": "digitalocean_droplet",
                    "depends_on": [
                        "digitalocean_tag.broker_server_role",
                        "digitalocean_tag.discovery_client_role",
                        "digitalocean_tag.target_env"
                    ],
                    "primary": {
                        "id": "150487594",
                        "attributes": {
                            "backups": "false",
                            "disk": "30",
                            "id": "150487594",
                            "image": "ubuntu-18-04-x64",
                            "ipv4_address": "138.68.94.242",
                            "ipv4_address_private": "10.135.199.123",
                            "ipv6": "false",
                            "ipv6_address": "",
                            "ipv6_address_private": "",
                            "locked": "false",
                            "memory": "1024",
                            "monitoring": "false",
                            "name": "broker-server-01",
                            "price_hourly": "0.01488",
                            "price_monthly": "10",
                            "private_networking": "true",
                            "region": "fra1",
                            "resize_disk": "true",
                            "size": "1gb",
                            "ssh_keys.#": "1",
                            "ssh_keys.523117032": "c0:97:b7:e0:93:91:d0:1f:d1:d1:97:85:f4:12:26:9a",
                            "status": "active",
                            "tags.#": "3",
                            "tags.3176302885": "staging",
                            "tags.3733569640": "discovery-client",
                            "tags.4274378122": "broker-server",
                            "urn": "do:droplet:150487594",
                            "vcpus": "1",
                            "volume_ids.#": "0"
                        },
                        "meta": {
                            "schema_version": "1"
                        },
                        "tainted": false
                    },
                    "deposed": [],
                    "provider": "provider.digitalocean"
                },
                "digitalocean_droplet.broker_server_02_droplet": {
                    "type": "digitalocean_droplet",
                    "depends_on": [
                        "digitalocean_tag.broker_server_role",
                        "digitalocean_tag.discovery_client_role",
                        "digitalocean_tag.target_env"
                    ],
                    "primary": {
                        "id": "150487593",
                        "attributes": {
                            "backups": "false",
                            "disk": "30",
                            "id": "150487593",
                            "image": "ubuntu-18-04-x64",
                            "ipv4_address": "142.93.239.232",
                            "ipv4_address_private": "10.133.80.153",
                            "ipv6": "false",
                            "ipv6_address": "",
                            "ipv6_address_private": "",
                            "locked": "false",
                            "memory": "1024",
                            "monitoring": "false",
                            "name": "broker-server-02",
                            "price_hourly": "0.01488",
                            "price_monthly": "10",
                            "private_networking": "true",
                            "region": "ams3",
                            "resize_disk": "true",
                            "size": "1gb",
                            "ssh_keys.#": "1",
                            "ssh_keys.523117032": "c0:97:b7:e0:93:91:d0:1f:d1:d1:97:85:f4:12:26:9a",
                            "status": "active",
                            "tags.#": "3",
                            "tags.3176302885": "staging",
                            "tags.3733569640": "discovery-client",
                            "tags.4274378122": "broker-server",
                            "urn": "do:droplet:150487593",
                            "vcpus": "1",
                            "volume_ids.#": "0"
                        },
                        "meta": {
                            "schema_version": "1"
                        },
                        "tainted": false
                    },
                    "deposed": [],
                    "provider": "provider.digitalocean"
                },
                "digitalocean_droplet.broker_server_03_droplet": {
                    "type": "digitalocean_droplet",
                    "depends_on": [
                        "digitalocean_tag.broker_server_role",
                        "digitalocean_tag.discovery_client_role",
                        "digitalocean_tag.target_env"
                    ],
                    "primary": {
                        "id": "150487590",
                        "attributes": {
                            "backups": "false",
                            "disk": "30",
                            "id": "150487590",
                            "image": "ubuntu-18-04-x64",
                            "ipv4_address": "178.128.160.225",
                            "ipv4_address_private": "10.131.19.249",
                            "ipv6": "false",
                            "ipv6_address": "",
                            "ipv6_address_private": "",
                            "locked": "false",
                            "memory": "1024",
                            "monitoring": "false",
                            "name": "broker-server-03",
                            "price_hourly": "0.01488",
                            "price_monthly": "10",
                            "private_networking": "true",
                            "region": "lon1",
                            "resize_disk": "true",
                            "size": "1gb",
                            "ssh_keys.#": "1",
                            "ssh_keys.523117032": "c0:97:b7:e0:93:91:d0:1f:d1:d1:97:85:f4:12:26:9a",
                            "status": "active",
                            "tags.#": "3",
                            "tags.3176302885": "staging",
                            "tags.3733569640": "discovery-client",
                            "tags.4274378122": "broker-server",
                            "urn": "do:droplet:150487590",
                            "vcpus": "1",
                            "volume_ids.#": "0"
                        },
                        "meta": {
                            "schema_version": "1"
                        },
                        "tainted": false
                    },
                    "deposed": [],
                    "provider": "provider.digitalocean"
                },
                "digitalocean_droplet.cache_server_01_droplet": {
                    "type": "digitalocean_droplet",
                    "depends_on": [
                        "digitalocean_tag.cache_server_role",
                        "digitalocean_tag.discovery_client_role",
                        "digitalocean_tag.target_env"
                    ],
                    "primary": {
                        "id": "150487592",
                        "attributes": {
                            "backups": "false",
                            "disk": "30",
                            "id": "150487592",
                            "image": "ubuntu-18-04-x64",
                            "ipv4_address": "167.71.36.153",
                            "ipv4_address_private": "10.135.199.121",
                            "ipv6": "false",
                            "ipv6_address": "",
                            "ipv6_address_private": "",
                            "locked": "false",
                            "memory": "1024",
                            "monitoring": "false",
                            "name": "cache-server-01",
                            "price_hourly": "0.01488",
                            "price_monthly": "10",
                            "private_networking": "true",
                            "region": "fra1",
                            "resize_disk": "true",
                            "size": "1gb",
                            "ssh_keys.#": "1",
                            "ssh_keys.523117032": "c0:97:b7:e0:93:91:d0:1f:d1:d1:97:85:f4:12:26:9a",
                            "status": "active",
                            "tags.#": "3",
                            "tags.3051761526": "cache-server",
                            "tags.3176302885": "staging",
                            "tags.3733569640": "discovery-client",
                            "urn": "do:droplet:150487592",
                            "vcpus": "1",
                            "volume_ids.#": "0"
                        },
                        "meta": {
                            "schema_version": "1"
                        },
                        "tainted": false
                    },
                    "deposed": [],
                    "provider": "provider.digitalocean"
                },
                "digitalocean_droplet.cache_server_02_droplet": {
                    "type": "digitalocean_droplet",
                    "depends_on": [
                        "digitalocean_tag.cache_server_role",
                        "digitalocean_tag.discovery_client_role",
                        "digitalocean_tag.target_env"
                    ],
                    "primary": {
                        "id": "150487589",
                        "attributes": {
                            "backups": "false",
                            "disk": "30",
                            "id": "150487589",
                            "image": "ubuntu-18-04-x64",
                            "ipv4_address": "142.93.143.99",
                            "ipv4_address_private": "10.133.71.54",
                            "ipv6": "false",
                            "ipv6_address": "",
                            "ipv6_address_private": "",
                            "locked": "false",
                            "memory": "1024",
                            "monitoring": "false",
                            "name": "cache-server-02",
                            "price_hourly": "0.01488",
                            "price_monthly": "10",
                            "private_networking": "true",
                            "region": "ams3",
                            "resize_disk": "true",
                            "size": "1gb",
                            "ssh_keys.#": "1",
                            "ssh_keys.523117032": "c0:97:b7:e0:93:91:d0:1f:d1:d1:97:85:f4:12:26:9a",
                            "status": "active",
                            "tags.#": "3",
                            "tags.3051761526": "cache-server",
                            "tags.3176302885": "staging",
                            "tags.3733569640": "discovery-client",
                            "urn": "do:droplet:150487589",
                            "vcpus": "1",
                            "volume_ids.#": "0"
                        },
                        "meta": {
                            "schema_version": "1"
                        },
                        "tainted": false
                    },
                    "deposed": [],
                    "provider": "provider.digitalocean"
                },
                "digitalocean_droplet.cache_server_03_droplet": {
                    "type": "digitalocean_droplet",
                    "depends_on": [
                        "digitalocean_tag.cache_server_role",
                        "digitalocean_tag.discovery_client_role",
                        "digitalocean_tag.target_env"
                    ],
                    "primary": {
                        "id": "150487596",
                        "attributes": {
                            "backups": "false",
                            "disk": "30",
                            "id": "150487596",
                            "image": "ubuntu-18-04-x64",
                            "ipv4_address": "209.97.187.170",
                            "ipv4_address_private": "10.131.21.15",
                            "ipv6": "false",
                            "ipv6_address": "",
                            "ipv6_address_private": "",
                            "locked": "false",
                            "memory": "1024",
                            "monitoring": "false",
                            "name": "cache-server-03",
                            "price_hourly": "0.01488",
                            "price_monthly": "10",
                            "private_networking": "true",
                            "region": "lon1",
                            "resize_disk": "true",
                            "size": "1gb",
                            "ssh_keys.#": "1",
                            "ssh_keys.523117032": "c0:97:b7:e0:93:91:d0:1f:d1:d1:97:85:f4:12:26:9a",
                            "status": "active",
                            "tags.#": "3",
                            "tags.3051761526": "cache-server",
                            "tags.3176302885": "staging",
                            "tags.3733569640": "discovery-client",
                            "urn": "do:droplet:150487596",
                            "vcpus": "1",
                            "volume_ids.#": "0"
                        },
                        "meta": {
                            "schema_version": "1"
                        },
                        "tainted": false
                    },
                    "deposed": [],
                    "provider": "provider.digitalocean"
                },
                "digitalocean_droplet.discovery_server_01_droplet": {
                    "type": "digitalocean_droplet",
                    "depends_on": [
                        "digitalocean_tag.discovery_server_role",
                        "digitalocean_tag.target_env"
                    ],
                    "primary": {
                        "id": "150487641",
                        "attributes": {
                            "backups": "false",
                            "disk": "30",
                            "id": "150487641",
                            "image": "ubuntu-18-04-x64",
                            "ipv4_address": "167.71.44.224",
                            "ipv4_address_private": "10.135.198.57",
                            "ipv6": "false",
                            "ipv6_address": "",
                            "ipv6_address_private": "",
                            "locked": "false",
                            "memory": "1024",
                            "monitoring": "false",
                            "name": "discovery-server-01",
                            "price_hourly": "0.01488",
                            "price_monthly": "10",
                            "private_networking": "true",
                            "region": "fra1",
                            "resize_disk": "true",
                            "size": "1gb",
                            "ssh_keys.#": "1",
                            "ssh_keys.523117032": "c0:97:b7:e0:93:91:d0:1f:d1:d1:97:85:f4:12:26:9a",
                            "status": "active",
                            "tags.#": "2",
                            "tags.1134563787": "discovery-server",
                            "tags.3176302885": "staging",
                            "urn": "do:droplet:150487641",
                            "vcpus": "1",
                            "volume_ids.#": "0"
                        },
                        "meta": {
                            "schema_version": "1"
                        },
                        "tainted": false
                    },
                    "deposed": [],
                    "provider": "provider.digitalocean"
                },
                "digitalocean_droplet.discovery_server_02_droplet": {
                    "type": "digitalocean_droplet",
                    "depends_on": [
                        "digitalocean_tag.discovery_server_role",
                        "digitalocean_tag.target_env"
                    ],
                    "primary": {
                        "id": "150487642",
                        "attributes": {
                            "backups": "false",
                            "disk": "30",
                            "id": "150487642",
                            "image": "ubuntu-18-04-x64",
                            "ipv4_address": "104.248.81.191",
                            "ipv4_address_private": "10.133.81.4",
                            "ipv6": "false",
                            "ipv6_address": "",
                            "ipv6_address_private": "",
                            "locked": "false",
                            "memory": "1024",
                            "monitoring": "false",
                            "name": "discovery-server-02",
                            "price_hourly": "0.01488",
                            "price_monthly": "10",
                            "private_networking": "true",
                            "region": "ams3",
                            "resize_disk": "true",
                            "size": "1gb",
                            "ssh_keys.#": "1",
                            "ssh_keys.523117032": "c0:97:b7:e0:93:91:d0:1f:d1:d1:97:85:f4:12:26:9a",
                            "status": "active",
                            "tags.#": "2",
                            "tags.1134563787": "discovery-server",
                            "tags.3176302885": "staging",
                            "urn": "do:droplet:150487642",
                            "vcpus": "1",
                            "volume_ids.#": "0"
                        },
                        "meta": {
                            "schema_version": "1"
                        },
                        "tainted": false
                    },
                    "deposed": [],
                    "provider": "provider.digitalocean"
                },
                "digitalocean_droplet.discovery_server_03_droplet": {
                    "type": "digitalocean_droplet",
                    "depends_on": [
                        "digitalocean_tag.discovery_server_role",
                        "digitalocean_tag.target_env"
                    ],
                    "primary": {
                        "id": "150487639",
                        "attributes": {
                            "backups": "false",
                            "disk": "30",
                            "id": "150487639",
                            "image": "ubuntu-18-04-x64",
                            "ipv4_address": "209.97.130.153",
                            "ipv4_address_private": "10.131.63.137",
                            "ipv6": "false",
                            "ipv6_address": "",
                            "ipv6_address_private": "",
                            "locked": "false",
                            "memory": "1024",
                            "monitoring": "false",
                            "name": "discovery-server-03",
                            "price_hourly": "0.01488",
                            "price_monthly": "10",
                            "private_networking": "true",
                            "region": "lon1",
                            "resize_disk": "true",
                            "size": "1gb",
                            "ssh_keys.#": "1",
                            "ssh_keys.523117032": "c0:97:b7:e0:93:91:d0:1f:d1:d1:97:85:f4:12:26:9a",
                            "status": "active",
                            "tags.#": "2",
                            "tags.1134563787": "discovery-server",
                            "tags.3176302885": "staging",
                            "urn": "do:droplet:150487639",
                            "vcpus": "1",
                            "volume_ids.#": "0"
                        },
                        "meta": {
                            "schema_version": "1"
                        },
                        "tainted": false
                    },
                    "deposed": [],
                    "provider": "provider.digitalocean"
                },
                "digitalocean_droplet.store_client_droplet": {
                    "type": "digitalocean_droplet",
                    "depends_on": [
                        "digitalocean_tag.discovery_client_role",
                        "digitalocean_tag.target_env"
                    ],
                    "primary": {
                        "id": "150487597",
                        "attributes": {
                            "backups": "false",
                            "disk": "30",
                            "id": "150487597",
                            "image": "ubuntu-18-04-x64",
                            "ipv4_address": "167.71.44.90",
                            "ipv4_address_private": "10.135.199.124",
                            "ipv6": "false",
                            "ipv6_address": "",
                            "ipv6_address_private": "",
                            "locked": "false",
                            "memory": "1024",
                            "monitoring": "false",
                            "name": "store-client",
                            "price_hourly": "0.01488",
                            "price_monthly": "10",
                            "private_networking": "true",
                            "region": "fra1",
                            "resize_disk": "true",
                            "size": "1gb",
                            "ssh_keys.#": "1",
                            "ssh_keys.523117032": "c0:97:b7:e0:93:91:d0:1f:d1:d1:97:85:f4:12:26:9a",
                            "status": "active",
                            "tags.#": "3",
                            "tags.3176302885": "staging",
                            "tags.3634648001": "store-client",
                            "tags.3733569640": "discovery-client",
                            "urn": "do:droplet:150487597",
                            "vcpus": "1",
                            "volume_ids.#": "0"
                        },
                        "meta": {
                            "schema_version": "1"
                        },
                        "tainted": false
                    },
                    "deposed": [],
                    "provider": "provider.digitalocean"
                },
                "digitalocean_droplet.store_server_01_droplet": {
                    "type": "digitalocean_droplet",
                    "depends_on": [
                        "digitalocean_tag.discovery_client_role",
                        "digitalocean_tag.store_master_role",
                        "digitalocean_tag.store_server_role",
                        "digitalocean_tag.target_env"
                    ],
                    "primary": {
                        "id": "150487636",
                        "attributes": {
                            "backups": "false",
                            "disk": "30",
                            "id": "150487636",
                            "image": "ubuntu-18-04-x64",
                            "ipv4_address": "138.68.110.116",
                            "ipv4_address_private": "10.135.199.128",
                            "ipv6": "false",
                            "ipv6_address": "",
                            "ipv6_address_private": "",
                            "locked": "false",
                            "memory": "1024",
                            "monitoring": "false",
                            "name": "store-server-01",
                            "price_hourly": "0.01488",
                            "price_monthly": "10",
                            "private_networking": "true",
                            "region": "fra1",
                            "resize_disk": "true",
                            "size": "1gb",
                            "ssh_keys.#": "1",
                            "ssh_keys.523117032": "c0:97:b7:e0:93:91:d0:1f:d1:d1:97:85:f4:12:26:9a",
                            "status": "active",
                            "tags.#": "4",
                            "tags.1166901858": "store-server",
                            "tags.3176302885": "staging",
                            "tags.3733569640": "discovery-client",
                            "tags.854193218": "store-master",
                            "urn": "do:droplet:150487636",
                            "vcpus": "1",
                            "volume_ids.#": "0"
                        },
                        "meta": {
                            "schema_version": "1"
                        },
                        "tainted": false
                    },
                    "deposed": [],
                    "provider": "provider.digitalocean"
                },
                "digitalocean_droplet.store_server_02_droplet": {
                    "type": "digitalocean_droplet",
                    "depends_on": [
                        "digitalocean_tag.discovery_client_role",
                        "digitalocean_tag.store_server_role",
                        "digitalocean_tag.target_env"
                    ],
                    "primary": {
                        "id": "150487595",
                        "attributes": {
                            "backups": "false",
                            "disk": "30",
                            "id": "150487595",
                            "image": "ubuntu-18-04-x64",
                            "ipv4_address": "104.248.84.76",
                            "ipv4_address_private": "10.133.80.213",
                            "ipv6": "false",
                            "ipv6_address": "",
                            "ipv6_address_private": "",
                            "locked": "false",
                            "memory": "1024",
                            "monitoring": "false",
                            "name": "store-server-02",
                            "price_hourly": "0.01488",
                            "price_monthly": "10",
                            "private_networking": "true",
                            "region": "ams3",
                            "resize_disk": "true",
                            "size": "1gb",
                            "ssh_keys.#": "1",
                            "ssh_keys.523117032": "c0:97:b7:e0:93:91:d0:1f:d1:d1:97:85:f4:12:26:9a",
                            "status": "active",
                            "tags.#": "3",
                            "tags.1166901858": "store-server",
                            "tags.3176302885": "staging",
                            "tags.3733569640": "discovery-client",
                            "urn": "do:droplet:150487595",
                            "vcpus": "1",
                            "volume_ids.#": "0"
                        },
                        "meta": {
                            "schema_version": "1"
                        },
                        "tainted": false
                    },
                    "deposed": [],
                    "provider": "provider.digitalocean"
                },
                "digitalocean_droplet.store_server_03_droplet": {
                    "type": "digitalocean_droplet",
                    "depends_on": [
                        "digitalocean_tag.discovery_client_role",
                        "digitalocean_tag.store_server_role",
                        "digitalocean_tag.target_env"
                    ],
                    "primary": {
                        "id": "150487635",
                        "attributes": {
                            "backups": "false",
                            "disk": "30",
                            "id": "150487635",
                            "image": "ubuntu-18-04-x64",
                            "ipv4_address": "206.189.23.99",
                            "ipv4_address_private": "10.131.63.122",
                            "ipv6": "false",
                            "ipv6_address": "",
                            "ipv6_address_private": "",
                            "locked": "false",
                            "memory": "1024",
                            "monitoring": "false",
                            "name": "store-server-03",
                            "price_hourly": "0.01488",
                            "price_monthly": "10",
                            "private_networking": "true",
                            "region": "lon1",
                            "resize_disk": "true",
                            "size": "1gb",
                            "ssh_keys.#": "1",
                            "ssh_keys.523117032": "c0:97:b7:e0:93:91:d0:1f:d1:d1:97:85:f4:12:26:9a",
                            "status": "active",
                            "tags.#": "3",
                            "tags.1166901858": "store-server",
                            "tags.3176302885": "staging",
                            "tags.3733569640": "discovery-client",
                            "urn": "do:droplet:150487635",
                            "vcpus": "1",
                            "volume_ids.#": "0"
                        },
                        "meta": {
                            "schema_version": "1"
                        },
                        "tainted": false
                    },
                    "deposed": [],
                    "provider": "provider.digitalocean"
                },
                "digitalocean_tag.broker_client_role": {
                    "type": "digitalocean_tag",
                    "depends_on": [],
                    "primary": {
                        "id": "broker-client",
                        "attributes": {
                            "id": "broker-client",
                            "name": "broker-client"
                        },
                        "meta": {},
                        "tainted": false
                    },
                    "deposed": [],
                    "provider": "provider.digitalocean"
                },
                "digitalocean_tag.broker_consumer_role": {
                    "type": "digitalocean_tag",
                    "depends_on": [],
                    "primary": {
                        "id": "broker-consumer",
                        "attributes": {
                            "id": "broker-consumer",
                            "name": "broker-consumer"
                        },
                        "meta": {},
                        "tainted": false
                    },
                    "deposed": [],
                    "provider": "provider.digitalocean"
                },
                "digitalocean_tag.broker_producer_role": {
                    "type": "digitalocean_tag",
                    "depends_on": [],
                    "primary": {
                        "id": "broker-producer",
                        "attributes": {
                            "id": "broker-producer",
                            "name": "broker-producer"
                        },
                        "meta": {},
                        "tainted": false
                    },
                    "deposed": [],
                    "provider": "provider.digitalocean"
                },
                "digitalocean_tag.broker_server_role": {
                    "type": "digitalocean_tag",
                    "depends_on": [],
                    "primary": {
                        "id": "broker-server",
                        "attributes": {
                            "id": "broker-server",
                            "name": "broker-server"
                        },
                        "meta": {},
                        "tainted": false
                    },
                    "deposed": [],
                    "provider": "provider.digitalocean"
                },
                "digitalocean_tag.cache_server_role": {
                    "type": "digitalocean_tag",
                    "depends_on": [],
                    "primary": {
                        "id": "cache-server",
                        "attributes": {
                            "id": "cache-server",
                            "name": "cache-server"
                        },
                        "meta": {},
                        "tainted": false
                    },
                    "deposed": [],
                    "provider": "provider.digitalocean"
                },
                "digitalocean_tag.discovery_client_role": {
                    "type": "digitalocean_tag",
                    "depends_on": [],
                    "primary": {
                        "id": "discovery-client",
                        "attributes": {
                            "id": "discovery-client",
                            "name": "discovery-client"
                        },
                        "meta": {},
                        "tainted": false
                    },
                    "deposed": [],
                    "provider": "provider.digitalocean"
                },
                "digitalocean_tag.discovery_server_role": {
                    "type": "digitalocean_tag",
                    "depends_on": [],
                    "primary": {
                        "id": "discovery-server",
                        "attributes": {
                            "id": "discovery-server",
                            "name": "discovery-server"
                        },
                        "meta": {},
                        "tainted": false
                    },
                    "deposed": [],
                    "provider": "provider.digitalocean"
                },
                "digitalocean_tag.store_client_role": {
                    "type": "digitalocean_tag",
                    "depends_on": [],
                    "primary": {
                        "id": "store-client",
                        "attributes": {
                            "id": "store-client",
                            "name": "store-client"
                        },
                        "meta": {},
                        "tainted": false
                    },
                    "deposed": [],
                    "provider": "provider.digitalocean"
                },
                "digitalocean_tag.store_master_role": {
                    "type": "digitalocean_tag",
                    "depends_on": [],
                    "primary": {
                        "id": "store-master",
                        "attributes": {
                            "id": "store-master",
                            "name": "store-master"
                        },
                        "meta": {},
                        "tainted": false
                    },
                    "deposed": [],
                    "provider": "provider.digitalocean"
                },
                "digitalocean_tag.store_server_role": {
                    "type": "digitalocean_tag",
                    "depends_on": [],
                    "primary": {
                        "id": "store-server",
                        "attributes": {
                            "id": "store-server",
                            "name": "store-server"
                        },
                        "meta": {},
                        "tainted": false
                    },
                    "deposed": [],
                    "provider": "provider.digitalocean"
                },
                "digitalocean_tag.target_env": {
                    "type": "digitalocean_tag",
                    "depends_on": [],
                    "primary": {
                        "id": "staging",
                        "attributes": {
                            "id": "staging",
                            "name": "staging"
                        },
                        "meta": {},
                        "tainted": false
                    },
                    "deposed": [],
                    "provider": "provider.digitalocean"
                }
            },
            "depends_on": []
        }
    ]
}
