{
    "version": 3,
    "terraform_version": "0.11.7",
    "serial": 15,
    "lineage": "4f835cfa-6927-051e-0c68-b0e3ff3f02c6",
    "modules": [
        {
            "path": [
                "root"
            ],
            "outputs": {},
            "resources": {
                "ansible_host.cockroachdb_server_01_droplet": {
                    "type": "ansible_host",
                    "depends_on": [
                        "digitalocean_droplet.cockroachdb_server_01_droplet"
                    ],
                    "primary": {
                        "id": "cockroachdb-server-01",
                        "attributes": {
                            "groups.#": "5",
                            "groups.0": "staging",
                            "groups.1": "consul-client",
                            "groups.2": "cockroachdb-server",
                            "groups.3": "cockroachdb-master",
                            "groups.4": "primary",
                            "id": "cockroachdb-server-01",
                            "inventory_hostname": "cockroachdb-server-01",
                            "vars.%": "4",
                            "vars.ansible_host": "157.230.112.50",
                            "vars.ansible_python_interpreter": "/usr/bin/python3",
                            "vars.datacenter_name": "fra1",
                            "vars.datacenter_role": "primary"
                        },
                        "meta": {},
                        "tainted": false
                    },
                    "deposed": [],
                    "provider": "provider.ansible"
                },
                "ansible_host.cockroachdb_server_02_droplet": {
                    "type": "ansible_host",
                    "depends_on": [
                        "digitalocean_droplet.cockroachdb_server_02_droplet"
                    ],
                    "primary": {
                        "id": "cockroachdb-server-02",
                        "attributes": {
                            "groups.#": "4",
                            "groups.0": "staging",
                            "groups.1": "consul-client",
                            "groups.2": "cockroachdb-server",
                            "groups.3": "fallback",
                            "id": "cockroachdb-server-02",
                            "inventory_hostname": "cockroachdb-server-02",
                            "vars.%": "4",
                            "vars.ansible_host": "188.166.37.238",
                            "vars.ansible_python_interpreter": "/usr/bin/python3",
                            "vars.datacenter_name": "ams3",
                            "vars.datacenter_role": "fallback"
                        },
                        "meta": {},
                        "tainted": false
                    },
                    "deposed": [],
                    "provider": "provider.ansible"
                },
                "ansible_host.cockroachdb_server_03_droplet": {
                    "type": "ansible_host",
                    "depends_on": [
                        "digitalocean_droplet.cockroachdb_server_03_droplet"
                    ],
                    "primary": {
                        "id": "cockroachdb-server-03",
                        "attributes": {
                            "groups.#": "4",
                            "groups.0": "staging",
                            "groups.1": "consul-client",
                            "groups.2": "cockroachdb-server",
                            "groups.3": "ternary",
                            "id": "cockroachdb-server-03",
                            "inventory_hostname": "cockroachdb-server-03",
                            "vars.%": "4",
                            "vars.ansible_host": "165.22.120.241",
                            "vars.ansible_python_interpreter": "/usr/bin/python3",
                            "vars.datacenter_name": "lon1",
                            "vars.datacenter_role": "ternary"
                        },
                        "meta": {},
                        "tainted": false
                    },
                    "deposed": [],
                    "provider": "provider.ansible"
                },
                "ansible_host.consul_server_01_droplet": {
                    "type": "ansible_host",
                    "depends_on": [
                        "digitalocean_droplet.consul_server_01_droplet"
                    ],
                    "primary": {
                        "id": "consul-server-01",
                        "attributes": {
                            "groups.#": "3",
                            "groups.0": "staging",
                            "groups.1": "consul-server",
                            "groups.2": "primary",
                            "id": "consul-server-01",
                            "inventory_hostname": "consul-server-01",
                            "vars.%": "4",
                            "vars.ansible_host": "157.230.112.22",
                            "vars.ansible_python_interpreter": "/usr/bin/python3",
                            "vars.datacenter_name": "fra1",
                            "vars.datacenter_role": "primary"
                        },
                        "meta": {},
                        "tainted": false
                    },
                    "deposed": [],
                    "provider": "provider.ansible"
                },
                "ansible_host.consul_server_02_droplet": {
                    "type": "ansible_host",
                    "depends_on": [
                        "digitalocean_droplet.consul_server_02_droplet"
                    ],
                    "primary": {
                        "id": "consul-server-02",
                        "attributes": {
                            "groups.#": "3",
                            "groups.0": "staging",
                            "groups.1": "consul-server",
                            "groups.2": "fallback",
                            "id": "consul-server-02",
                            "inventory_hostname": "consul-server-02",
                            "vars.%": "4",
                            "vars.ansible_host": "134.209.199.238",
                            "vars.ansible_python_interpreter": "/usr/bin/python3",
                            "vars.datacenter_name": "ams3",
                            "vars.datacenter_role": "fallback"
                        },
                        "meta": {},
                        "tainted": false
                    },
                    "deposed": [],
                    "provider": "provider.ansible"
                },
                "ansible_host.consul_server_03_droplet": {
                    "type": "ansible_host",
                    "depends_on": [
                        "digitalocean_droplet.consul_server_03_droplet"
                    ],
                    "primary": {
                        "id": "consul-server-03",
                        "attributes": {
                            "groups.#": "3",
                            "groups.0": "staging",
                            "groups.1": "consul-server",
                            "groups.2": "ternary",
                            "id": "consul-server-03",
                            "inventory_hostname": "consul-server-03",
                            "vars.%": "4",
                            "vars.ansible_host": "134.209.181.65",
                            "vars.ansible_python_interpreter": "/usr/bin/python3",
                            "vars.datacenter_name": "lon1",
                            "vars.datacenter_role": "ternary"
                        },
                        "meta": {},
                        "tainted": false
                    },
                    "deposed": [],
                    "provider": "provider.ansible"
                },
                "digitalocean_droplet.cockroachdb_server_01_droplet": {
                    "type": "digitalocean_droplet",
                    "depends_on": [
                        "digitalocean_tag.cockroachdb_master_role",
                        "digitalocean_tag.cockroachdb_server_role",
                        "digitalocean_tag.consul_client_role",
                        "digitalocean_tag.target_env"
                    ],
                    "primary": {
                        "id": "146889430",
                        "attributes": {
                            "backups": "false",
                            "disk": "30",
                            "id": "146889430",
                            "image": "ubuntu-18-04-x64",
                            "ipv4_address": "157.230.112.50",
                            "ipv4_address_private": "10.135.158.205",
                            "ipv6": "false",
                            "ipv6_address": "",
                            "ipv6_address_private": "",
                            "locked": "false",
                            "memory": "1024",
                            "monitoring": "false",
                            "name": "cockroachdb-server-01",
                            "price_hourly": "0.01488",
                            "price_monthly": "10",
                            "private_networking": "true",
                            "region": "fra1",
                            "resize_disk": "true",
                            "size": "1gb",
                            "ssh_keys.#": "1",
                            "ssh_keys.777555529": "35:a7:84:88:49:af:f2:99:0b:56:bc:e0:a2:b1:1c:4f",
                            "status": "active",
                            "tags.#": "4",
                            "tags.1759618514": "cockroachdb-master",
                            "tags.3176302885": "staging",
                            "tags.483085834": "consul-client",
                            "tags.528864242": "cockroachdb-server",
                            "urn": "do:droplet:146889430",
                            "vcpus": "1",
                            "volume_ids.#": "0"
                        },
                        "meta": {
                            "schema_version": "1"
                        },
                        "tainted": false
                    },
                    "deposed": [],
                    "provider": "provider.digitalocean"
                },
                "digitalocean_droplet.cockroachdb_server_02_droplet": {
                    "type": "digitalocean_droplet",
                    "depends_on": [
                        "digitalocean_tag.cockroachdb_server_role",
                        "digitalocean_tag.consul_client_role",
                        "digitalocean_tag.target_env"
                    ],
                    "primary": {
                        "id": "146889425",
                        "attributes": {
                            "backups": "false",
                            "disk": "30",
                            "id": "146889425",
                            "image": "ubuntu-18-04-x64",
                            "ipv4_address": "188.166.37.238",
                            "ipv4_address_private": "10.133.120.226",
                            "ipv6": "false",
                            "ipv6_address": "",
                            "ipv6_address_private": "",
                            "locked": "false",
                            "memory": "1024",
                            "monitoring": "false",
                            "name": "cockroachdb-server-02",
                            "price_hourly": "0.01488",
                            "price_monthly": "10",
                            "private_networking": "true",
                            "region": "ams3",
                            "resize_disk": "true",
                            "size": "1gb",
                            "ssh_keys.#": "1",
                            "ssh_keys.777555529": "35:a7:84:88:49:af:f2:99:0b:56:bc:e0:a2:b1:1c:4f",
                            "status": "active",
                            "tags.#": "3",
                            "tags.3176302885": "staging",
                            "tags.483085834": "consul-client",
                            "tags.528864242": "cockroachdb-server",
                            "urn": "do:droplet:146889425",
                            "vcpus": "1",
                            "volume_ids.#": "0"
                        },
                        "meta": {
                            "schema_version": "1"
                        },
                        "tainted": false
                    },
                    "deposed": [],
                    "provider": "provider.digitalocean"
                },
                "digitalocean_droplet.cockroachdb_server_03_droplet": {
                    "type": "digitalocean_droplet",
                    "depends_on": [
                        "digitalocean_tag.cockroachdb_server_role",
                        "digitalocean_tag.consul_client_role",
                        "digitalocean_tag.target_env"
                    ],
                    "primary": {
                        "id": "146889427",
                        "attributes": {
                            "backups": "false",
                            "disk": "30",
                            "id": "146889427",
                            "image": "ubuntu-18-04-x64",
                            "ipv4_address": "165.22.120.241",
                            "ipv4_address_private": "10.131.42.185",
                            "ipv6": "false",
                            "ipv6_address": "",
                            "ipv6_address_private": "",
                            "locked": "false",
                            "memory": "1024",
                            "monitoring": "false",
                            "name": "cockroachdb-server-03",
                            "price_hourly": "0.01488",
                            "price_monthly": "10",
                            "private_networking": "true",
                            "region": "lon1",
                            "resize_disk": "true",
                            "size": "1gb",
                            "ssh_keys.#": "1",
                            "ssh_keys.777555529": "35:a7:84:88:49:af:f2:99:0b:56:bc:e0:a2:b1:1c:4f",
                            "status": "active",
                            "tags.#": "3",
                            "tags.3176302885": "staging",
                            "tags.483085834": "consul-client",
                            "tags.528864242": "cockroachdb-server",
                            "urn": "do:droplet:146889427",
                            "vcpus": "1",
                            "volume_ids.#": "0"
                        },
                        "meta": {
                            "schema_version": "1"
                        },
                        "tainted": false
                    },
                    "deposed": [],
                    "provider": "provider.digitalocean"
                },
                "digitalocean_droplet.consul_server_01_droplet": {
                    "type": "digitalocean_droplet",
                    "depends_on": [
                        "digitalocean_tag.consul_server_role",
                        "digitalocean_tag.target_env"
                    ],
                    "primary": {
                        "id": "146889429",
                        "attributes": {
                            "backups": "false",
                            "disk": "30",
                            "id": "146889429",
                            "image": "ubuntu-18-04-x64",
                            "ipv4_address": "157.230.112.22",
                            "ipv4_address_private": "10.135.158.204",
                            "ipv6": "false",
                            "ipv6_address": "",
                            "ipv6_address_private": "",
                            "locked": "false",
                            "memory": "1024",
                            "monitoring": "false",
                            "name": "consul-server-01",
                            "price_hourly": "0.01488",
                            "price_monthly": "10",
                            "private_networking": "true",
                            "region": "fra1",
                            "resize_disk": "true",
                            "size": "1gb",
                            "ssh_keys.#": "1",
                            "ssh_keys.777555529": "35:a7:84:88:49:af:f2:99:0b:56:bc:e0:a2:b1:1c:4f",
                            "status": "active",
                            "tags.#": "2",
                            "tags.2179112873": "consul-server",
                            "tags.3176302885": "staging",
                            "urn": "do:droplet:146889429",
                            "vcpus": "1",
                            "volume_ids.#": "0"
                        },
                        "meta": {
                            "schema_version": "1"
                        },
                        "tainted": false
                    },
                    "deposed": [],
                    "provider": "provider.digitalocean"
                },
                "digitalocean_droplet.consul_server_02_droplet": {
                    "type": "digitalocean_droplet",
                    "depends_on": [
                        "digitalocean_tag.consul_server_role",
                        "digitalocean_tag.target_env"
                    ],
                    "primary": {
                        "id": "146889428",
                        "attributes": {
                            "backups": "false",
                            "disk": "30",
                            "id": "146889428",
                            "image": "ubuntu-18-04-x64",
                            "ipv4_address": "134.209.199.238",
                            "ipv4_address_private": "10.133.120.227",
                            "ipv6": "false",
                            "ipv6_address": "",
                            "ipv6_address_private": "",
                            "locked": "false",
                            "memory": "1024",
                            "monitoring": "false",
                            "name": "consul-server-02",
                            "price_hourly": "0.01488",
                            "price_monthly": "10",
                            "private_networking": "true",
                            "region": "ams3",
                            "resize_disk": "true",
                            "size": "1gb",
                            "ssh_keys.#": "1",
                            "ssh_keys.777555529": "35:a7:84:88:49:af:f2:99:0b:56:bc:e0:a2:b1:1c:4f",
                            "status": "active",
                            "tags.#": "2",
                            "tags.2179112873": "consul-server",
                            "tags.3176302885": "staging",
                            "urn": "do:droplet:146889428",
                            "vcpus": "1",
                            "volume_ids.#": "0"
                        },
                        "meta": {
                            "schema_version": "1"
                        },
                        "tainted": false
                    },
                    "deposed": [],
                    "provider": "provider.digitalocean"
                },
                "digitalocean_droplet.consul_server_03_droplet": {
                    "type": "digitalocean_droplet",
                    "depends_on": [
                        "digitalocean_tag.consul_server_role",
                        "digitalocean_tag.target_env"
                    ],
                    "primary": {
                        "id": "146889426",
                        "attributes": {
                            "backups": "false",
                            "disk": "30",
                            "id": "146889426",
                            "image": "ubuntu-18-04-x64",
                            "ipv4_address": "134.209.181.65",
                            "ipv4_address_private": "10.131.112.230",
                            "ipv6": "false",
                            "ipv6_address": "",
                            "ipv6_address_private": "",
                            "locked": "false",
                            "memory": "1024",
                            "monitoring": "false",
                            "name": "consul-server-03",
                            "price_hourly": "0.01488",
                            "price_monthly": "10",
                            "private_networking": "true",
                            "region": "lon1",
                            "resize_disk": "true",
                            "size": "1gb",
                            "ssh_keys.#": "1",
                            "ssh_keys.777555529": "35:a7:84:88:49:af:f2:99:0b:56:bc:e0:a2:b1:1c:4f",
                            "status": "active",
                            "tags.#": "2",
                            "tags.2179112873": "consul-server",
                            "tags.3176302885": "staging",
                            "urn": "do:droplet:146889426",
                            "vcpus": "1",
                            "volume_ids.#": "0"
                        },
                        "meta": {
                            "schema_version": "1"
                        },
                        "tainted": false
                    },
                    "deposed": [],
                    "provider": "provider.digitalocean"
                },
                "digitalocean_tag.cockroachdb_master_role": {
                    "type": "digitalocean_tag",
                    "depends_on": [],
                    "primary": {
                        "id": "cockroachdb-master",
                        "attributes": {
                            "id": "cockroachdb-master",
                            "name": "cockroachdb-master"
                        },
                        "meta": {},
                        "tainted": false
                    },
                    "deposed": [],
                    "provider": "provider.digitalocean"
                },
                "digitalocean_tag.cockroachdb_server_role": {
                    "type": "digitalocean_tag",
                    "depends_on": [],
                    "primary": {
                        "id": "cockroachdb-server",
                        "attributes": {
                            "id": "cockroachdb-server",
                            "name": "cockroachdb-server"
                        },
                        "meta": {},
                        "tainted": false
                    },
                    "deposed": [],
                    "provider": "provider.digitalocean"
                },
                "digitalocean_tag.consul_client_role": {
                    "type": "digitalocean_tag",
                    "depends_on": [],
                    "primary": {
                        "id": "consul-client",
                        "attributes": {
                            "id": "consul-client",
                            "name": "consul-client"
                        },
                        "meta": {},
                        "tainted": false
                    },
                    "deposed": [],
                    "provider": "provider.digitalocean"
                },
                "digitalocean_tag.consul_server_role": {
                    "type": "digitalocean_tag",
                    "depends_on": [],
                    "primary": {
                        "id": "consul-server",
                        "attributes": {
                            "id": "consul-server",
                            "name": "consul-server"
                        },
                        "meta": {},
                        "tainted": false
                    },
                    "deposed": [],
                    "provider": "provider.digitalocean"
                },
                "digitalocean_tag.target_env": {
                    "type": "digitalocean_tag",
                    "depends_on": [],
                    "primary": {
                        "id": "staging",
                        "attributes": {
                            "id": "staging",
                            "name": "staging"
                        },
                        "meta": {},
                        "tainted": false
                    },
                    "deposed": [],
                    "provider": "provider.digitalocean"
                }
            },
            "depends_on": []
        }
    ]
}
