{
    "version": 3,
    "terraform_version": "0.11.14",
    "serial": 84,
    "lineage": "4f835cfa-6927-051e-0c68-b0e3ff3f02c6",
    "modules": [
        {
            "path": [
                "root"
            ],
            "outputs": {},
            "resources": {
                "ansible_host.broker_consumer_01_droplet": {
                    "type": "ansible_host",
                    "depends_on": [
                        "digitalocean_droplet.broker_consumer_01_droplet"
                    ],
                    "primary": {
                        "id": "broker-consumer-01",
                        "attributes": {
                            "groups.#": "5",
                            "groups.0": "staging",
                            "groups.1": "discovery-client",
                            "groups.2": "broker-client",
                            "groups.3": "broker-consumer",
                            "groups.4": "java-runtime",
                            "id": "broker-consumer-01",
                            "inventory_hostname": "broker-consumer-01",
                            "variable_priority": "50",
                            "vars.%": "4",
                            "vars.ansible_host": "167.71.47.105",
                            "vars.ansible_python_interpreter": "/usr/bin/python3",
                            "vars.datacenter_name": "fra1",
                            "vars.datacenter_role": "primary"
                        },
                        "meta": {},
                        "tainted": false
                    },
                    "deposed": [],
                    "provider": "provider.ansible"
                },
                "ansible_host.broker_consumer_02_droplet": {
                    "type": "ansible_host",
                    "depends_on": [
                        "digitalocean_droplet.broker_consumer_02_droplet"
                    ],
                    "primary": {
                        "id": "broker-consumer-02",
                        "attributes": {
                            "groups.#": "5",
                            "groups.0": "staging",
                            "groups.1": "discovery-client",
                            "groups.2": "broker-client",
                            "groups.3": "broker-consumer",
                            "groups.4": "java-runtime",
                            "id": "broker-consumer-02",
                            "inventory_hostname": "broker-consumer-02",
                            "variable_priority": "50",
                            "vars.%": "4",
                            "vars.ansible_host": "167.71.42.238",
                            "vars.ansible_python_interpreter": "/usr/bin/python3",
                            "vars.datacenter_name": "ams3",
                            "vars.datacenter_role": "ams3"
                        },
                        "meta": {},
                        "tainted": false
                    },
                    "deposed": [],
                    "provider": "provider.ansible"
                },
                "ansible_host.broker_producer_01_droplet": {
                    "type": "ansible_host",
                    "depends_on": [
                        "digitalocean_droplet.broker_producer_01_droplet"
                    ],
                    "primary": {
                        "id": "broker-producer-01",
                        "attributes": {
                            "groups.#": "5",
                            "groups.0": "staging",
                            "groups.1": "discovery-client",
                            "groups.2": "broker-client",
                            "groups.3": "broker-producer",
                            "groups.4": "java-runtime",
                            "id": "broker-producer-01",
                            "inventory_hostname": "broker-producer-01",
                            "variable_priority": "50",
                            "vars.%": "4",
                            "vars.ansible_host": "167.71.42.227",
                            "vars.ansible_python_interpreter": "/usr/bin/python3",
                            "vars.datacenter_name": "fra1",
                            "vars.datacenter_role": "primary"
                        },
                        "meta": {},
                        "tainted": false
                    },
                    "deposed": [],
                    "provider": "provider.ansible"
                },
                "ansible_host.broker_server_01_droplet": {
                    "type": "ansible_host",
                    "depends_on": [
                        "digitalocean_droplet.broker_server_01_droplet"
                    ],
                    "primary": {
                        "id": "broker-server-01",
                        "attributes": {
                            "groups.#": "4",
                            "groups.0": "staging",
                            "groups.1": "discovery-client",
                            "groups.2": "broker-server",
                            "groups.3": "primary",
                            "id": "broker-server-01",
                            "inventory_hostname": "broker-server-01",
                            "variable_priority": "50",
                            "vars.%": "4",
                            "vars.ansible_host": "165.22.86.38",
                            "vars.ansible_python_interpreter": "/usr/bin/python3",
                            "vars.datacenter_name": "fra1",
                            "vars.datacenter_role": "primary"
                        },
                        "meta": {},
                        "tainted": false
                    },
                    "deposed": [],
                    "provider": "provider.ansible"
                },
                "ansible_host.broker_server_02_droplet": {
                    "type": "ansible_host",
                    "depends_on": [
                        "digitalocean_droplet.broker_server_02_droplet"
                    ],
                    "primary": {
                        "id": "broker-server-02",
                        "attributes": {
                            "groups.#": "4",
                            "groups.0": "staging",
                            "groups.1": "discovery-client",
                            "groups.2": "broker-server",
                            "groups.3": "fallback",
                            "id": "broker-server-02",
                            "inventory_hostname": "broker-server-02",
                            "variable_priority": "50",
                            "vars.%": "4",
                            "vars.ansible_host": "167.71.15.232",
                            "vars.ansible_python_interpreter": "/usr/bin/python3",
                            "vars.datacenter_name": "ams3",
                            "vars.datacenter_role": "fallback"
                        },
                        "meta": {},
                        "tainted": false
                    },
                    "deposed": [],
                    "provider": "provider.ansible"
                },
                "ansible_host.broker_server_03_droplet": {
                    "type": "ansible_host",
                    "depends_on": [
                        "digitalocean_droplet.broker_server_03_droplet"
                    ],
                    "primary": {
                        "id": "broker-server-03",
                        "attributes": {
                            "groups.#": "4",
                            "groups.0": "staging",
                            "groups.1": "discovery-client",
                            "groups.2": "broker-server",
                            "groups.3": "ternary",
                            "id": "broker-server-03",
                            "inventory_hostname": "broker-server-03",
                            "variable_priority": "50",
                            "vars.%": "4",
                            "vars.ansible_host": "134.209.30.214",
                            "vars.ansible_python_interpreter": "/usr/bin/python3",
                            "vars.datacenter_name": "lon1",
                            "vars.datacenter_role": "ternary"
                        },
                        "meta": {},
                        "tainted": false
                    },
                    "deposed": [],
                    "provider": "provider.ansible"
                },
                "ansible_host.cache_server_01_droplet": {
                    "type": "ansible_host",
                    "depends_on": [
                        "digitalocean_droplet.cache_server_01_droplet"
                    ],
                    "primary": {
                        "id": "cache-server-01",
                        "attributes": {
                            "groups.#": "5",
                            "groups.0": "staging",
                            "groups.1": "discovery-client",
                            "groups.2": "cache-server",
                            "groups.3": "primary",
                            "groups.4": "java-runtime",
                            "id": "cache-server-01",
                            "inventory_hostname": "cache-server-01",
                            "variable_priority": "50",
                            "vars.%": "4",
                            "vars.ansible_host": "165.22.89.3",
                            "vars.ansible_python_interpreter": "/usr/bin/python3",
                            "vars.datacenter_name": "fra1",
                            "vars.datacenter_role": "primary"
                        },
                        "meta": {},
                        "tainted": false
                    },
                    "deposed": [],
                    "provider": "provider.ansible"
                },
                "ansible_host.cache_server_02_droplet": {
                    "type": "ansible_host",
                    "depends_on": [
                        "digitalocean_droplet.cache_server_02_droplet"
                    ],
                    "primary": {
                        "id": "cache-server-02",
                        "attributes": {
                            "groups.#": "5",
                            "groups.0": "staging",
                            "groups.1": "discovery-client",
                            "groups.2": "cache-server",
                            "groups.3": "fallback",
                            "groups.4": "java-runtime",
                            "id": "cache-server-02",
                            "inventory_hostname": "cache-server-02",
                            "variable_priority": "50",
                            "vars.%": "4",
                            "vars.ansible_host": "68.183.15.177",
                            "vars.ansible_python_interpreter": "/usr/bin/python3",
                            "vars.datacenter_name": "ams3",
                            "vars.datacenter_role": "fallback"
                        },
                        "meta": {},
                        "tainted": false
                    },
                    "deposed": [],
                    "provider": "provider.ansible"
                },
                "ansible_host.cache_server_03_droplet": {
                    "type": "ansible_host",
                    "depends_on": [
                        "digitalocean_droplet.cache_server_03_droplet"
                    ],
                    "primary": {
                        "id": "cache-server-03",
                        "attributes": {
                            "groups.#": "5",
                            "groups.0": "staging",
                            "groups.1": "discovery-client",
                            "groups.2": "cache-server",
                            "groups.3": "ternary",
                            "groups.4": "java-runtime",
                            "id": "cache-server-03",
                            "inventory_hostname": "cache-server-03",
                            "variable_priority": "50",
                            "vars.%": "4",
                            "vars.ansible_host": "134.209.21.125",
                            "vars.ansible_python_interpreter": "/usr/bin/python3",
                            "vars.datacenter_name": "lon1",
                            "vars.datacenter_role": "ternary"
                        },
                        "meta": {},
                        "tainted": false
                    },
                    "deposed": [],
                    "provider": "provider.ansible"
                },
                "ansible_host.discovery_server_01_droplet": {
                    "type": "ansible_host",
                    "depends_on": [
                        "digitalocean_droplet.discovery_server_01_droplet"
                    ],
                    "primary": {
                        "id": "discovery-server-01",
                        "attributes": {
                            "groups.#": "3",
                            "groups.0": "staging",
                            "groups.1": "discovery-server",
                            "groups.2": "primary",
                            "id": "discovery-server-01",
                            "inventory_hostname": "discovery-server-01",
                            "variable_priority": "50",
                            "vars.%": "4",
                            "vars.ansible_host": "165.22.81.76",
                            "vars.ansible_python_interpreter": "/usr/bin/python3",
                            "vars.datacenter_name": "fra1",
                            "vars.datacenter_role": "primary"
                        },
                        "meta": {},
                        "tainted": false
                    },
                    "deposed": [],
                    "provider": "provider.ansible"
                },
                "ansible_host.discovery_server_02_droplet": {
                    "type": "ansible_host",
                    "depends_on": [
                        "digitalocean_droplet.discovery_server_02_droplet"
                    ],
                    "primary": {
                        "id": "discovery-server-02",
                        "attributes": {
                            "groups.#": "3",
                            "groups.0": "staging",
                            "groups.1": "discovery-server",
                            "groups.2": "fallback",
                            "id": "discovery-server-02",
                            "inventory_hostname": "discovery-server-02",
                            "variable_priority": "50",
                            "vars.%": "4",
                            "vars.ansible_host": "68.183.14.222",
                            "vars.ansible_python_interpreter": "/usr/bin/python3",
                            "vars.datacenter_name": "ams3",
                            "vars.datacenter_role": "fallback"
                        },
                        "meta": {},
                        "tainted": false
                    },
                    "deposed": [],
                    "provider": "provider.ansible"
                },
                "ansible_host.discovery_server_03_droplet": {
                    "type": "ansible_host",
                    "depends_on": [
                        "digitalocean_droplet.discovery_server_03_droplet"
                    ],
                    "primary": {
                        "id": "discovery-server-03",
                        "attributes": {
                            "groups.#": "3",
                            "groups.0": "staging",
                            "groups.1": "discovery-server",
                            "groups.2": "ternary",
                            "id": "discovery-server-03",
                            "inventory_hostname": "discovery-server-03",
                            "variable_priority": "50",
                            "vars.%": "4",
                            "vars.ansible_host": "134.209.25.59",
                            "vars.ansible_python_interpreter": "/usr/bin/python3",
                            "vars.datacenter_name": "lon1",
                            "vars.datacenter_role": "ternary"
                        },
                        "meta": {},
                        "tainted": false
                    },
                    "deposed": [],
                    "provider": "provider.ansible"
                },
                "ansible_host.scheduler_producer_01_droplet": {
                    "type": "ansible_host",
                    "depends_on": [
                        "digitalocean_droplet.scheduler_producer_01_droplet"
                    ],
                    "primary": {
                        "id": "scheduler-producer-01",
                        "attributes": {
                            "groups.#": "5",
                            "groups.0": "staging",
                            "groups.1": "discovery-client",
                            "groups.2": "scheduler-client",
                            "groups.3": "scheduler-producer",
                            "groups.4": "java-runtime",
                            "id": "scheduler-producer-01",
                            "inventory_hostname": "scheduler-producer-01",
                            "variable_priority": "50",
                            "vars.%": "4",
                            "vars.ansible_host": "165.22.81.79",
                            "vars.ansible_python_interpreter": "/usr/bin/python3",
                            "vars.datacenter_name": "fra1",
                            "vars.datacenter_role": "primary"
                        },
                        "meta": {},
                        "tainted": false
                    },
                    "deposed": [],
                    "provider": "provider.ansible"
                },
                "ansible_host.scheduler_server_01_droplet": {
                    "type": "ansible_host",
                    "depends_on": [
                        "digitalocean_droplet.scheduler_server_01_droplet"
                    ],
                    "primary": {
                        "id": "scheduler-server-01",
                        "attributes": {
                            "groups.#": "5",
                            "groups.0": "staging",
                            "groups.1": "discovery-client",
                            "groups.2": "scheduler-server",
                            "groups.3": "primary",
                            "groups.4": "java-runtime",
                            "id": "scheduler-server-01",
                            "inventory_hostname": "scheduler-server-01",
                            "variable_priority": "50",
                            "vars.%": "4",
                            "vars.ansible_host": "165.22.89.7",
                            "vars.ansible_python_interpreter": "/usr/bin/python3",
                            "vars.datacenter_name": "fra1",
                            "vars.datacenter_role": "primary"
                        },
                        "meta": {},
                        "tainted": false
                    },
                    "deposed": [],
                    "provider": "provider.ansible"
                },
                "ansible_host.scheduler_server_02_droplet": {
                    "type": "ansible_host",
                    "depends_on": [
                        "digitalocean_droplet.scheduler_server_02_droplet"
                    ],
                    "primary": {
                        "id": "scheduler-server-02",
                        "attributes": {
                            "groups.#": "5",
                            "groups.0": "staging",
                            "groups.1": "discovery-client",
                            "groups.2": "scheduler-server",
                            "groups.3": "fallback",
                            "groups.4": "java-runtime",
                            "id": "scheduler-server-02",
                            "inventory_hostname": "scheduler-server-02",
                            "variable_priority": "50",
                            "vars.%": "4",
                            "vars.ansible_host": "167.71.8.168",
                            "vars.ansible_python_interpreter": "/usr/bin/python3",
                            "vars.datacenter_name": "ams3",
                            "vars.datacenter_role": "fallback"
                        },
                        "meta": {},
                        "tainted": false
                    },
                    "deposed": [],
                    "provider": "provider.ansible"
                },
                "digitalocean_droplet.broker_consumer_01_droplet": {
                    "type": "digitalocean_droplet",
                    "depends_on": [],
                    "primary": {
                        "id": "154608757",
                        "attributes": {
                            "backups": "false",
                            "disk": "30",
                            "id": "154608757",
                            "image": "ubuntu-18-04-x64",
                            "ipv4_address": "167.71.47.105",
                            "ipv4_address_private": "10.135.238.131",
                            "ipv6": "false",
                            "ipv6_address": "",
                            "ipv6_address_private": "",
                            "locked": "false",
                            "memory": "1024",
                            "monitoring": "false",
                            "name": "broker-consumer-01",
                            "price_hourly": "0.01488",
                            "price_monthly": "10",
                            "private_networking": "true",
                            "region": "fra1",
                            "resize_disk": "true",
                            "size": "1gb",
                            "ssh_keys.#": "1",
                            "ssh_keys.777555529": "35:a7:84:88:49:af:f2:99:0b:56:bc:e0:a2:b1:1c:4f",
                            "status": "active",
                            "tags.#": "5",
                            "tags.1676411945": "broker-client",
                            "tags.2988232516": "java-runtime",
                            "tags.3176302885": "staging",
                            "tags.3733569640": "discovery-client",
                            "tags.4090602869": "broker-consumer",
                            "urn": "do:droplet:154608757",
                            "vcpus": "1",
                            "volume_ids.#": "0"
                        },
                        "meta": {
                            "schema_version": "1"
                        },
                        "tainted": false
                    },
                    "deposed": [],
                    "provider": "provider.digitalocean"
                },
                "digitalocean_droplet.broker_consumer_02_droplet": {
                    "type": "digitalocean_droplet",
                    "depends_on": [],
                    "primary": {
                        "id": "154608758",
                        "attributes": {
                            "backups": "false",
                            "disk": "30",
                            "id": "154608758",
                            "image": "ubuntu-18-04-x64",
                            "ipv4_address": "167.71.42.238",
                            "ipv4_address_private": "10.135.240.183",
                            "ipv6": "false",
                            "ipv6_address": "",
                            "ipv6_address_private": "",
                            "locked": "false",
                            "memory": "1024",
                            "monitoring": "false",
                            "name": "broker-consumer-02",
                            "price_hourly": "0.01488",
                            "price_monthly": "10",
                            "private_networking": "true",
                            "region": "fra1",
                            "resize_disk": "true",
                            "size": "1gb",
                            "ssh_keys.#": "1",
                            "ssh_keys.777555529": "35:a7:84:88:49:af:f2:99:0b:56:bc:e0:a2:b1:1c:4f",
                            "status": "active",
                            "tags.#": "5",
                            "tags.1676411945": "broker-client",
                            "tags.2988232516": "java-runtime",
                            "tags.3176302885": "staging",
                            "tags.3733569640": "discovery-client",
                            "tags.4090602869": "broker-consumer",
                            "urn": "do:droplet:154608758",
                            "vcpus": "1",
                            "volume_ids.#": "0"
                        },
                        "meta": {
                            "schema_version": "1"
                        },
                        "tainted": false
                    },
                    "deposed": [],
                    "provider": "provider.digitalocean"
                },
                "digitalocean_droplet.broker_producer_01_droplet": {
                    "type": "digitalocean_droplet",
                    "depends_on": [],
                    "primary": {
                        "id": "154608759",
                        "attributes": {
                            "backups": "false",
                            "disk": "30",
                            "id": "154608759",
                            "image": "ubuntu-18-04-x64",
                            "ipv4_address": "167.71.42.227",
                            "ipv4_address_private": "10.135.240.182",
                            "ipv6": "false",
                            "ipv6_address": "",
                            "ipv6_address_private": "",
                            "locked": "false",
                            "memory": "1024",
                            "monitoring": "false",
                            "name": "broker-producer-01",
                            "price_hourly": "0.01488",
                            "price_monthly": "10",
                            "private_networking": "true",
                            "region": "fra1",
                            "resize_disk": "true",
                            "size": "1gb",
                            "ssh_keys.#": "1",
                            "ssh_keys.777555529": "35:a7:84:88:49:af:f2:99:0b:56:bc:e0:a2:b1:1c:4f",
                            "status": "active",
                            "tags.#": "5",
                            "tags.1676411945": "broker-client",
                            "tags.2988232516": "java-runtime",
                            "tags.3176302885": "staging",
                            "tags.351198094": "broker-producer",
                            "tags.3733569640": "discovery-client",
                            "urn": "do:droplet:154608759",
                            "vcpus": "1",
                            "volume_ids.#": "0"
                        },
                        "meta": {
                            "schema_version": "1"
                        },
                        "tainted": false
                    },
                    "deposed": [],
                    "provider": "provider.digitalocean"
                },
                "digitalocean_droplet.broker_server_01_droplet": {
                    "type": "digitalocean_droplet",
                    "depends_on": [],
                    "primary": {
                        "id": "154605500",
                        "attributes": {
                            "backups": "false",
                            "disk": "30",
                            "id": "154605500",
                            "image": "ubuntu-18-04-x64",
                            "ipv4_address": "165.22.86.38",
                            "ipv4_address_private": "10.135.237.22",
                            "ipv6": "false",
                            "ipv6_address": "",
                            "ipv6_address_private": "",
                            "locked": "false",
                            "memory": "1024",
                            "monitoring": "false",
                            "name": "broker-server-01",
                            "price_hourly": "0.01488",
                            "price_monthly": "10",
                            "private_networking": "true",
                            "region": "fra1",
                            "resize_disk": "true",
                            "size": "1gb",
                            "ssh_keys.#": "1",
                            "ssh_keys.777555529": "35:a7:84:88:49:af:f2:99:0b:56:bc:e0:a2:b1:1c:4f",
                            "status": "active",
                            "tags.#": "3",
                            "tags.3176302885": "staging",
                            "tags.3733569640": "discovery-client",
                            "tags.4274378122": "broker-server",
                            "urn": "do:droplet:154605500",
                            "vcpus": "1",
                            "volume_ids.#": "0"
                        },
                        "meta": {
                            "schema_version": "1"
                        },
                        "tainted": false
                    },
                    "deposed": [],
                    "provider": "provider.digitalocean"
                },
                "digitalocean_droplet.broker_server_02_droplet": {
                    "type": "digitalocean_droplet",
                    "depends_on": [],
                    "primary": {
                        "id": "154605474",
                        "attributes": {
                            "backups": "false",
                            "disk": "30",
                            "id": "154605474",
                            "image": "ubuntu-18-04-x64",
                            "ipv4_address": "167.71.15.232",
                            "ipv4_address_private": "10.133.242.124",
                            "ipv6": "false",
                            "ipv6_address": "",
                            "ipv6_address_private": "",
                            "locked": "false",
                            "memory": "1024",
                            "monitoring": "false",
                            "name": "broker-server-02",
                            "price_hourly": "0.01488",
                            "price_monthly": "10",
                            "private_networking": "true",
                            "region": "ams3",
                            "resize_disk": "true",
                            "size": "1gb",
                            "ssh_keys.#": "1",
                            "ssh_keys.777555529": "35:a7:84:88:49:af:f2:99:0b:56:bc:e0:a2:b1:1c:4f",
                            "status": "active",
                            "tags.#": "3",
                            "tags.3176302885": "staging",
                            "tags.3733569640": "discovery-client",
                            "tags.4274378122": "broker-server",
                            "urn": "do:droplet:154605474",
                            "vcpus": "1",
                            "volume_ids.#": "0"
                        },
                        "meta": {
                            "schema_version": "1"
                        },
                        "tainted": false
                    },
                    "deposed": [],
                    "provider": "provider.digitalocean"
                },
                "digitalocean_droplet.broker_server_03_droplet": {
                    "type": "digitalocean_droplet",
                    "depends_on": [],
                    "primary": {
                        "id": "154605471",
                        "attributes": {
                            "backups": "false",
                            "disk": "30",
                            "id": "154605471",
                            "image": "ubuntu-18-04-x64",
                            "ipv4_address": "134.209.30.214",
                            "ipv4_address_private": "10.131.244.117",
                            "ipv6": "false",
                            "ipv6_address": "",
                            "ipv6_address_private": "",
                            "locked": "false",
                            "memory": "1024",
                            "monitoring": "false",
                            "name": "broker-server-03",
                            "price_hourly": "0.01488",
                            "price_monthly": "10",
                            "private_networking": "true",
                            "region": "lon1",
                            "resize_disk": "true",
                            "size": "1gb",
                            "ssh_keys.#": "1",
                            "ssh_keys.777555529": "35:a7:84:88:49:af:f2:99:0b:56:bc:e0:a2:b1:1c:4f",
                            "status": "active",
                            "tags.#": "3",
                            "tags.3176302885": "staging",
                            "tags.3733569640": "discovery-client",
                            "tags.4274378122": "broker-server",
                            "urn": "do:droplet:154605471",
                            "vcpus": "1",
                            "volume_ids.#": "0"
                        },
                        "meta": {
                            "schema_version": "1"
                        },
                        "tainted": false
                    },
                    "deposed": [],
                    "provider": "provider.digitalocean"
                },
                "digitalocean_droplet.cache_server_01_droplet": {
                    "type": "digitalocean_droplet",
                    "depends_on": [],
                    "primary": {
                        "id": "154605470",
                        "attributes": {
                            "backups": "false",
                            "disk": "30",
                            "id": "154605470",
                            "image": "ubuntu-18-04-x64",
                            "ipv4_address": "165.22.89.3",
                            "ipv4_address_private": "10.135.237.124",
                            "ipv6": "false",
                            "ipv6_address": "",
                            "ipv6_address_private": "",
                            "locked": "false",
                            "memory": "1024",
                            "monitoring": "false",
                            "name": "cache-server-01",
                            "price_hourly": "0.01488",
                            "price_monthly": "10",
                            "private_networking": "true",
                            "region": "fra1",
                            "resize_disk": "true",
                            "size": "1gb",
                            "ssh_keys.#": "1",
                            "ssh_keys.777555529": "35:a7:84:88:49:af:f2:99:0b:56:bc:e0:a2:b1:1c:4f",
                            "status": "active",
                            "tags.#": "4",
                            "tags.2988232516": "java-runtime",
                            "tags.3051761526": "cache-server",
                            "tags.3176302885": "staging",
                            "tags.3733569640": "discovery-client",
                            "urn": "do:droplet:154605470",
                            "vcpus": "1",
                            "volume_ids.#": "0"
                        },
                        "meta": {
                            "schema_version": "1"
                        },
                        "tainted": false
                    },
                    "deposed": [],
                    "provider": "provider.digitalocean"
                },
                "digitalocean_droplet.cache_server_02_droplet": {
                    "type": "digitalocean_droplet",
                    "depends_on": [],
                    "primary": {
                        "id": "154605501",
                        "attributes": {
                            "backups": "false",
                            "disk": "30",
                            "id": "154605501",
                            "image": "ubuntu-18-04-x64",
                            "ipv4_address": "68.183.15.177",
                            "ipv4_address_private": "10.133.242.125",
                            "ipv6": "false",
                            "ipv6_address": "",
                            "ipv6_address_private": "",
                            "locked": "false",
                            "memory": "1024",
                            "monitoring": "false",
                            "name": "cache-server-02",
                            "price_hourly": "0.01488",
                            "price_monthly": "10",
                            "private_networking": "true",
                            "region": "ams3",
                            "resize_disk": "true",
                            "size": "1gb",
                            "ssh_keys.#": "1",
                            "ssh_keys.777555529": "35:a7:84:88:49:af:f2:99:0b:56:bc:e0:a2:b1:1c:4f",
                            "status": "active",
                            "tags.#": "4",
                            "tags.2988232516": "java-runtime",
                            "tags.3051761526": "cache-server",
                            "tags.3176302885": "staging",
                            "tags.3733569640": "discovery-client",
                            "urn": "do:droplet:154605501",
                            "vcpus": "1",
                            "volume_ids.#": "0"
                        },
                        "meta": {
                            "schema_version": "1"
                        },
                        "tainted": false
                    },
                    "deposed": [],
                    "provider": "provider.digitalocean"
                },
                "digitalocean_droplet.cache_server_03_droplet": {
                    "type": "digitalocean_droplet",
                    "depends_on": [],
                    "primary": {
                        "id": "154605466",
                        "attributes": {
                            "backups": "false",
                            "disk": "30",
                            "id": "154605466",
                            "image": "ubuntu-18-04-x64",
                            "ipv4_address": "134.209.21.125",
                            "ipv4_address_private": "10.131.244.115",
                            "ipv6": "false",
                            "ipv6_address": "",
                            "ipv6_address_private": "",
                            "locked": "false",
                            "memory": "1024",
                            "monitoring": "false",
                            "name": "cache-server-03",
                            "price_hourly": "0.01488",
                            "price_monthly": "10",
                            "private_networking": "true",
                            "region": "lon1",
                            "resize_disk": "true",
                            "size": "1gb",
                            "ssh_keys.#": "1",
                            "ssh_keys.777555529": "35:a7:84:88:49:af:f2:99:0b:56:bc:e0:a2:b1:1c:4f",
                            "status": "active",
                            "tags.#": "4",
                            "tags.2988232516": "java-runtime",
                            "tags.3051761526": "cache-server",
                            "tags.3176302885": "staging",
                            "tags.3733569640": "discovery-client",
                            "urn": "do:droplet:154605466",
                            "vcpus": "1",
                            "volume_ids.#": "0"
                        },
                        "meta": {
                            "schema_version": "1"
                        },
                        "tainted": false
                    },
                    "deposed": [],
                    "provider": "provider.digitalocean"
                },
                "digitalocean_droplet.discovery_server_01_droplet": {
                    "type": "digitalocean_droplet",
                    "depends_on": [],
                    "primary": {
                        "id": "154605468",
                        "attributes": {
                            "backups": "false",
                            "disk": "30",
                            "id": "154605468",
                            "image": "ubuntu-18-04-x64",
                            "ipv4_address": "165.22.81.76",
                            "ipv4_address_private": "10.135.237.110",
                            "ipv6": "false",
                            "ipv6_address": "",
                            "ipv6_address_private": "",
                            "locked": "false",
                            "memory": "1024",
                            "monitoring": "false",
                            "name": "discovery-server-01",
                            "price_hourly": "0.01488",
                            "price_monthly": "10",
                            "private_networking": "true",
                            "region": "fra1",
                            "resize_disk": "true",
                            "size": "1gb",
                            "ssh_keys.#": "1",
                            "ssh_keys.777555529": "35:a7:84:88:49:af:f2:99:0b:56:bc:e0:a2:b1:1c:4f",
                            "status": "active",
                            "tags.#": "2",
                            "tags.1134563787": "discovery-server",
                            "tags.3176302885": "staging",
                            "urn": "do:droplet:154605468",
                            "vcpus": "1",
                            "volume_ids.#": "0"
                        },
                        "meta": {
                            "schema_version": "1"
                        },
                        "tainted": false
                    },
                    "deposed": [],
                    "provider": "provider.digitalocean"
                },
                "digitalocean_droplet.discovery_server_02_droplet": {
                    "type": "digitalocean_droplet",
                    "depends_on": [],
                    "primary": {
                        "id": "154605473",
                        "attributes": {
                            "backups": "false",
                            "disk": "30",
                            "id": "154605473",
                            "image": "ubuntu-18-04-x64",
                            "ipv4_address": "68.183.14.222",
                            "ipv4_address_private": "10.133.248.142",
                            "ipv6": "false",
                            "ipv6_address": "",
                            "ipv6_address_private": "",
                            "locked": "false",
                            "memory": "1024",
                            "monitoring": "false",
                            "name": "discovery-server-02",
                            "price_hourly": "0.01488",
                            "price_monthly": "10",
                            "private_networking": "true",
                            "region": "ams3",
                            "resize_disk": "true",
                            "size": "1gb",
                            "ssh_keys.#": "1",
                            "ssh_keys.777555529": "35:a7:84:88:49:af:f2:99:0b:56:bc:e0:a2:b1:1c:4f",
                            "status": "active",
                            "tags.#": "2",
                            "tags.1134563787": "discovery-server",
                            "tags.3176302885": "staging",
                            "urn": "do:droplet:154605473",
                            "vcpus": "1",
                            "volume_ids.#": "0"
                        },
                        "meta": {
                            "schema_version": "1"
                        },
                        "tainted": false
                    },
                    "deposed": [],
                    "provider": "provider.digitalocean"
                },
                "digitalocean_droplet.discovery_server_03_droplet": {
                    "type": "digitalocean_droplet",
                    "depends_on": [],
                    "primary": {
                        "id": "154605472",
                        "attributes": {
                            "backups": "false",
                            "disk": "30",
                            "id": "154605472",
                            "image": "ubuntu-18-04-x64",
                            "ipv4_address": "134.209.25.59",
                            "ipv4_address_private": "10.131.244.116",
                            "ipv6": "false",
                            "ipv6_address": "",
                            "ipv6_address_private": "",
                            "locked": "false",
                            "memory": "1024",
                            "monitoring": "false",
                            "name": "discovery-server-03",
                            "price_hourly": "0.01488",
                            "price_monthly": "10",
                            "private_networking": "true",
                            "region": "lon1",
                            "resize_disk": "true",
                            "size": "1gb",
                            "ssh_keys.#": "1",
                            "ssh_keys.777555529": "35:a7:84:88:49:af:f2:99:0b:56:bc:e0:a2:b1:1c:4f",
                            "status": "active",
                            "tags.#": "2",
                            "tags.1134563787": "discovery-server",
                            "tags.3176302885": "staging",
                            "urn": "do:droplet:154605472",
                            "vcpus": "1",
                            "volume_ids.#": "0"
                        },
                        "meta": {
                            "schema_version": "1"
                        },
                        "tainted": false
                    },
                    "deposed": [],
                    "provider": "provider.digitalocean"
                },
                "digitalocean_droplet.scheduler_producer_01_droplet": {
                    "type": "digitalocean_droplet",
                    "depends_on": [],
                    "primary": {
                        "id": "154605467",
                        "attributes": {
                            "backups": "false",
                            "disk": "30",
                            "id": "154605467",
                            "image": "ubuntu-18-04-x64",
                            "ipv4_address": "165.22.81.79",
                            "ipv4_address_private": "10.135.237.68",
                            "ipv6": "false",
                            "ipv6_address": "",
                            "ipv6_address_private": "",
                            "locked": "false",
                            "memory": "1024",
                            "monitoring": "false",
                            "name": "scheduler-producer-01",
                            "price_hourly": "0.01488",
                            "price_monthly": "10",
                            "private_networking": "true",
                            "region": "fra1",
                            "resize_disk": "true",
                            "size": "1gb",
                            "ssh_keys.#": "1",
                            "ssh_keys.777555529": "35:a7:84:88:49:af:f2:99:0b:56:bc:e0:a2:b1:1c:4f",
                            "status": "active",
                            "tags.#": "5",
                            "tags.2862184930": "scheduler-client",
                            "tags.2988232516": "java-runtime",
                            "tags.307499519": "scheduler-producer",
                            "tags.3176302885": "staging",
                            "tags.3733569640": "discovery-client",
                            "urn": "do:droplet:154605467",
                            "vcpus": "1",
                            "volume_ids.#": "0"
                        },
                        "meta": {
                            "schema_version": "1"
                        },
                        "tainted": false
                    },
                    "deposed": [],
                    "provider": "provider.digitalocean"
                },
                "digitalocean_droplet.scheduler_server_01_droplet": {
                    "type": "digitalocean_droplet",
                    "depends_on": [],
                    "primary": {
                        "id": "154605475",
                        "attributes": {
                            "backups": "false",
                            "disk": "30",
                            "id": "154605475",
                            "image": "ubuntu-18-04-x64",
                            "ipv4_address": "165.22.89.7",
                            "ipv4_address_private": "10.135.237.148",
                            "ipv6": "false",
                            "ipv6_address": "",
                            "ipv6_address_private": "",
                            "locked": "false",
                            "memory": "1024",
                            "monitoring": "false",
                            "name": "scheduler-server-01",
                            "price_hourly": "0.01488",
                            "price_monthly": "10",
                            "private_networking": "true",
                            "region": "fra1",
                            "resize_disk": "true",
                            "size": "1gb",
                            "ssh_keys.#": "1",
                            "ssh_keys.777555529": "35:a7:84:88:49:af:f2:99:0b:56:bc:e0:a2:b1:1c:4f",
                            "status": "active",
                            "tags.#": "4",
                            "tags.2988232516": "java-runtime",
                            "tags.3176302885": "staging",
                            "tags.3733569640": "discovery-client",
                            "tags.934324289": "scheduler-server",
                            "urn": "do:droplet:154605475",
                            "vcpus": "1",
                            "volume_ids.#": "0"
                        },
                        "meta": {
                            "schema_version": "1"
                        },
                        "tainted": false
                    },
                    "deposed": [],
                    "provider": "provider.digitalocean"
                },
                "digitalocean_droplet.scheduler_server_02_droplet": {
                    "type": "digitalocean_droplet",
                    "depends_on": [],
                    "primary": {
                        "id": "154605469",
                        "attributes": {
                            "backups": "false",
                            "disk": "30",
                            "id": "154605469",
                            "image": "ubuntu-18-04-x64",
                            "ipv4_address": "167.71.8.168",
                            "ipv4_address_private": "10.133.242.123",
                            "ipv6": "false",
                            "ipv6_address": "",
                            "ipv6_address_private": "",
                            "locked": "false",
                            "memory": "1024",
                            "monitoring": "false",
                            "name": "scheduler-server-02",
                            "price_hourly": "0.01488",
                            "price_monthly": "10",
                            "private_networking": "true",
                            "region": "ams3",
                            "resize_disk": "true",
                            "size": "1gb",
                            "ssh_keys.#": "1",
                            "ssh_keys.777555529": "35:a7:84:88:49:af:f2:99:0b:56:bc:e0:a2:b1:1c:4f",
                            "status": "active",
                            "tags.#": "4",
                            "tags.2988232516": "java-runtime",
                            "tags.3176302885": "staging",
                            "tags.3733569640": "discovery-client",
                            "tags.934324289": "scheduler-server",
                            "urn": "do:droplet:154605469",
                            "vcpus": "1",
                            "volume_ids.#": "0"
                        },
                        "meta": {
                            "schema_version": "1"
                        },
                        "tainted": false
                    },
                    "deposed": [],
                    "provider": "provider.digitalocean"
                }
            },
            "depends_on": []
        }
    ]
}
