{
    "version": 3,
    "terraform_version": "0.11.13",
    "serial": 29,
    "lineage": "4f835cfa-6927-051e-0c68-b0e3ff3f02c6",
    "modules": [
        {
            "path": [
                "root"
            ],
            "outputs": {},
            "resources": {
                "ansible_host.cache_server_01_droplet": {
                    "type": "ansible_host",
                    "depends_on": [
                        "digitalocean_droplet.cache_server_01_droplet"
                    ],
                    "primary": {
                        "id": "cache-server-01",
                        "attributes": {
                            "groups.#": "4",
                            "groups.0": "staging",
                            "groups.1": "consul-client",
                            "groups.2": "cache-server",
                            "groups.3": "primary",
                            "id": "cache-server-01",
                            "inventory_hostname": "cache-server-01",
                            "vars.%": "4",
                            "vars.ansible_host": "165.22.29.145",
                            "vars.ansible_python_interpreter": "/usr/bin/python3",
                            "vars.datacenter_name": "fra1",
                            "vars.datacenter_role": "primary"
                        },
                        "meta": {},
                        "tainted": false
                    },
                    "deposed": [],
                    "provider": "provider.ansible"
                },
                "ansible_host.cache_server_02_droplet": {
                    "type": "ansible_host",
                    "depends_on": [
                        "digitalocean_droplet.cache_server_02_droplet"
                    ],
                    "primary": {
                        "id": "cache-server-02",
                        "attributes": {
                            "groups.#": "4",
                            "groups.0": "staging",
                            "groups.1": "consul-client",
                            "groups.2": "cache-server",
                            "groups.3": "fallback",
                            "id": "cache-server-02",
                            "inventory_hostname": "cache-server-02",
                            "vars.%": "4",
                            "vars.ansible_host": "174.138.0.48",
                            "vars.ansible_python_interpreter": "/usr/bin/python3",
                            "vars.datacenter_name": "ams3",
                            "vars.datacenter_role": "fallback"
                        },
                        "meta": {},
                        "tainted": false
                    },
                    "deposed": [],
                    "provider": "provider.ansible"
                },
                "ansible_host.cache_server_03_droplet": {
                    "type": "ansible_host",
                    "depends_on": [
                        "digitalocean_droplet.cache_server_03_droplet"
                    ],
                    "primary": {
                        "id": "cache-server-03",
                        "attributes": {
                            "groups.#": "4",
                            "groups.0": "staging",
                            "groups.1": "consul-client",
                            "groups.2": "cache-server",
                            "groups.3": "ternary",
                            "id": "cache-server-03",
                            "inventory_hostname": "cache-server-03",
                            "vars.%": "4",
                            "vars.ansible_host": "167.99.201.212",
                            "vars.ansible_python_interpreter": "/usr/bin/python3",
                            "vars.datacenter_name": "lon1",
                            "vars.datacenter_role": "ternary"
                        },
                        "meta": {},
                        "tainted": false
                    },
                    "deposed": [],
                    "provider": "provider.ansible"
                },
                "ansible_host.consul_server_01_droplet": {
                    "type": "ansible_host",
                    "depends_on": [
                        "digitalocean_droplet.consul_server_01_droplet"
                    ],
                    "primary": {
                        "id": "consul-server-01",
                        "attributes": {
                            "groups.#": "3",
                            "groups.0": "staging",
                            "groups.1": "consul-server",
                            "groups.2": "primary",
                            "id": "consul-server-01",
                            "inventory_hostname": "consul-server-01",
                            "vars.%": "4",
                            "vars.ansible_host": "167.71.32.79",
                            "vars.ansible_python_interpreter": "/usr/bin/python3",
                            "vars.datacenter_name": "fra1",
                            "vars.datacenter_role": "primary"
                        },
                        "meta": {},
                        "tainted": false
                    },
                    "deposed": [],
                    "provider": "provider.ansible"
                },
                "ansible_host.consul_server_02_droplet": {
                    "type": "ansible_host",
                    "depends_on": [
                        "digitalocean_droplet.consul_server_02_droplet"
                    ],
                    "primary": {
                        "id": "consul-server-02",
                        "attributes": {
                            "groups.#": "3",
                            "groups.0": "staging",
                            "groups.1": "consul-server",
                            "groups.2": "fallback",
                            "id": "consul-server-02",
                            "inventory_hostname": "consul-server-02",
                            "vars.%": "4",
                            "vars.ansible_host": "174.138.11.168",
                            "vars.ansible_python_interpreter": "/usr/bin/python3",
                            "vars.datacenter_name": "ams3",
                            "vars.datacenter_role": "fallback"
                        },
                        "meta": {},
                        "tainted": false
                    },
                    "deposed": [],
                    "provider": "provider.ansible"
                },
                "ansible_host.consul_server_03_droplet": {
                    "type": "ansible_host",
                    "depends_on": [
                        "digitalocean_droplet.consul_server_03_droplet"
                    ],
                    "primary": {
                        "id": "consul-server-03",
                        "attributes": {
                            "groups.#": "3",
                            "groups.0": "staging",
                            "groups.1": "consul-server",
                            "groups.2": "ternary",
                            "id": "consul-server-03",
                            "inventory_hostname": "consul-server-03",
                            "vars.%": "4",
                            "vars.ansible_host": "178.128.32.122",
                            "vars.ansible_python_interpreter": "/usr/bin/python3",
                            "vars.datacenter_name": "lon1",
                            "vars.datacenter_role": "ternary"
                        },
                        "meta": {},
                        "tainted": false
                    },
                    "deposed": [],
                    "provider": "provider.ansible"
                },
                "digitalocean_droplet.cache_server_01_droplet": {
                    "type": "digitalocean_droplet",
                    "depends_on": [
                        "digitalocean_tag.cache_server_role",
                        "digitalocean_tag.consul_client_role",
                        "digitalocean_tag.target_env"
                    ],
                    "primary": {
                        "id": "147772140",
                        "attributes": {
                            "backups": "false",
                            "disk": "30",
                            "id": "147772140",
                            "image": "ubuntu-18-04-x64",
                            "ipv4_address": "165.22.29.145",
                            "ipv4_address_private": "10.135.188.134",
                            "ipv6": "false",
                            "ipv6_address": "",
                            "ipv6_address_private": "",
                            "locked": "false",
                            "memory": "1024",
                            "monitoring": "false",
                            "name": "cache-server-01",
                            "price_hourly": "0.01488",
                            "price_monthly": "10",
                            "private_networking": "true",
                            "region": "fra1",
                            "resize_disk": "true",
                            "size": "1gb",
                            "ssh_keys.#": "1",
                            "ssh_keys.523117032": "c0:97:b7:e0:93:91:d0:1f:d1:d1:97:85:f4:12:26:9a",
                            "status": "active",
                            "tags.#": "3",
                            "tags.3051761526": "cache-server",
                            "tags.3176302885": "staging",
                            "tags.483085834": "consul-client",
                            "urn": "do:droplet:147772140",
                            "vcpus": "1",
                            "volume_ids.#": "0"
                        },
                        "meta": {
                            "schema_version": "1"
                        },
                        "tainted": false
                    },
                    "deposed": [],
                    "provider": "provider.digitalocean"
                },
                "digitalocean_droplet.cache_server_02_droplet": {
                    "type": "digitalocean_droplet",
                    "depends_on": [
                        "digitalocean_tag.cache_server_role",
                        "digitalocean_tag.consul_client_role",
                        "digitalocean_tag.target_env"
                    ],
                    "primary": {
                        "id": "147772143",
                        "attributes": {
                            "backups": "false",
                            "disk": "30",
                            "id": "147772143",
                            "image": "ubuntu-18-04-x64",
                            "ipv4_address": "174.138.0.48",
                            "ipv4_address_private": "10.133.70.125",
                            "ipv6": "false",
                            "ipv6_address": "",
                            "ipv6_address_private": "",
                            "locked": "false",
                            "memory": "1024",
                            "monitoring": "false",
                            "name": "cache-server-02",
                            "price_hourly": "0.01488",
                            "price_monthly": "10",
                            "private_networking": "true",
                            "region": "ams3",
                            "resize_disk": "true",
                            "size": "1gb",
                            "ssh_keys.#": "1",
                            "ssh_keys.523117032": "c0:97:b7:e0:93:91:d0:1f:d1:d1:97:85:f4:12:26:9a",
                            "status": "active",
                            "tags.#": "3",
                            "tags.3051761526": "cache-server",
                            "tags.3176302885": "staging",
                            "tags.483085834": "consul-client",
                            "urn": "do:droplet:147772143",
                            "vcpus": "1",
                            "volume_ids.#": "0"
                        },
                        "meta": {
                            "schema_version": "1"
                        },
                        "tainted": false
                    },
                    "deposed": [],
                    "provider": "provider.digitalocean"
                },
                "digitalocean_droplet.cache_server_03_droplet": {
                    "type": "digitalocean_droplet",
                    "depends_on": [
                        "digitalocean_tag.cache_server_role",
                        "digitalocean_tag.consul_client_role",
                        "digitalocean_tag.target_env"
                    ],
                    "primary": {
                        "id": "147772142",
                        "attributes": {
                            "backups": "false",
                            "disk": "30",
                            "id": "147772142",
                            "image": "ubuntu-18-04-x64",
                            "ipv4_address": "167.99.201.212",
                            "ipv4_address_private": "10.131.124.7",
                            "ipv6": "false",
                            "ipv6_address": "",
                            "ipv6_address_private": "",
                            "locked": "false",
                            "memory": "1024",
                            "monitoring": "false",
                            "name": "cache-server-03",
                            "price_hourly": "0.01488",
                            "price_monthly": "10",
                            "private_networking": "true",
                            "region": "lon1",
                            "resize_disk": "true",
                            "size": "1gb",
                            "ssh_keys.#": "1",
                            "ssh_keys.523117032": "c0:97:b7:e0:93:91:d0:1f:d1:d1:97:85:f4:12:26:9a",
                            "status": "active",
                            "tags.#": "3",
                            "tags.3051761526": "cache-server",
                            "tags.3176302885": "staging",
                            "tags.483085834": "consul-client",
                            "urn": "do:droplet:147772142",
                            "vcpus": "1",
                            "volume_ids.#": "0"
                        },
                        "meta": {
                            "schema_version": "1"
                        },
                        "tainted": false
                    },
                    "deposed": [],
                    "provider": "provider.digitalocean"
                },
                "digitalocean_droplet.consul_server_01_droplet": {
                    "type": "digitalocean_droplet",
                    "depends_on": [
                        "digitalocean_tag.consul_server_role",
                        "digitalocean_tag.target_env"
                    ],
                    "primary": {
                        "id": "147772145",
                        "attributes": {
                            "backups": "false",
                            "disk": "30",
                            "id": "147772145",
                            "image": "ubuntu-18-04-x64",
                            "ipv4_address": "167.71.32.79",
                            "ipv4_address_private": "10.135.191.158",
                            "ipv6": "false",
                            "ipv6_address": "",
                            "ipv6_address_private": "",
                            "locked": "false",
                            "memory": "1024",
                            "monitoring": "false",
                            "name": "consul-server-01",
                            "price_hourly": "0.01488",
                            "price_monthly": "10",
                            "private_networking": "true",
                            "region": "fra1",
                            "resize_disk": "true",
                            "size": "1gb",
                            "ssh_keys.#": "1",
                            "ssh_keys.523117032": "c0:97:b7:e0:93:91:d0:1f:d1:d1:97:85:f4:12:26:9a",
                            "status": "active",
                            "tags.#": "2",
                            "tags.2179112873": "consul-server",
                            "tags.3176302885": "staging",
                            "urn": "do:droplet:147772145",
                            "vcpus": "1",
                            "volume_ids.#": "0"
                        },
                        "meta": {
                            "schema_version": "1"
                        },
                        "tainted": false
                    },
                    "deposed": [],
                    "provider": "provider.digitalocean"
                },
                "digitalocean_droplet.consul_server_02_droplet": {
                    "type": "digitalocean_droplet",
                    "depends_on": [
                        "digitalocean_tag.consul_server_role",
                        "digitalocean_tag.target_env"
                    ],
                    "primary": {
                        "id": "147772144",
                        "attributes": {
                            "backups": "false",
                            "disk": "30",
                            "id": "147772144",
                            "image": "ubuntu-18-04-x64",
                            "ipv4_address": "174.138.11.168",
                            "ipv4_address_private": "10.133.94.52",
                            "ipv6": "false",
                            "ipv6_address": "",
                            "ipv6_address_private": "",
                            "locked": "false",
                            "memory": "1024",
                            "monitoring": "false",
                            "name": "consul-server-02",
                            "price_hourly": "0.01488",
                            "price_monthly": "10",
                            "private_networking": "true",
                            "region": "ams3",
                            "resize_disk": "true",
                            "size": "1gb",
                            "ssh_keys.#": "1",
                            "ssh_keys.523117032": "c0:97:b7:e0:93:91:d0:1f:d1:d1:97:85:f4:12:26:9a",
                            "status": "active",
                            "tags.#": "2",
                            "tags.2179112873": "consul-server",
                            "tags.3176302885": "staging",
                            "urn": "do:droplet:147772144",
                            "vcpus": "1",
                            "volume_ids.#": "0"
                        },
                        "meta": {
                            "schema_version": "1"
                        },
                        "tainted": false
                    },
                    "deposed": [],
                    "provider": "provider.digitalocean"
                },
                "digitalocean_droplet.consul_server_03_droplet": {
                    "type": "digitalocean_droplet",
                    "depends_on": [
                        "digitalocean_tag.consul_server_role",
                        "digitalocean_tag.target_env"
                    ],
                    "primary": {
                        "id": "147772141",
                        "attributes": {
                            "backups": "false",
                            "disk": "30",
                            "id": "147772141",
                            "image": "ubuntu-18-04-x64",
                            "ipv4_address": "178.128.32.122",
                            "ipv4_address_private": "10.131.131.198",
                            "ipv6": "false",
                            "ipv6_address": "",
                            "ipv6_address_private": "",
                            "locked": "false",
                            "memory": "1024",
                            "monitoring": "false",
                            "name": "consul-server-03",
                            "price_hourly": "0.01488",
                            "price_monthly": "10",
                            "private_networking": "true",
                            "region": "lon1",
                            "resize_disk": "true",
                            "size": "1gb",
                            "ssh_keys.#": "1",
                            "ssh_keys.523117032": "c0:97:b7:e0:93:91:d0:1f:d1:d1:97:85:f4:12:26:9a",
                            "status": "active",
                            "tags.#": "2",
                            "tags.2179112873": "consul-server",
                            "tags.3176302885": "staging",
                            "urn": "do:droplet:147772141",
                            "vcpus": "1",
                            "volume_ids.#": "0"
                        },
                        "meta": {
                            "schema_version": "1"
                        },
                        "tainted": false
                    },
                    "deposed": [],
                    "provider": "provider.digitalocean"
                },
                "digitalocean_tag.cache_server_role": {
                    "type": "digitalocean_tag",
                    "depends_on": [],
                    "primary": {
                        "id": "cache-server",
                        "attributes": {
                            "id": "cache-server",
                            "name": "cache-server"
                        },
                        "meta": {},
                        "tainted": false
                    },
                    "deposed": [],
                    "provider": "provider.digitalocean"
                },
                "digitalocean_tag.consul_client_role": {
                    "type": "digitalocean_tag",
                    "depends_on": [],
                    "primary": {
                        "id": "consul-client",
                        "attributes": {
                            "id": "consul-client",
                            "name": "consul-client"
                        },
                        "meta": {},
                        "tainted": false
                    },
                    "deposed": [],
                    "provider": "provider.digitalocean"
                },
                "digitalocean_tag.consul_server_role": {
                    "type": "digitalocean_tag",
                    "depends_on": [],
                    "primary": {
                        "id": "consul-server",
                        "attributes": {
                            "id": "consul-server",
                            "name": "consul-server"
                        },
                        "meta": {},
                        "tainted": false
                    },
                    "deposed": [],
                    "provider": "provider.digitalocean"
                },
                "digitalocean_tag.target_env": {
                    "type": "digitalocean_tag",
                    "depends_on": [],
                    "primary": {
                        "id": "staging",
                        "attributes": {
                            "id": "staging",
                            "name": "staging"
                        },
                        "meta": {},
                        "tainted": false
                    },
                    "deposed": [],
                    "provider": "provider.digitalocean"
                }
            },
            "depends_on": []
        }
    ]
}
