{
    "version": 3,
    "terraform_version": "0.11.7",
    "serial": 23,
    "lineage": "4f835cfa-6927-051e-0c68-b0e3ff3f02c6",
    "modules": [
        {
            "path": [
                "root"
            ],
            "outputs": {},
            "resources": {
                "ansible_host.cockroachdb_server_01_droplet": {
                    "type": "ansible_host",
                    "depends_on": [
                        "digitalocean_droplet.cockroachdb_server_01_droplet"
                    ],
                    "primary": {
                        "id": "cockroachdb-server-01",
                        "attributes": {
                            "groups.#": "5",
                            "groups.0": "staging",
                            "groups.1": "consul-client",
                            "groups.2": "cockroachdb-server",
                            "groups.3": "cockroachdb-master",
                            "groups.4": "primary",
                            "id": "cockroachdb-server-01",
                            "inventory_hostname": "cockroachdb-server-01",
                            "vars.%": "4",
                            "vars.ansible_host": "139.59.144.4",
                            "vars.ansible_python_interpreter": "/usr/bin/python3",
                            "vars.datacenter_name": "fra1",
                            "vars.datacenter_role": "primary"
                        },
                        "meta": {},
                        "tainted": false
                    },
                    "deposed": [],
                    "provider": "provider.ansible"
                },
                "ansible_host.cockroachdb_server_02_droplet": {
                    "type": "ansible_host",
                    "depends_on": [
                        "digitalocean_droplet.cockroachdb_server_02_droplet"
                    ],
                    "primary": {
                        "id": "cockroachdb-server-02",
                        "attributes": {
                            "groups.#": "4",
                            "groups.0": "staging",
                            "groups.1": "consul-client",
                            "groups.2": "cockroachdb-server",
                            "groups.3": "fallback",
                            "id": "cockroachdb-server-02",
                            "inventory_hostname": "cockroachdb-server-02",
                            "vars.%": "4",
                            "vars.ansible_host": "104.248.84.197",
                            "vars.ansible_python_interpreter": "/usr/bin/python3",
                            "vars.datacenter_name": "ams3",
                            "vars.datacenter_role": "fallback"
                        },
                        "meta": {},
                        "tainted": false
                    },
                    "deposed": [],
                    "provider": "provider.ansible"
                },
                "ansible_host.cockroachdb_server_03_droplet": {
                    "type": "ansible_host",
                    "depends_on": [
                        "digitalocean_droplet.cockroachdb_server_03_droplet"
                    ],
                    "primary": {
                        "id": "cockroachdb-server-03",
                        "attributes": {
                            "groups.#": "4",
                            "groups.0": "staging",
                            "groups.1": "consul-client",
                            "groups.2": "cockroachdb-server",
                            "groups.3": "ternary",
                            "id": "cockroachdb-server-03",
                            "inventory_hostname": "cockroachdb-server-03",
                            "vars.%": "4",
                            "vars.ansible_host": "134.209.18.219",
                            "vars.ansible_python_interpreter": "/usr/bin/python3",
                            "vars.datacenter_name": "lon1",
                            "vars.datacenter_role": "ternary"
                        },
                        "meta": {},
                        "tainted": false
                    },
                    "deposed": [],
                    "provider": "provider.ansible"
                },
                "ansible_host.consul_server_01_droplet": {
                    "type": "ansible_host",
                    "depends_on": [
                        "digitalocean_droplet.consul_server_01_droplet"
                    ],
                    "primary": {
                        "id": "consul-server-01",
                        "attributes": {
                            "groups.#": "3",
                            "groups.0": "staging",
                            "groups.1": "consul-server",
                            "groups.2": "primary",
                            "id": "consul-server-01",
                            "inventory_hostname": "consul-server-01",
                            "vars.%": "4",
                            "vars.ansible_host": "157.230.18.73",
                            "vars.ansible_python_interpreter": "/usr/bin/python3",
                            "vars.datacenter_name": "fra1",
                            "vars.datacenter_role": "primary"
                        },
                        "meta": {},
                        "tainted": false
                    },
                    "deposed": [],
                    "provider": "provider.ansible"
                },
                "ansible_host.consul_server_02_droplet": {
                    "type": "ansible_host",
                    "depends_on": [
                        "digitalocean_droplet.consul_server_02_droplet"
                    ],
                    "primary": {
                        "id": "consul-server-02",
                        "attributes": {
                            "groups.#": "3",
                            "groups.0": "staging",
                            "groups.1": "consul-server",
                            "groups.2": "fallback",
                            "id": "consul-server-02",
                            "inventory_hostname": "consul-server-02",
                            "vars.%": "4",
                            "vars.ansible_host": "134.209.204.225",
                            "vars.ansible_python_interpreter": "/usr/bin/python3",
                            "vars.datacenter_name": "ams3",
                            "vars.datacenter_role": "fallback"
                        },
                        "meta": {},
                        "tainted": false
                    },
                    "deposed": [],
                    "provider": "provider.ansible"
                },
                "ansible_host.consul_server_03_droplet": {
                    "type": "ansible_host",
                    "depends_on": [
                        "digitalocean_droplet.consul_server_03_droplet"
                    ],
                    "primary": {
                        "id": "consul-server-03",
                        "attributes": {
                            "groups.#": "3",
                            "groups.0": "staging",
                            "groups.1": "consul-server",
                            "groups.2": "ternary",
                            "id": "consul-server-03",
                            "inventory_hostname": "consul-server-03",
                            "vars.%": "4",
                            "vars.ansible_host": "134.209.31.201",
                            "vars.ansible_python_interpreter": "/usr/bin/python3",
                            "vars.datacenter_name": "lon1",
                            "vars.datacenter_role": "ternary"
                        },
                        "meta": {},
                        "tainted": false
                    },
                    "deposed": [],
                    "provider": "provider.ansible"
                },
                "ansible_host.rabbitmq_server_01_droplet": {
                    "type": "ansible_host",
                    "depends_on": [
                        "digitalocean_droplet.rabbitmq_server_01_droplet"
                    ],
                    "primary": {
                        "id": "rabbitmq-server-01",
                        "attributes": {
                            "groups.#": "4",
                            "groups.0": "staging",
                            "groups.1": "consul-client",
                            "groups.2": "rabbitmq-server",
                            "groups.3": "primary",
                            "id": "rabbitmq-server-01",
                            "inventory_hostname": "rabbitmq-server-01",
                            "vars.%": "4",
                            "vars.ansible_host": "139.59.153.229",
                            "vars.ansible_python_interpreter": "/usr/bin/python3",
                            "vars.datacenter_name": "fra1",
                            "vars.datacenter_role": "primary"
                        },
                        "meta": {},
                        "tainted": false
                    },
                    "deposed": [],
                    "provider": "provider.ansible"
                },
                "ansible_host.rabbitmq_server_02_droplet": {
                    "type": "ansible_host",
                    "depends_on": [
                        "digitalocean_droplet.rabbitmq_server_02_droplet"
                    ],
                    "primary": {
                        "id": "rabbitmq-server-02",
                        "attributes": {
                            "groups.#": "4",
                            "groups.0": "staging",
                            "groups.1": "consul-client",
                            "groups.2": "rabbitmq-server",
                            "groups.3": "fallback",
                            "id": "rabbitmq-server-02",
                            "inventory_hostname": "rabbitmq-server-02",
                            "vars.%": "4",
                            "vars.ansible_host": "134.209.194.40",
                            "vars.ansible_python_interpreter": "/usr/bin/python3",
                            "vars.datacenter_name": "ams3",
                            "vars.datacenter_role": "fallback"
                        },
                        "meta": {},
                        "tainted": false
                    },
                    "deposed": [],
                    "provider": "provider.ansible"
                },
                "ansible_host.rabbitmq_server_03_droplet": {
                    "type": "ansible_host",
                    "depends_on": [
                        "digitalocean_droplet.rabbitmq_server_03_droplet"
                    ],
                    "primary": {
                        "id": "rabbitmq-server-03",
                        "attributes": {
                            "groups.#": "4",
                            "groups.0": "staging",
                            "groups.1": "consul-client",
                            "groups.2": "rabbitmq-server",
                            "groups.3": "ternary",
                            "id": "rabbitmq-server-03",
                            "inventory_hostname": "rabbitmq-server-03",
                            "vars.%": "4",
                            "vars.ansible_host": "134.209.183.236",
                            "vars.ansible_python_interpreter": "/usr/bin/python3",
                            "vars.datacenter_name": "lon1",
                            "vars.datacenter_role": "ternary"
                        },
                        "meta": {},
                        "tainted": false
                    },
                    "deposed": [],
                    "provider": "provider.ansible"
                },
                "digitalocean_droplet.cockroachdb_server_01_droplet": {
                    "type": "digitalocean_droplet",
                    "depends_on": [
                        "digitalocean_tag.cockroachdb_master_role",
                        "digitalocean_tag.cockroachdb_server_role",
                        "digitalocean_tag.consul_client_role",
                        "digitalocean_tag.target_env"
                    ],
                    "primary": {
                        "id": "146986824",
                        "attributes": {
                            "backups": "false",
                            "disk": "30",
                            "id": "146986824",
                            "image": "ubuntu-18-04-x64",
                            "ipv4_address": "139.59.144.4",
                            "ipv4_address_private": "10.135.106.111",
                            "ipv6": "false",
                            "ipv6_address": "",
                            "ipv6_address_private": "",
                            "locked": "false",
                            "memory": "1024",
                            "monitoring": "false",
                            "name": "cockroachdb-server-01",
                            "price_hourly": "0.01488",
                            "price_monthly": "10",
                            "private_networking": "true",
                            "region": "fra1",
                            "resize_disk": "true",
                            "size": "1gb",
                            "ssh_keys.#": "1",
                            "ssh_keys.777555529": "35:a7:84:88:49:af:f2:99:0b:56:bc:e0:a2:b1:1c:4f",
                            "status": "active",
                            "tags.#": "4",
                            "tags.1759618514": "cockroachdb-master",
                            "tags.3176302885": "staging",
                            "tags.483085834": "consul-client",
                            "tags.528864242": "cockroachdb-server",
                            "urn": "do:droplet:146986824",
                            "vcpus": "1",
                            "volume_ids.#": "0"
                        },
                        "meta": {
                            "schema_version": "1"
                        },
                        "tainted": false
                    },
                    "deposed": [],
                    "provider": "provider.digitalocean"
                },
                "digitalocean_droplet.cockroachdb_server_02_droplet": {
                    "type": "digitalocean_droplet",
                    "depends_on": [
                        "digitalocean_tag.cockroachdb_server_role",
                        "digitalocean_tag.consul_client_role",
                        "digitalocean_tag.target_env"
                    ],
                    "primary": {
                        "id": "146986823",
                        "attributes": {
                            "backups": "false",
                            "disk": "30",
                            "id": "146986823",
                            "image": "ubuntu-18-04-x64",
                            "ipv4_address": "104.248.84.197",
                            "ipv4_address_private": "10.133.56.203",
                            "ipv6": "false",
                            "ipv6_address": "",
                            "ipv6_address_private": "",
                            "locked": "false",
                            "memory": "1024",
                            "monitoring": "false",
                            "name": "cockroachdb-server-02",
                            "price_hourly": "0.01488",
                            "price_monthly": "10",
                            "private_networking": "true",
                            "region": "ams3",
                            "resize_disk": "true",
                            "size": "1gb",
                            "ssh_keys.#": "1",
                            "ssh_keys.777555529": "35:a7:84:88:49:af:f2:99:0b:56:bc:e0:a2:b1:1c:4f",
                            "status": "active",
                            "tags.#": "3",
                            "tags.3176302885": "staging",
                            "tags.483085834": "consul-client",
                            "tags.528864242": "cockroachdb-server",
                            "urn": "do:droplet:146986823",
                            "vcpus": "1",
                            "volume_ids.#": "0"
                        },
                        "meta": {
                            "schema_version": "1"
                        },
                        "tainted": false
                    },
                    "deposed": [],
                    "provider": "provider.digitalocean"
                },
                "digitalocean_droplet.cockroachdb_server_03_droplet": {
                    "type": "digitalocean_droplet",
                    "depends_on": [
                        "digitalocean_tag.cockroachdb_server_role",
                        "digitalocean_tag.consul_client_role",
                        "digitalocean_tag.target_env"
                    ],
                    "primary": {
                        "id": "146986829",
                        "attributes": {
                            "backups": "false",
                            "disk": "30",
                            "id": "146986829",
                            "image": "ubuntu-18-04-x64",
                            "ipv4_address": "134.209.18.219",
                            "ipv4_address_private": "10.131.96.47",
                            "ipv6": "false",
                            "ipv6_address": "",
                            "ipv6_address_private": "",
                            "locked": "false",
                            "memory": "1024",
                            "monitoring": "false",
                            "name": "cockroachdb-server-03",
                            "price_hourly": "0.01488",
                            "price_monthly": "10",
                            "private_networking": "true",
                            "region": "lon1",
                            "resize_disk": "true",
                            "size": "1gb",
                            "ssh_keys.#": "1",
                            "ssh_keys.777555529": "35:a7:84:88:49:af:f2:99:0b:56:bc:e0:a2:b1:1c:4f",
                            "status": "active",
                            "tags.#": "3",
                            "tags.3176302885": "staging",
                            "tags.483085834": "consul-client",
                            "tags.528864242": "cockroachdb-server",
                            "urn": "do:droplet:146986829",
                            "vcpus": "1",
                            "volume_ids.#": "0"
                        },
                        "meta": {
                            "schema_version": "1"
                        },
                        "tainted": false
                    },
                    "deposed": [],
                    "provider": "provider.digitalocean"
                },
                "digitalocean_droplet.consul_server_01_droplet": {
                    "type": "digitalocean_droplet",
                    "depends_on": [
                        "digitalocean_tag.consul_server_role",
                        "digitalocean_tag.target_env"
                    ],
                    "primary": {
                        "id": "146986825",
                        "attributes": {
                            "backups": "false",
                            "disk": "30",
                            "id": "146986825",
                            "image": "ubuntu-18-04-x64",
                            "ipv4_address": "157.230.18.73",
                            "ipv4_address_private": "10.135.105.240",
                            "ipv6": "false",
                            "ipv6_address": "",
                            "ipv6_address_private": "",
                            "locked": "false",
                            "memory": "1024",
                            "monitoring": "false",
                            "name": "consul-server-01",
                            "price_hourly": "0.01488",
                            "price_monthly": "10",
                            "private_networking": "true",
                            "region": "fra1",
                            "resize_disk": "true",
                            "size": "1gb",
                            "ssh_keys.#": "1",
                            "ssh_keys.777555529": "35:a7:84:88:49:af:f2:99:0b:56:bc:e0:a2:b1:1c:4f",
                            "status": "active",
                            "tags.#": "2",
                            "tags.2179112873": "consul-server",
                            "tags.3176302885": "staging",
                            "urn": "do:droplet:146986825",
                            "vcpus": "1",
                            "volume_ids.#": "0"
                        },
                        "meta": {
                            "schema_version": "1"
                        },
                        "tainted": false
                    },
                    "deposed": [],
                    "provider": "provider.digitalocean"
                },
                "digitalocean_droplet.consul_server_02_droplet": {
                    "type": "digitalocean_droplet",
                    "depends_on": [
                        "digitalocean_tag.consul_server_role",
                        "digitalocean_tag.target_env"
                    ],
                    "primary": {
                        "id": "146986827",
                        "attributes": {
                            "backups": "false",
                            "disk": "30",
                            "id": "146986827",
                            "image": "ubuntu-18-04-x64",
                            "ipv4_address": "134.209.204.225",
                            "ipv4_address_private": "10.133.91.22",
                            "ipv6": "false",
                            "ipv6_address": "",
                            "ipv6_address_private": "",
                            "locked": "false",
                            "memory": "1024",
                            "monitoring": "false",
                            "name": "consul-server-02",
                            "price_hourly": "0.01488",
                            "price_monthly": "10",
                            "private_networking": "true",
                            "region": "ams3",
                            "resize_disk": "true",
                            "size": "1gb",
                            "ssh_keys.#": "1",
                            "ssh_keys.777555529": "35:a7:84:88:49:af:f2:99:0b:56:bc:e0:a2:b1:1c:4f",
                            "status": "active",
                            "tags.#": "2",
                            "tags.2179112873": "consul-server",
                            "tags.3176302885": "staging",
                            "urn": "do:droplet:146986827",
                            "vcpus": "1",
                            "volume_ids.#": "0"
                        },
                        "meta": {
                            "schema_version": "1"
                        },
                        "tainted": false
                    },
                    "deposed": [],
                    "provider": "provider.digitalocean"
                },
                "digitalocean_droplet.consul_server_03_droplet": {
                    "type": "digitalocean_droplet",
                    "depends_on": [
                        "digitalocean_tag.consul_server_role",
                        "digitalocean_tag.target_env"
                    ],
                    "primary": {
                        "id": "146986822",
                        "attributes": {
                            "backups": "false",
                            "disk": "30",
                            "id": "146986822",
                            "image": "ubuntu-18-04-x64",
                            "ipv4_address": "134.209.31.201",
                            "ipv4_address_private": "10.131.80.57",
                            "ipv6": "false",
                            "ipv6_address": "",
                            "ipv6_address_private": "",
                            "locked": "false",
                            "memory": "1024",
                            "monitoring": "false",
                            "name": "consul-server-03",
                            "price_hourly": "0.01488",
                            "price_monthly": "10",
                            "private_networking": "true",
                            "region": "lon1",
                            "resize_disk": "true",
                            "size": "1gb",
                            "ssh_keys.#": "1",
                            "ssh_keys.777555529": "35:a7:84:88:49:af:f2:99:0b:56:bc:e0:a2:b1:1c:4f",
                            "status": "active",
                            "tags.#": "2",
                            "tags.2179112873": "consul-server",
                            "tags.3176302885": "staging",
                            "urn": "do:droplet:146986822",
                            "vcpus": "1",
                            "volume_ids.#": "0"
                        },
                        "meta": {
                            "schema_version": "1"
                        },
                        "tainted": false
                    },
                    "deposed": [],
                    "provider": "provider.digitalocean"
                },
                "digitalocean_droplet.rabbitmq_server_01_droplet": {
                    "type": "digitalocean_droplet",
                    "depends_on": [
                        "digitalocean_tag.consul_client_role",
                        "digitalocean_tag.rabbitmq_server_role",
                        "digitalocean_tag.target_env"
                    ],
                    "primary": {
                        "id": "146986828",
                        "attributes": {
                            "backups": "false",
                            "disk": "30",
                            "id": "146986828",
                            "image": "ubuntu-18-04-x64",
                            "ipv4_address": "139.59.153.229",
                            "ipv4_address_private": "10.135.109.90",
                            "ipv6": "false",
                            "ipv6_address": "",
                            "ipv6_address_private": "",
                            "locked": "false",
                            "memory": "1024",
                            "monitoring": "false",
                            "name": "rabbitmq-server-01",
                            "price_hourly": "0.01488",
                            "price_monthly": "10",
                            "private_networking": "true",
                            "region": "fra1",
                            "resize_disk": "true",
                            "size": "1gb",
                            "ssh_keys.#": "1",
                            "ssh_keys.777555529": "35:a7:84:88:49:af:f2:99:0b:56:bc:e0:a2:b1:1c:4f",
                            "status": "active",
                            "tags.#": "3",
                            "tags.2654326188": "rabbitmq-server",
                            "tags.3176302885": "staging",
                            "tags.483085834": "consul-client",
                            "urn": "do:droplet:146986828",
                            "vcpus": "1",
                            "volume_ids.#": "0"
                        },
                        "meta": {
                            "schema_version": "1"
                        },
                        "tainted": false
                    },
                    "deposed": [],
                    "provider": "provider.digitalocean"
                },
                "digitalocean_droplet.rabbitmq_server_02_droplet": {
                    "type": "digitalocean_droplet",
                    "depends_on": [
                        "digitalocean_tag.consul_client_role",
                        "digitalocean_tag.rabbitmq_server_role",
                        "digitalocean_tag.target_env"
                    ],
                    "primary": {
                        "id": "146986826",
                        "attributes": {
                            "backups": "false",
                            "disk": "30",
                            "id": "146986826",
                            "image": "ubuntu-18-04-x64",
                            "ipv4_address": "134.209.194.40",
                            "ipv4_address_private": "10.133.86.88",
                            "ipv6": "false",
                            "ipv6_address": "",
                            "ipv6_address_private": "",
                            "locked": "false",
                            "memory": "1024",
                            "monitoring": "false",
                            "name": "rabbitmq-server-02",
                            "price_hourly": "0.01488",
                            "price_monthly": "10",
                            "private_networking": "true",
                            "region": "ams3",
                            "resize_disk": "true",
                            "size": "1gb",
                            "ssh_keys.#": "1",
                            "ssh_keys.777555529": "35:a7:84:88:49:af:f2:99:0b:56:bc:e0:a2:b1:1c:4f",
                            "status": "active",
                            "tags.#": "3",
                            "tags.2654326188": "rabbitmq-server",
                            "tags.3176302885": "staging",
                            "tags.483085834": "consul-client",
                            "urn": "do:droplet:146986826",
                            "vcpus": "1",
                            "volume_ids.#": "0"
                        },
                        "meta": {
                            "schema_version": "1"
                        },
                        "tainted": false
                    },
                    "deposed": [],
                    "provider": "provider.digitalocean"
                },
                "digitalocean_droplet.rabbitmq_server_03_droplet": {
                    "type": "digitalocean_droplet",
                    "depends_on": [
                        "digitalocean_tag.consul_client_role",
                        "digitalocean_tag.rabbitmq_server_role",
                        "digitalocean_tag.target_env"
                    ],
                    "primary": {
                        "id": "146986821",
                        "attributes": {
                            "backups": "false",
                            "disk": "30",
                            "id": "146986821",
                            "image": "ubuntu-18-04-x64",
                            "ipv4_address": "134.209.183.236",
                            "ipv4_address_private": "10.131.87.52",
                            "ipv6": "false",
                            "ipv6_address": "",
                            "ipv6_address_private": "",
                            "locked": "false",
                            "memory": "1024",
                            "monitoring": "false",
                            "name": "rabbitmq-server-03",
                            "price_hourly": "0.01488",
                            "price_monthly": "10",
                            "private_networking": "true",
                            "region": "lon1",
                            "resize_disk": "true",
                            "size": "1gb",
                            "ssh_keys.#": "1",
                            "ssh_keys.777555529": "35:a7:84:88:49:af:f2:99:0b:56:bc:e0:a2:b1:1c:4f",
                            "status": "active",
                            "tags.#": "3",
                            "tags.2654326188": "rabbitmq-server",
                            "tags.3176302885": "staging",
                            "tags.483085834": "consul-client",
                            "urn": "do:droplet:146986821",
                            "vcpus": "1",
                            "volume_ids.#": "0"
                        },
                        "meta": {
                            "schema_version": "1"
                        },
                        "tainted": false
                    },
                    "deposed": [],
                    "provider": "provider.digitalocean"
                },
                "digitalocean_tag.cockroachdb_master_role": {
                    "type": "digitalocean_tag",
                    "depends_on": [],
                    "primary": {
                        "id": "cockroachdb-master",
                        "attributes": {
                            "id": "cockroachdb-master",
                            "name": "cockroachdb-master"
                        },
                        "meta": {},
                        "tainted": false
                    },
                    "deposed": [],
                    "provider": "provider.digitalocean"
                },
                "digitalocean_tag.cockroachdb_server_role": {
                    "type": "digitalocean_tag",
                    "depends_on": [],
                    "primary": {
                        "id": "cockroachdb-server",
                        "attributes": {
                            "id": "cockroachdb-server",
                            "name": "cockroachdb-server"
                        },
                        "meta": {},
                        "tainted": false
                    },
                    "deposed": [],
                    "provider": "provider.digitalocean"
                },
                "digitalocean_tag.consul_client_role": {
                    "type": "digitalocean_tag",
                    "depends_on": [],
                    "primary": {
                        "id": "consul-client",
                        "attributes": {
                            "id": "consul-client",
                            "name": "consul-client"
                        },
                        "meta": {},
                        "tainted": false
                    },
                    "deposed": [],
                    "provider": "provider.digitalocean"
                },
                "digitalocean_tag.consul_server_role": {
                    "type": "digitalocean_tag",
                    "depends_on": [],
                    "primary": {
                        "id": "consul-server",
                        "attributes": {
                            "id": "consul-server",
                            "name": "consul-server"
                        },
                        "meta": {},
                        "tainted": false
                    },
                    "deposed": [],
                    "provider": "provider.digitalocean"
                },
                "digitalocean_tag.rabbitmq_server_role": {
                    "type": "digitalocean_tag",
                    "depends_on": [],
                    "primary": {
                        "id": "rabbitmq-server",
                        "attributes": {
                            "id": "rabbitmq-server",
                            "name": "rabbitmq-server"
                        },
                        "meta": {},
                        "tainted": false
                    },
                    "deposed": [],
                    "provider": "provider.digitalocean"
                },
                "digitalocean_tag.target_env": {
                    "type": "digitalocean_tag",
                    "depends_on": [],
                    "primary": {
                        "id": "staging",
                        "attributes": {
                            "id": "staging",
                            "name": "staging"
                        },
                        "meta": {},
                        "tainted": false
                    },
                    "deposed": [],
                    "provider": "provider.digitalocean"
                }
            },
            "depends_on": []
        }
    ]
}
